{
    "format_version": "1.0",
    "provider_schemas": {
        "registry.terraform.io/hashicorp/local": {
            "provider": {
                "version": 0,
                "block": {
                    "description_kind": "plain"
                }
            },
            "resource_schemas": {
                "local_file": {
                    "version": 0,
                    "block": {
                        "attributes": {
                            "content": {
                                "type": "string",
                                "description": "Content to store in the file, expected to be a UTF-8 encoded string.\n Conflicts with `sensitive_content`, `content_base64` and `source`.\n Exactly one of these four arguments must be specified.",
                                "description_kind": "plain",
                                "optional": true
                            },
                            "content_base64": {
                                "type": "string",
                                "description": "Content to store in the file, expected to be binary encoded as base64 string.\n Conflicts with `content`, `sensitive_content` and `source`.\n Exactly one of these four arguments must be specified.",
                                "description_kind": "plain",
                                "optional": true
                            },
                            "content_base64sha256": {
                                "type": "string",
                                "description": "Base64 encoded SHA256 checksum of file content.",
                                "description_kind": "plain",
                                "computed": true
                            },
                            "content_base64sha512": {
                                "type": "string",
                                "description": "Base64 encoded SHA512 checksum of file content.",
                                "description_kind": "plain",
                                "computed": true
                            },
                            "content_md5": {
                                "type": "string",
                                "description": "MD5 checksum of file content.",
                                "description_kind": "plain",
                                "computed": true
                            },
                            "content_sha1": {
                                "type": "string",
                                "description": "SHA1 checksum of file content.",
                                "description_kind": "plain",
                                "computed": true
                            },
                            "content_sha256": {
                                "type": "string",
                                "description": "SHA256 checksum of file content.",
                                "description_kind": "plain",
                                "computed": true
                            },
                            "content_sha512": {
                                "type": "string",
                                "description": "SHA512 checksum of file content.",
                                "description_kind": "plain",
                                "computed": true
                            },
                            "directory_permission": {
                                "type": "string",
                                "description": "Permissions to set for directories created (before umask), expressed as string in\n [numeric notation](https://en.wikipedia.org/wiki/File-system_permissions#Numeric_notation).\n Default value is `\"0777\"`.",
                                "description_kind": "plain",
                                "optional": true,
                                "computed": true
                            },
                            "file_permission": {
                                "type": "string",
                                "description": "Permissions to set for the output file (before umask), expressed as string in\n [numeric notation](https://en.wikipedia.org/wiki/File-system_permissions#Numeric_notation).\n Default value is `\"0777\"`.",
                                "description_kind": "plain",
                                "optional": true,
                                "computed": true
                            },
                            "filename": {
                                "type": "string",
                                "description": "The path to the file that will be created.\n Missing parent directories will be created.\n If the file already exists, it will be overridden with the given content.",
                                "description_kind": "plain",
                                "required": true
                            },
                            "id": {
                                "type": "string",
                                "description": "The hexadecimal encoding of the SHA1 checksum of the file content.",
                                "description_kind": "plain",
                                "computed": true
                            },
                            "sensitive_content": {
                                "type": "string",
                                "description": "Sensitive content to store in the file, expected to be an UTF-8 encoded string.\n Will not be displayed in diffs.\n Conflicts with `content`, `content_base64` and `source`.\n Exactly one of these four arguments must be specified.\n If in need to use _sensitive_ content, please use the [`local_sensitive_file`](./sensitive_file.html)\n resource instead.",
                                "description_kind": "plain",
                                "deprecated": true,
                                "deprecation_message": "Use the `local_sensitive_file` resource instead",
                                "optional": true,
                                "sensitive": true
                            },
                            "source": {
                                "type": "string",
                                "description": "Path to file to use as source for the one we are creating.\n Conflicts with `content`, `sensitive_content` and `content_base64`.\n Exactly one of these four arguments must be specified.",
                                "description_kind": "plain",
                                "optional": true
                            }
                        },
                        "description": "Generates a local file with the given content.",
                        "description_kind": "plain"
                    }
                },
                "local_sensitive_file": {
                    "version": 0,
                    "block": {
                        "attributes": {
                            "content": {
                                "type": "string",
                                "description": "Sensitive Content to store in the file, expected to be a UTF-8 encoded string.\n Conflicts with `content_base64` and `source`.\n Exactly one of these three arguments must be specified.",
                                "description_kind": "plain",
                                "optional": true,
                                "sensitive": true
                            },
                            "content_base64": {
                                "type": "string",
                                "description": "Sensitive Content to store in the file, expected to be binary encoded as base64 string.\n Conflicts with `content` and `source`.\n Exactly one of these three arguments must be specified.",
                                "description_kind": "plain",
                                "optional": true,
                                "sensitive": true
                            },
                            "content_base64sha256": {
                                "type": "string",
                                "description": "Base64 encoded SHA256 checksum of file content.",
                                "description_kind": "plain",
                                "computed": true
                            },
                            "content_base64sha512": {
                                "type": "string",
                                "description": "Base64 encoded SHA512 checksum of file content.",
                                "description_kind": "plain",
                                "computed": true
                            },
                            "content_md5": {
                                "type": "string",
                                "description": "MD5 checksum of file content.",
                                "description_kind": "plain",
                                "computed": true
                            },
                            "content_sha1": {
                                "type": "string",
                                "description": "SHA1 checksum of file content.",
                                "description_kind": "plain",
                                "computed": true
                            },
                            "content_sha256": {
                                "type": "string",
                                "description": "SHA256 checksum of file content.",
                                "description_kind": "plain",
                                "computed": true
                            },
                            "content_sha512": {
                                "type": "string",
                                "description": "SHA512 checksum of file content.",
                                "description_kind": "plain",
                                "computed": true
                            },
                            "directory_permission": {
                                "type": "string",
                                "description": "Permissions to set for directories created (before umask), expressed as string in\n [numeric notation](https://en.wikipedia.org/wiki/File-system_permissions#Numeric_notation).\n Default value is `\"0700\"`.",
                                "description_kind": "plain",
                                "optional": true,
                                "computed": true
                            },
                            "file_permission": {
                                "type": "string",
                                "description": "Permissions to set for the output file (before umask), expressed as string in\n [numeric notation](https://en.wikipedia.org/wiki/File-system_permissions#Numeric_notation).\n Default value is `\"0700\"`.",
                                "description_kind": "plain",
                                "optional": true,
                                "computed": true
                            },
                            "filename": {
                                "type": "string",
                                "description": "The path to the file that will be created.\n Missing parent directories will be created.\n If the file already exists, it will be overridden with the given content.",
                                "description_kind": "plain",
                                "required": true
                            },
                            "id": {
                                "type": "string",
                                "description": "The hexadecimal encoding of the SHA1 checksum of the file content.",
                                "description_kind": "plain",
                                "computed": true
                            },
                            "source": {
                                "type": "string",
                                "description": "Path to file to use as source for the one we are creating.\n Conflicts with `content` and `content_base64`.\n Exactly one of these three arguments must be specified.",
                                "description_kind": "plain",
                                "optional": true
                            }
                        },
                        "description": "Generates a local file with the given sensitive content.",
                        "description_kind": "plain"
                    }
                }
            },
            "data_source_schemas": {
                "local_command": {
                    "version": 0,
                    "block": {
                        "attributes": {
                            "allow_non_zero_exit_code": {
                                "type": "bool",
                                "description": "Indicates that the command returning a non-zero exit code should be treated as a successful execution. Further assertions can be made of the `exit_code` value with the [`check` block](https://developer.hashicorp.com/terraform/language/block/check). Defaults to false.",
                                "description_kind": "markdown",
                                "optional": true
                            },
                            "arguments": {
                                "type": [
                                    "list",
                                    "string"
                                ],
                                "description": "Arguments to be passed to the given command. Any `null` arguments will be removed from the list.",
                                "description_kind": "markdown",
                                "optional": true
                            },
                            "command": {
                                "type": "string",
                                "description": "Executable name to be discovered on the PATH or absolute path to executable.",
                                "description_kind": "plain",
                                "required": true
                            },
                            "exit_code": {
                                "type": "number",
                                "description": "The exit code returned by the command. By default, if the exit code is non-zero, the data source will return a diagnostic to Terraform. If a non-zero exit code is expected by the command, set `allow_non_zero_exit_code` to `true`.",
                                "description_kind": "markdown",
                                "computed": true
                            },
                            "stderr": {
                                "type": "string",
                                "description": "Data returned from the command's standard error stream. The data is returned directly from the command as a UTF-8 string and will be populated regardless of the exit code returned.",
                                "description_kind": "plain",
                                "computed": true
                            },
                            "stdin": {
                                "type": "string",
                                "description": "Data to be passed to the given command's standard input as a UTF-8 string. [Terraform values](https://developer.hashicorp.com/terraform/language/expressions/types) can be encoded by any Terraform encode function, for example, [`jsonencode`](https://developer.hashicorp.com/terraform/language/functions/jsonencode).",
                                "description_kind": "markdown",
                                "optional": true
                            },
                            "stdout": {
                                "type": "string",
                                "description": "Data returned from the command's standard output stream. The data is returned directly from the command as a UTF-8 string, which can then be decoded by any Terraform decode function, for example, [`jsondecode`](https://developer.hashicorp.com/terraform/language/functions/jsondecode).",
                                "description_kind": "markdown",
                                "computed": true
                            },
                            "working_directory": {
                                "type": "string",
                                "description": "The directory path where the command should be executed, either an absolute path or relative to the Terraform working directory. If not provided, defaults to the Terraform working directory.",
                                "description_kind": "plain",
                                "optional": true
                            }
                        },
                        "description": "Runs an executable on the local machine and returns the exit code, standard output data (`stdout`), and standard error data (`stderr`). All environment variables visible to the Terraform process are passed through to the child process. Both `stdout` and `stderr` returned by this data source are UTF-8 strings, which can be decoded into [Terraform values](https://developer.hashicorp.com/terraform/language/expressions/types) for use elsewhere in the Terraform configuration. There are built-in decoding functions such as [`jsondecode`](https://developer.hashicorp.com/terraform/language/functions/jsondecode) or [`yamldecode`](https://developer.hashicorp.com/terraform/language/functions/yamldecode), and more specialized [decoding functions](https://developer.hashicorp.com/terraform/plugin/framework/functions/concepts) can be built with a Terraform provider.\n\nAny non-zero exit code returned by the command will be treated as an error and will return a diagnostic to Terraform containing the `stderr` message if available. If a non-zero exit code is expected by the command, set `allow_non_zero_exit_code` to `true`.\n\n~\u003e **Warning** This mechanism is provided as an \"escape hatch\" for exceptional situations where a first-class Terraform provider is not more appropriate. Its capabilities are limited in comparison to a true data source, and implementing a data source via a local executable is likely to hurt the portability of your Terraform configuration by creating dependencies on external programs and libraries that may not be available (or may need to be used differently) on different operating systems.\n\n~\u003e **Warning** HCP Terraform and Terraform Enterprise do not guarantee availability of any particular language runtimes or external programs beyond standard shell utilities, so it is not recommended to use this data source within configurations that are applied within either.",
                        "description_kind": "markdown"
                    }
                },
                "local_file": {
                    "version": 0,
                    "block": {
                        "attributes": {
                            "content": {
                                "type": "string",
                                "description": "Raw content of the file that was read, as UTF-8 encoded string. Files that do not contain UTF-8 text will have invalid UTF-8 sequences in `content`\n  replaced with the Unicode replacement character. ",
                                "description_kind": "plain",
                                "computed": true
                            },
                            "content_base64": {
                                "type": "string",
                                "description": "Base64 encoded version of the file content (use this when dealing with binary data).",
                                "description_kind": "plain",
                                "computed": true
                            },
                            "content_base64sha256": {
                                "type": "string",
                                "description": "Base64 encoded SHA256 checksum of file content.",
                                "description_kind": "plain",
                                "computed": true
                            },
                            "content_base64sha512": {
                                "type": "string",
                                "description": "Base64 encoded SHA512 checksum of file content.",
                                "description_kind": "plain",
                                "computed": true
                            },
                            "content_md5": {
                                "type": "string",
                                "description": "MD5 checksum of file content.",
                                "description_kind": "plain",
                                "computed": true
                            },
                            "content_sha1": {
                                "type": "string",
                                "description": "SHA1 checksum of file content.",
                                "description_kind": "plain",
                                "computed": true
                            },
                            "content_sha256": {
                                "type": "string",
                                "description": "SHA256 checksum of file content.",
                                "description_kind": "plain",
                                "computed": true
                            },
                            "content_sha512": {
                                "type": "string",
                                "description": "SHA512 checksum of file content.",
                                "description_kind": "plain",
                                "computed": true
                            },
                            "filename": {
                                "type": "string",
                                "description": "Path to the file that will be read. The data source will return an error if the file does not exist.",
                                "description_kind": "plain",
                                "required": true
                            },
                            "id": {
                                "type": "string",
                                "description": "The hexadecimal encoding of the SHA1 checksum of the file content.",
                                "description_kind": "plain",
                                "computed": true
                            }
                        },
                        "description": "Reads a file from the local filesystem.",
                        "description_kind": "plain"
                    }
                },
                "local_sensitive_file": {
                    "version": 0,
                    "block": {
                        "attributes": {
                            "content": {
                                "type": "string",
                                "description": "Raw content of the file that was read, as UTF-8 encoded string. Files that do not contain UTF-8 text will have invalid UTF-8 sequences in `content`\n  replaced with the Unicode replacement character.",
                                "description_kind": "plain",
                                "computed": true,
                                "sensitive": true
                            },
                            "content_base64": {
                                "type": "string",
                                "description": "Base64 encoded version of the file content (use this when dealing with binary data).",
                                "description_kind": "plain",
                                "computed": true,
                                "sensitive": true
                            },
                            "content_base64sha256": {
                                "type": "string",
                                "description": "Base64 encoded SHA256 checksum of file content.",
                                "description_kind": "plain",
                                "computed": true
                            },
                            "content_base64sha512": {
                                "type": "string",
                                "description": "Base64 encoded SHA512 checksum of file content.",
                                "description_kind": "plain",
                                "computed": true
                            },
                            "content_md5": {
                                "type": "string",
                                "description": "MD5 checksum of file content.",
                                "description_kind": "plain",
                                "computed": true
                            },
                            "content_sha1": {
                                "type": "string",
                                "description": "SHA1 checksum of file content.",
                                "description_kind": "plain",
                                "computed": true
                            },
                            "content_sha256": {
                                "type": "string",
                                "description": "SHA256 checksum of file content.",
                                "description_kind": "plain",
                                "computed": true
                            },
                            "content_sha512": {
                                "type": "string",
                                "description": "SHA512 checksum of file content.",
                                "description_kind": "plain",
                                "computed": true
                            },
                            "filename": {
                                "type": "string",
                                "description": "Path to the file that will be read. The data source will return an error if the file does not exist.",
                                "description_kind": "plain",
                                "required": true
                            },
                            "id": {
                                "type": "string",
                                "description": "The hexadecimal encoding of the SHA1 checksum of the file content.",
                                "description_kind": "plain",
                                "computed": true
                            }
                        },
                        "description": "Reads a file that contains sensitive data, from the local filesystem.",
                        "description_kind": "plain"
                    }
                }
            },
            "ephemeral_resource_schemas": {
                "local_command": {
                    "version": 0,
                    "block": {
                        "attributes": {
                            "allow_non_zero_exit_code": {
                                "type": "bool",
                                "description": "Indicates that the command returning a non-zero exit code should be treated as a successful execution. Further assertions can be made of the `exit_code` value with the [`check` block](https://developer.hashicorp.com/terraform/language/block/check). Defaults to false.",
                                "description_kind": "markdown",
                                "optional": true
                            },
                            "arguments": {
                                "type": [
                                    "list",
                                    "string"
                                ],
                                "description": "Arguments to be passed to the given command. Any `null` arguments will be removed from the list.",
                                "description_kind": "markdown",
                                "optional": true
                            },
                            "command": {
                                "type": "string",
                                "description": "Executable name to be discovered on the PATH or absolute path to executable.",
                                "description_kind": "plain",
                                "required": true
                            },
                            "exit_code": {
                                "type": "number",
                                "description": "The exit code returned by the command. By default, if the exit code is non-zero, the ephemeral resource will return a diagnostic to Terraform. If a non-zero exit code is expected by the command, set `allow_non_zero_exit_code` to `true`.",
                                "description_kind": "markdown",
                                "computed": true
                            },
                            "stderr": {
                                "type": "string",
                                "description": "Data returned from the command's standard error stream. The data is returned directly from the command as a UTF-8 string and will be populated regardless of the exit code returned.",
                                "description_kind": "plain",
                                "computed": true
                            },
                            "stdin": {
                                "type": "string",
                                "description": "Data to be passed to the given command's standard input as a UTF-8 string. [Terraform values](https://developer.hashicorp.com/terraform/language/expressions/types) can be encoded by any Terraform encode function, for example, [`jsonencode`](https://developer.hashicorp.com/terraform/language/functions/jsonencode).",
                                "description_kind": "markdown",
                                "optional": true
                            },
                            "stdout": {
                                "type": "string",
                                "description": "Data returned from the command's standard output stream. The data is returned directly from the command as a UTF-8 string, which can then be decoded by any Terraform decode function, for example, [`jsondecode`](https://developer.hashicorp.com/terraform/language/functions/jsondecode).",
                                "description_kind": "markdown",
                                "computed": true
                            },
                            "working_directory": {
                                "type": "string",
                                "description": "The directory path where the command should be executed, either an absolute path or relative to the Terraform working directory. If not provided, defaults to the Terraform working directory.",
                                "description_kind": "plain",
                                "optional": true
                            }
                        },
                        "description": "Runs an executable on the local machine and returns the exit code, standard output data (`stdout`), and standard error data (`stderr`). All environment variables visible to the Terraform process are passed through to the child process. Both `stdout` and `stderr` returned by this ephemeral resource are UTF-8 strings, which can be decoded into [Terraform values](https://developer.hashicorp.com/terraform/language/expressions/types) for use elsewhere in the Terraform configuration. There are built-in decoding functions such as [`jsondecode`](https://developer.hashicorp.com/terraform/language/functions/jsondecode) or [`yamldecode`](https://developer.hashicorp.com/terraform/language/functions/yamldecode), and more specialized [decoding functions](https://developer.hashicorp.com/terraform/plugin/framework/functions/concepts) can be built with a Terraform provider.\n\nAny non-zero exit code returned by the command will be treated as an error and will return a diagnostic to Terraform containing the `stderr` message if available. If a non-zero exit code is expected by the command, set `allow_non_zero_exit_code` to `true`.\n\n~\u003e **Warning** This mechanism is provided as an \"escape hatch\" for exceptional situations where a first-class Terraform provider is not more appropriate. Its capabilities are limited in comparison to a true ephemeral resource, and implementing an ephemeral resource via a local executable is likely to hurt the portability of your Terraform configuration by creating dependencies on external programs and libraries that may not be available (or may need to be used differently) on different operating systems.\n\n~\u003e **Warning** HCP Terraform and Terraform Enterprise do not guarantee availability of any particular language runtimes or external programs beyond standard shell utilities, so it is not recommended to use this ephemeral resource within configurations that are applied within either.",
                        "description_kind": "markdown"
                    }
                }
            },
            "functions": {
                "direxists": {
                    "description": "Given a path string, will return true if the directory exists. This function works only with directories. If used with a file, the function will return an error.\n\nThis function behaves similar to the built-in [`fileexists`](https://developer.hashicorp.com/terraform/language/functions/fileexists) function, however, `direxists` will not replace filesystem paths including `~` with the current user's home directory path. This functionality can be achieved by using the built-in [`pathexpand`](https://developer.hashicorp.com/terraform/language/functions/pathexpand) function with `direxists`, see example below.",
                    "summary": "Determines whether a directory exists at a given path.",
                    "return_type": "bool",
                    "parameters": [
                        {
                            "name": "path",
                            "description": "Relative or absolute path to check for the existence of a directory",
                            "type": "string"
                        }
                    ]
                }
            },
            "action_schemas": {
                "local_command": {
                    "block": {
                        "attributes": {
                            "arguments": {
                                "type": [
                                    "list",
                                    "string"
                                ],
                                "description": "Arguments to be passed to the given command. Any `null` arguments will be removed from the list.",
                                "description_kind": "markdown",
                                "optional": true
                            },
                            "command": {
                                "type": "string",
                                "description": "Executable name to be discovered on the PATH or absolute path to executable.",
                                "description_kind": "plain",
                                "required": true
                            },
                            "environment": {
                                "type": [
                                    "map",
                                    "string"
                                ],
                                "description": "Environment variables to set for the command. These are merged with the environment variables inherited from the Terraform process, with these values taking precedence.",
                                "description_kind": "plain",
                                "optional": true
                            },
                            "stdin": {
                                "type": "string",
                                "description": "Data to be passed to the given command's standard input.",
                                "description_kind": "plain",
                                "optional": true
                            },
                            "working_directory": {
                                "type": "string",
                                "description": "The directory path where the command should be executed, either an absolute path or relative to the Terraform working directory. If not provided, defaults to the Terraform working directory.",
                                "description_kind": "plain",
                                "optional": true
                            }
                        },
                        "description": "Invokes an executable on the local machine. All environment variables visible to the Terraform process are passed through to the child process. Additional environment variables can be explicitly set via the `environment` attribute; these are merged on top of the inherited environment, with the provided values taking precedence. After the child process successfully executes, the `stdout` will be returned for Terraform to display to the user.\n\nAny non-zero exit code will be treated as an error and will return a diagnostic to Terraform containing the `stderr` message if available.",
                        "description_kind": "markdown"
                    }
                }
            }
        },
        "registry.terraform.io/hashicorp/tls": {
            "provider": {
                "version": 0,
                "block": {
                    "block_types": {
                        "proxy": {
                            "nesting_mode": "list",
                            "block": {
                                "attributes": {
                                    "from_env": {
                                        "type": "bool",
                                        "description": "When `true` the provider will discover the proxy configuration from environment variables. This is based upon [`http.ProxyFromEnvironment`](https://pkg.go.dev/net/http#ProxyFromEnvironment) and it supports the same environment variables (default: `true`).",
                                        "description_kind": "markdown",
                                        "optional": true
                                    },
                                    "password": {
                                        "type": "string",
                                        "description": "Password used for Basic authentication against the Proxy.",
                                        "description_kind": "markdown",
                                        "optional": true,
                                        "sensitive": true
                                    },
                                    "url": {
                                        "type": "string",
                                        "description": "URL used to connect to the Proxy. Accepted schemes are: `http`, `https`, `socks5`. ",
                                        "description_kind": "markdown",
                                        "optional": true
                                    },
                                    "username": {
                                        "type": "string",
                                        "description": "Username (or Token) used for Basic authentication against the Proxy.",
                                        "description_kind": "markdown",
                                        "optional": true
                                    }
                                },
                                "description": "Proxy used by resources and data sources that connect to external endpoints.",
                                "description_kind": "markdown"
                            }
                        }
                    },
                    "description": "Provider configuration",
                    "description_kind": "markdown"
                }
            },
            "resource_schemas": {
                "tls_cert_request": {
                    "version": 0,
                    "block": {
                        "attributes": {
                            "cert_request_pem": {
                                "type": "string",
                                "description": "The certificate request data in [PEM (RFC 1421)](https://datatracker.ietf.org/doc/html/rfc1421) format. **NOTE**: the [underlying](https://pkg.go.dev/encoding/pem#Encode) [libraries](https://pkg.go.dev/golang.org/x/crypto/ssh#MarshalAuthorizedKey) that generate this value append a `\\n` at the end of the PEM. In case this disrupts your use case, we recommend using [`trimspace()`](https://www.terraform.io/language/functions/trimspace).",
                                "description_kind": "plain",
                                "computed": true
                            },
                            "dns_names": {
                                "type": [
                                    "list",
                                    "string"
                                ],
                                "description": "List of DNS names for which a certificate is being requested (i.e. certificate subjects).",
                                "description_kind": "plain",
                                "optional": true
                            },
                            "id": {
                                "type": "string",
                                "description": "Unique identifier for this resource: hexadecimal representation of the SHA1 checksum of the resource.",
                                "description_kind": "plain",
                                "computed": true
                            },
                            "ip_addresses": {
                                "type": [
                                    "list",
                                    "string"
                                ],
                                "description": "List of IP addresses for which a certificate is being requested (i.e. certificate subjects).",
                                "description_kind": "plain",
                                "optional": true
                            },
                            "key_algorithm": {
                                "type": "string",
                                "description": "Name of the algorithm used when generating the private key provided in `private_key_pem`. ",
                                "description_kind": "plain",
                                "computed": true
                            },
                            "private_key_pem": {
                                "type": "string",
                                "description": "Private key in [PEM (RFC 1421)](https://datatracker.ietf.org/doc/html/rfc1421) format, that the certificate will belong to. This can be read from a separate file using the [`file`](https://www.terraform.io/language/functions/file) interpolation function.",
                                "description_kind": "plain",
                                "required": true,
                                "sensitive": true
                            },
                            "uris": {
                                "type": [
                                    "list",
                                    "string"
                                ],
                                "description": "List of URIs for which a certificate is being requested (i.e. certificate subjects).",
                                "description_kind": "plain",
                                "optional": true
                            }
                        },
                        "block_types": {
                            "subject": {
                                "nesting_mode": "list",
                                "block": {
                                    "attributes": {
                                        "common_name": {
                                            "type": "string",
                                            "description": "Distinguished name: `CN`",
                                            "description_kind": "plain",
                                            "optional": true
                                        },
                                        "country": {
                                            "type": "string",
                                            "description": "Distinguished name: `C`",
                                            "description_kind": "plain",
                                            "optional": true
                                        },
                                        "email_address": {
                                            "type": "string",
                                            "description": "ASN.1 Object Identifier (OID): `1.2.840.113549.1.9.1`",
                                            "description_kind": "plain",
                                            "optional": true
                                        },
                                        "locality": {
                                            "type": "string",
                                            "description": "Distinguished name: `L`",
                                            "description_kind": "plain",
                                            "optional": true
                                        },
                                        "organization": {
                                            "type": "string",
                                            "description": "Distinguished name: `O`",
                                            "description_kind": "plain",
                                            "optional": true
                                        },
                                        "organizational_unit": {
                                            "type": "string",
                                            "description": "Distinguished name: `OU`",
                                            "description_kind": "plain",
                                            "optional": true
                                        },
                                        "postal_code": {
                                            "type": "string",
                                            "description": "Distinguished name: `PC`",
                                            "description_kind": "plain",
                                            "optional": true
                                        },
                                        "province": {
                                            "type": "string",
                                            "description": "Distinguished name: `ST`",
                                            "description_kind": "plain",
                                            "optional": true
                                        },
                                        "serial_number": {
                                            "type": "string",
                                            "description": "Distinguished name: `SERIALNUMBER`",
                                            "description_kind": "plain",
                                            "optional": true
                                        },
                                        "street_address": {
                                            "type": [
                                                "list",
                                                "string"
                                            ],
                                            "description": "Distinguished name: `STREET`",
                                            "description_kind": "plain",
                                            "optional": true
                                        }
                                    },
                                    "description": "The subject for which a certificate is being requested. The acceptable arguments are all optional and their naming is based upon [Issuer Distinguished Names (RFC5280)](https://tools.ietf.org/html/rfc5280#section-4.1.2.4) section.",
                                    "description_kind": "markdown"
                                }
                            }
                        },
                        "description": "Creates a Certificate Signing Request (CSR) in [PEM (RFC 1421)](https://datatracker.ietf.org/doc/html/rfc1421) format.\n\nPEM is the typical format used to request a certificate from a Certificate Authority (CA).\n\nThis resource is intended to be used in conjunction with a Terraform provider for a particular certificate authority in order to provision a new certificate.",
                        "description_kind": "markdown"
                    }
                },
                "tls_locally_signed_cert": {
                    "version": 0,
                    "block": {
                        "attributes": {
                            "allowed_uses": {
                                "type": [
                                    "list",
                                    "string"
                                ],
                                "description": "List of key usages allowed for the issued certificate. Values are defined in [RFC 5280](https://datatracker.ietf.org/doc/html/rfc5280) and combine flags defined by both [Key Usages](https://datatracker.ietf.org/doc/html/rfc5280#section-4.2.1.3) and [Extended Key Usages](https://datatracker.ietf.org/doc/html/rfc5280#section-4.2.1.12). Accepted values: `any_extended`, `cert_signing`, `client_auth`, `code_signing`, `content_commitment`, `crl_signing`, `data_encipherment`, `decipher_only`, `digital_signature`, `email_protection`, `encipher_only`, `ipsec_end_system`, `ipsec_tunnel`, `ipsec_user`, `key_agreement`, `key_encipherment`, `microsoft_commercial_code_signing`, `microsoft_kernel_code_signing`, `microsoft_server_gated_crypto`, `netscape_server_gated_crypto`, `ocsp_signing`, `server_auth`, `timestamping`.",
                                "description_kind": "plain",
                                "required": true
                            },
                            "ca_cert_pem": {
                                "type": "string",
                                "description": "Certificate data of the Certificate Authority (CA) in [PEM (RFC 1421)](https://datatracker.ietf.org/doc/html/rfc1421) format.",
                                "description_kind": "plain",
                                "required": true
                            },
                            "ca_key_algorithm": {
                                "type": "string",
                                "description": "Name of the algorithm used when generating the private key provided in `ca_private_key_pem`. ",
                                "description_kind": "plain",
                                "computed": true
                            },
                            "ca_private_key_pem": {
                                "type": "string",
                                "description": "Private key of the Certificate Authority (CA) used to sign the certificate, in [PEM (RFC 1421)](https://datatracker.ietf.org/doc/html/rfc1421) format.",
                                "description_kind": "plain",
                                "required": true,
                                "sensitive": true
                            },
                            "cert_pem": {
                                "type": "string",
                                "description": "Certificate data in [PEM (RFC 1421)](https://datatracker.ietf.org/doc/html/rfc1421) format. **NOTE**: the [underlying](https://pkg.go.dev/encoding/pem#Encode) [libraries](https://pkg.go.dev/golang.org/x/crypto/ssh#MarshalAuthorizedKey) that generate this value append a `\\n` at the end of the PEM. In case this disrupts your use case, we recommend using [`trimspace()`](https://www.terraform.io/language/functions/trimspace).",
                                "description_kind": "plain",
                                "computed": true
                            },
                            "cert_request_pem": {
                                "type": "string",
                                "description": "Certificate request data in [PEM (RFC 1421)](https://datatracker.ietf.org/doc/html/rfc1421) format.",
                                "description_kind": "plain",
                                "required": true
                            },
                            "early_renewal_hours": {
                                "type": "number",
                                "description": "The resource will consider the certificate to have expired the given number of hours before its actual expiry time. This can be useful to deploy an updated certificate in advance of the expiration of the current certificate. However, the old certificate remains valid until its true expiration time, since this resource does not (and cannot) support certificate revocation. Also, this advance update can only be performed should the Terraform configuration be applied during the early renewal period. (default: `0`)",
                                "description_kind": "plain",
                                "optional": true,
                                "computed": true
                            },
                            "id": {
                                "type": "string",
                                "description": "Unique identifier for this resource: the certificate serial number.",
                                "description_kind": "plain",
                                "computed": true
                            },
                            "is_ca_certificate": {
                                "type": "bool",
                                "description": "Is the generated certificate representing a Certificate Authority (CA) (default: `false`).",
                                "description_kind": "plain",
                                "optional": true,
                                "computed": true
                            },
                            "max_path_length": {
                                "type": "number",
                                "description": "Maximum number of intermediate certificates that may follow this certificate in a valid certification path. If `is_ca_certificate` is `false`, this value is ignored.",
                                "description_kind": "plain",
                                "optional": true,
                                "computed": true
                            },
                            "ready_for_renewal": {
                                "type": "bool",
                                "description": "Is the certificate either expired (i.e. beyond the `validity_period_hours`) or ready for an early renewal (i.e. within the `early_renewal_hours`)?",
                                "description_kind": "plain",
                                "computed": true
                            },
                            "set_subject_key_id": {
                                "type": "bool",
                                "description": "Should the generated certificate include a [subject key identifier](https://datatracker.ietf.org/doc/html/rfc5280#section-4.2.1.2) (default: `false`).",
                                "description_kind": "plain",
                                "optional": true,
                                "computed": true
                            },
                            "validity_end_time": {
                                "type": "string",
                                "description": "The time until which the certificate is invalid, expressed as an [RFC3339](https://tools.ietf.org/html/rfc3339) timestamp.",
                                "description_kind": "plain",
                                "computed": true
                            },
                            "validity_period_hours": {
                                "type": "number",
                                "description": "Number of hours, after initial issuing, that the certificate will remain valid for.",
                                "description_kind": "plain",
                                "required": true
                            },
                            "validity_start_time": {
                                "type": "string",
                                "description": "The time after which the certificate is valid, expressed as an [RFC3339](https://tools.ietf.org/html/rfc3339) timestamp.",
                                "description_kind": "plain",
                                "computed": true
                            }
                        },
                        "description": "Creates a TLS certificate in [PEM (RFC 1421)](https://datatracker.ietf.org/doc/html/rfc1421) format using a Certificate Signing Request (CSR) and signs it with a provided (local) Certificate Authority (CA).",
                        "description_kind": "markdown"
                    }
                },
                "tls_private_key": {
                    "version": 1,
                    "block": {
                        "attributes": {
                            "algorithm": {
                                "type": "string",
                                "description": "Name of the algorithm to use when generating the private key. Currently-supported values are: `RSA`, `ECDSA`, `ED25519`. ",
                                "description_kind": "plain",
                                "required": true
                            },
                            "ecdsa_curve": {
                                "type": "string",
                                "description": "When `algorithm` is `ECDSA`, the name of the elliptic curve to use. Currently-supported values are: `P224`, `P256`, `P384`, `P521`. (default: `P224`).",
                                "description_kind": "markdown",
                                "optional": true,
                                "computed": true
                            },
                            "id": {
                                "type": "string",
                                "description": "Unique identifier for this resource: hexadecimal representation of the SHA1 checksum of the resource.",
                                "description_kind": "markdown",
                                "computed": true
                            },
                            "private_key_openssh": {
                                "type": "string",
                                "description": "Private key data in [OpenSSH PEM (RFC 4716)](https://datatracker.ietf.org/doc/html/rfc4716) format.",
                                "description_kind": "markdown",
                                "computed": true,
                                "sensitive": true
                            },
                            "private_key_pem": {
                                "type": "string",
                                "description": "Private key data in [PEM (RFC 1421)](https://datatracker.ietf.org/doc/html/rfc1421) format.",
                                "description_kind": "markdown",
                                "computed": true,
                                "sensitive": true
                            },
                            "private_key_pem_pkcs8": {
                                "type": "string",
                                "description": "Private key data in [PKCS#8 PEM (RFC 5208)](https://datatracker.ietf.org/doc/html/rfc5208) format.",
                                "description_kind": "markdown",
                                "computed": true,
                                "sensitive": true
                            },
                            "public_key_fingerprint_md5": {
                                "type": "string",
                                "description": "The fingerprint of the public key data in OpenSSH MD5 hash format, e.g. `aa:bb:cc:...`. Only available if the selected private key format is compatible, similarly to `public_key_openssh` and the [ECDSA P224 limitations](../../docs#limitations).",
                                "description_kind": "markdown",
                                "computed": true
                            },
                            "public_key_fingerprint_sha256": {
                                "type": "string",
                                "description": "The fingerprint of the public key data in OpenSSH SHA256 hash format, e.g. `SHA256:...`. Only available if the selected private key format is compatible, similarly to `public_key_openssh` and the [ECDSA P224 limitations](../../docs#limitations).",
                                "description_kind": "markdown",
                                "computed": true
                            },
                            "public_key_openssh": {
                                "type": "string",
                                "description": " The public key data in [\"Authorized Keys\"](https://www.ssh.com/academy/ssh/authorized_keys/openssh#format-of-the-authorized-keys-file) format. This is not populated for `ECDSA` with curve `P224`, as it is [not supported](../../docs#limitations). **NOTE**: the [underlying](https://pkg.go.dev/encoding/pem#Encode) [libraries](https://pkg.go.dev/golang.org/x/crypto/ssh#MarshalAuthorizedKey) that generate this value append a `\\n` at the end of the PEM. In case this disrupts your use case, we recommend using [`trimspace()`](https://www.terraform.io/language/functions/trimspace).",
                                "description_kind": "markdown",
                                "computed": true
                            },
                            "public_key_pem": {
                                "type": "string",
                                "description": "Public key data in [PEM (RFC 1421)](https://datatracker.ietf.org/doc/html/rfc1421) format. **NOTE**: the [underlying](https://pkg.go.dev/encoding/pem#Encode) [libraries](https://pkg.go.dev/golang.org/x/crypto/ssh#MarshalAuthorizedKey) that generate this value append a `\\n` at the end of the PEM. In case this disrupts your use case, we recommend using [`trimspace()`](https://www.terraform.io/language/functions/trimspace).",
                                "description_kind": "markdown",
                                "computed": true
                            },
                            "rsa_bits": {
                                "type": "number",
                                "description": "When `algorithm` is `RSA`, the size of the generated RSA key, in bits (default: `2048`).",
                                "description_kind": "markdown",
                                "optional": true,
                                "computed": true
                            }
                        },
                        "description": "-\u003e If the managed resource supports a write-only attribute for the private key (first introduced in Terraform 1.11), then the ephemeral variant of [`tls_private_key`](https://registry.terraform.io/providers/hashicorp/tls/latest/docs/ephemeral-resources/private_key) should be used, when possible, to avoid storing the private key data in the plan or state file.\n\nCreates a PEM (and OpenSSH) formatted private key.\n\nGenerates a secure private key and encodes it in [PEM (RFC 1421)](https://datatracker.ietf.org/doc/html/rfc1421) and [OpenSSH PEM (RFC 4716)](https://datatracker.ietf.org/doc/html/rfc4716) formats. This resource is primarily intended for easily bootstrapping throwaway development environments.",
                        "description_kind": "markdown"
                    }
                },
                "tls_self_signed_cert": {
                    "version": 0,
                    "block": {
                        "attributes": {
                            "allowed_uses": {
                                "type": [
                                    "list",
                                    "string"
                                ],
                                "description": "List of key usages allowed for the issued certificate. Values are defined in [RFC 5280](https://datatracker.ietf.org/doc/html/rfc5280) and combine flags defined by both [Key Usages](https://datatracker.ietf.org/doc/html/rfc5280#section-4.2.1.3) and [Extended Key Usages](https://datatracker.ietf.org/doc/html/rfc5280#section-4.2.1.12). Accepted values: `any_extended`, `cert_signing`, `client_auth`, `code_signing`, `content_commitment`, `crl_signing`, `data_encipherment`, `decipher_only`, `digital_signature`, `email_protection`, `encipher_only`, `ipsec_end_system`, `ipsec_tunnel`, `ipsec_user`, `key_agreement`, `key_encipherment`, `microsoft_commercial_code_signing`, `microsoft_kernel_code_signing`, `microsoft_server_gated_crypto`, `netscape_server_gated_crypto`, `ocsp_signing`, `server_auth`, `timestamping`.",
                                "description_kind": "plain",
                                "required": true
                            },
                            "cert_pem": {
                                "type": "string",
                                "description": "Certificate data in [PEM (RFC 1421)](https://datatracker.ietf.org/doc/html/rfc1421) format. **NOTE**: the [underlying](https://pkg.go.dev/encoding/pem#Encode) [libraries](https://pkg.go.dev/golang.org/x/crypto/ssh#MarshalAuthorizedKey) that generate this value append a `\\n` at the end of the PEM. In case this disrupts your use case, we recommend using [`trimspace()`](https://www.terraform.io/language/functions/trimspace).",
                                "description_kind": "plain",
                                "computed": true
                            },
                            "dns_names": {
                                "type": [
                                    "list",
                                    "string"
                                ],
                                "description": "List of DNS names for which a certificate is being requested (i.e. certificate subjects).",
                                "description_kind": "plain",
                                "optional": true
                            },
                            "early_renewal_hours": {
                                "type": "number",
                                "description": "The resource will consider the certificate to have expired the given number of hours before its actual expiry time. This can be useful to deploy an updated certificate in advance of the expiration of the current certificate. However, the old certificate remains valid until its true expiration time, since this resource does not (and cannot) support certificate revocation. Also, this advance update can only be performed should the Terraform configuration be applied during the early renewal period. (default: `0`)",
                                "description_kind": "plain",
                                "optional": true,
                                "computed": true
                            },
                            "id": {
                                "type": "string",
                                "description": "Unique identifier for this resource: the certificate serial number.",
                                "description_kind": "plain",
                                "computed": true
                            },
                            "ip_addresses": {
                                "type": [
                                    "list",
                                    "string"
                                ],
                                "description": "List of IP addresses for which a certificate is being requested (i.e. certificate subjects).",
                                "description_kind": "plain",
                                "optional": true
                            },
                            "is_ca_certificate": {
                                "type": "bool",
                                "description": "Is the generated certificate representing a Certificate Authority (CA) (default: `false`).",
                                "description_kind": "plain",
                                "optional": true,
                                "computed": true
                            },
                            "key_algorithm": {
                                "type": "string",
                                "description": "Name of the algorithm used when generating the private key provided in `private_key_pem`. ",
                                "description_kind": "plain",
                                "computed": true
                            },
                            "max_path_length": {
                                "type": "number",
                                "description": "Maximum number of intermediate certificates that may follow this certificate in a valid certification path. If `is_ca_certificate` is `false`, this value is ignored.",
                                "description_kind": "plain",
                                "optional": true,
                                "computed": true
                            },
                            "private_key_pem": {
                                "type": "string",
                                "description": "Private key in [PEM (RFC 1421)](https://datatracker.ietf.org/doc/html/rfc1421) format, that the certificate will belong to. This can be read from a separate file using the [`file`](https://www.terraform.io/language/functions/file) interpolation function. ",
                                "description_kind": "plain",
                                "required": true,
                                "sensitive": true
                            },
                            "ready_for_renewal": {
                                "type": "bool",
                                "description": "Is the certificate either expired (i.e. beyond the `validity_period_hours`) or ready for an early renewal (i.e. within the `early_renewal_hours`)?",
                                "description_kind": "plain",
                                "computed": true
                            },
                            "set_authority_key_id": {
                                "type": "bool",
                                "description": "Should the generated certificate include an [authority key identifier](https://datatracker.ietf.org/doc/html/rfc5280#section-4.2.1.1): for self-signed certificates this is the same value as the [subject key identifier](https://datatracker.ietf.org/doc/html/rfc5280#section-4.2.1.2) (default: `false`).",
                                "description_kind": "plain",
                                "optional": true,
                                "computed": true
                            },
                            "set_subject_key_id": {
                                "type": "bool",
                                "description": "Should the generated certificate include a [subject key identifier](https://datatracker.ietf.org/doc/html/rfc5280#section-4.2.1.2) (default: `false`).",
                                "description_kind": "plain",
                                "optional": true,
                                "computed": true
                            },
                            "uris": {
                                "type": [
                                    "list",
                                    "string"
                                ],
                                "description": "List of URIs for which a certificate is being requested (i.e. certificate subjects).",
                                "description_kind": "plain",
                                "optional": true
                            },
                            "validity_end_time": {
                                "type": "string",
                                "description": "The time until which the certificate is invalid, expressed as an [RFC3339](https://tools.ietf.org/html/rfc3339) timestamp.",
                                "description_kind": "plain",
                                "computed": true
                            },
                            "validity_period_hours": {
                                "type": "number",
                                "description": "Number of hours, after initial issuing, that the certificate will remain valid for.",
                                "description_kind": "plain",
                                "required": true
                            },
                            "validity_start_time": {
                                "type": "string",
                                "description": "The time after which the certificate is valid, expressed as an [RFC3339](https://tools.ietf.org/html/rfc3339) timestamp.",
                                "description_kind": "plain",
                                "computed": true
                            }
                        },
                        "block_types": {
                            "subject": {
                                "nesting_mode": "list",
                                "block": {
                                    "attributes": {
                                        "common_name": {
                                            "type": "string",
                                            "description": "Distinguished name: `CN`",
                                            "description_kind": "plain",
                                            "optional": true
                                        },
                                        "country": {
                                            "type": "string",
                                            "description": "Distinguished name: `C`",
                                            "description_kind": "plain",
                                            "optional": true
                                        },
                                        "email_address": {
                                            "type": "string",
                                            "description": "ASN.1 Object Identifier (OID): `1.2.840.113549.1.9.1`",
                                            "description_kind": "plain",
                                            "optional": true
                                        },
                                        "locality": {
                                            "type": "string",
                                            "description": "Distinguished name: `L`",
                                            "description_kind": "plain",
                                            "optional": true
                                        },
                                        "organization": {
                                            "type": "string",
                                            "description": "Distinguished name: `O`",
                                            "description_kind": "plain",
                                            "optional": true
                                        },
                                        "organizational_unit": {
                                            "type": "string",
                                            "description": "Distinguished name: `OU`",
                                            "description_kind": "plain",
                                            "optional": true
                                        },
                                        "postal_code": {
                                            "type": "string",
                                            "description": "Distinguished name: `PC`",
                                            "description_kind": "plain",
                                            "optional": true
                                        },
                                        "province": {
                                            "type": "string",
                                            "description": "Distinguished name: `ST`",
                                            "description_kind": "plain",
                                            "optional": true
                                        },
                                        "serial_number": {
                                            "type": "string",
                                            "description": "Distinguished name: `SERIALNUMBER`",
                                            "description_kind": "plain",
                                            "optional": true
                                        },
                                        "street_address": {
                                            "type": [
                                                "list",
                                                "string"
                                            ],
                                            "description": "Distinguished name: `STREET`",
                                            "description_kind": "plain",
                                            "optional": true
                                        }
                                    },
                                    "description": "The subject for which a certificate is being requested. The acceptable arguments are all optional and their naming is based upon [Issuer Distinguished Names (RFC5280)](https://tools.ietf.org/html/rfc5280#section-4.1.2.4) section.",
                                    "description_kind": "markdown"
                                }
                            }
                        },
                        "description": "Creates a **self-signed** TLS certificate in [PEM (RFC 1421)](https://datatracker.ietf.org/doc/html/rfc1421) format.",
                        "description_kind": "markdown"
                    }
                }
            },
            "data_source_schemas": {
                "tls_certificate": {
                    "version": 0,
                    "block": {
                        "attributes": {
                            "certificates": {
                                "type": [
                                    "list",
                                    [
                                        "object",
                                        {
                                            "cert_pem": "string",
                                            "is_ca": "bool",
                                            "issuer": "string",
                                            "max_path_length": "number",
                                            "not_after": "string",
                                            "not_before": "string",
                                            "public_key_algorithm": "string",
                                            "serial_number": "string",
                                            "sha1_fingerprint": "string",
                                            "signature_algorithm": "string",
                                            "subject": "string",
                                            "version": "number"
                                        }
                                    ]
                                ],
                                "description": "The certificates protecting the site, with the root of the chain first.",
                                "description_kind": "markdown",
                                "computed": true
                            },
                            "content": {
                                "type": "string",
                                "description": "The content of the certificate in [PEM (RFC 1421)](https://datatracker.ietf.org/doc/html/rfc1421) format.",
                                "description_kind": "markdown",
                                "optional": true
                            },
                            "id": {
                                "type": "string",
                                "description": "Unique identifier of this data source: hashing of the certificates in the chain.",
                                "description_kind": "markdown",
                                "computed": true
                            },
                            "url": {
                                "type": "string",
                                "description": "URL of the endpoint to get the certificates from. Accepted schemes are: `https`, `tls`. For scheme `https://` it will use the HTTP protocol and apply the `proxy` configuration of the provider, if set. For scheme `tls://` it will instead use a secure TCP socket.",
                                "description_kind": "markdown",
                                "optional": true
                            },
                            "verify_chain": {
                                "type": "bool",
                                "description": "Whether to verify the certificate chain while parsing it or not (default: `true`).",
                                "description_kind": "markdown",
                                "optional": true
                            }
                        },
                        "description": "Get information about the TLS certificates securing a host.\n\nUse this data source to get information, such as SHA1 fingerprint or serial number, about the TLS certificates that protects a URL.",
                        "description_kind": "markdown"
                    }
                },
                "tls_public_key": {
                    "version": 0,
                    "block": {
                        "attributes": {
                            "algorithm": {
                                "type": "string",
                                "description": "The name of the algorithm used by the given private key. Possible values are: `RSA`, `ECDSA`, `ED25519`. ",
                                "description_kind": "plain",
                                "computed": true
                            },
                            "id": {
                                "type": "string",
                                "description": "Unique identifier for this data source: hexadecimal representation of the SHA1 checksum of the data source.",
                                "description_kind": "plain",
                                "computed": true
                            },
                            "private_key_openssh": {
                                "type": "string",
                                "description": "The private key (in  [OpenSSH PEM (RFC 4716)](https://datatracker.ietf.org/doc/html/rfc4716) format) to extract the public key from. This is _mutually exclusive_ with `private_key_pem`. Currently-supported algorithms for keys are: `RSA`, `ECDSA`, `ED25519`. ",
                                "description_kind": "plain",
                                "optional": true,
                                "sensitive": true
                            },
                            "private_key_pem": {
                                "type": "string",
                                "description": "The private key (in [PEM (RFC 1421)](https://datatracker.ietf.org/doc/html/rfc1421) format) to extract the public key from. This is _mutually exclusive_ with `private_key_openssh`. Currently-supported algorithms for keys are: `RSA`, `ECDSA`, `ED25519`. ",
                                "description_kind": "plain",
                                "optional": true,
                                "sensitive": true
                            },
                            "public_key_fingerprint_md5": {
                                "type": "string",
                                "description": "The fingerprint of the public key data in OpenSSH MD5 hash format, e.g. `aa:bb:cc:...`. Only available if the selected private key format is compatible, as per the rules for `public_key_openssh` and [ECDSA P224 limitations](../../docs#limitations).",
                                "description_kind": "plain",
                                "computed": true
                            },
                            "public_key_fingerprint_sha256": {
                                "type": "string",
                                "description": "The fingerprint of the public key data in OpenSSH SHA256 hash format, e.g. `SHA256:...`. Only available if the selected private key format is compatible, as per the rules for `public_key_openssh` and [ECDSA P224 limitations](../../docs#limitations).",
                                "description_kind": "plain",
                                "computed": true
                            },
                            "public_key_openssh": {
                                "type": "string",
                                "description": "The public key, in  [OpenSSH PEM (RFC 4716)](https://datatracker.ietf.org/doc/html/rfc4716) format. This is also known as ['Authorized Keys'](https://www.ssh.com/academy/ssh/authorized_keys/openssh#format-of-the-authorized-keys-file) format. This is not populated for `ECDSA` with curve `P224`, as it is [not supported](../../docs#limitations). **NOTE**: the [underlying](https://pkg.go.dev/encoding/pem#Encode) [libraries](https://pkg.go.dev/golang.org/x/crypto/ssh#MarshalAuthorizedKey) that generate this value append a `\\n` at the end of the PEM. In case this disrupts your use case, we recommend using [`trimspace()`](https://www.terraform.io/language/functions/trimspace).",
                                "description_kind": "plain",
                                "computed": true
                            },
                            "public_key_pem": {
                                "type": "string",
                                "description": "The public key, in [PEM (RFC 1421)](https://datatracker.ietf.org/doc/html/rfc1421) format. **NOTE**: the [underlying](https://pkg.go.dev/encoding/pem#Encode) [libraries](https://pkg.go.dev/golang.org/x/crypto/ssh#MarshalAuthorizedKey) that generate this value append a `\\n` at the end of the PEM. In case this disrupts your use case, we recommend using [`trimspace()`](https://www.terraform.io/language/functions/trimspace).",
                                "description_kind": "plain",
                                "computed": true
                            }
                        },
                        "description": "Get a public key from a PEM-encoded private key.\n\nUse this data source to get the public key from a [PEM (RFC 1421)](https://datatracker.ietf.org/doc/html/rfc1421) or [OpenSSH PEM (RFC 4716)](https://datatracker.ietf.org/doc/html/rfc4716) formatted private key, for use in other resources.",
                        "description_kind": "markdown"
                    }
                }
            },
            "ephemeral_resource_schemas": {
                "tls_private_key": {
                    "version": 0,
                    "block": {
                        "attributes": {
                            "algorithm": {
                                "type": "string",
                                "description": "Name of the algorithm to use when generating the private key. Currently-supported values are: `RSA`, `ECDSA`, `ED25519`. ",
                                "description_kind": "plain",
                                "required": true
                            },
                            "ecdsa_curve": {
                                "type": "string",
                                "description": "When `algorithm` is `ECDSA`, the name of the elliptic curve to use. Currently-supported values are: `P224`, `P256`, `P384`, `P521`. (default: `P224`).",
                                "description_kind": "markdown",
                                "optional": true,
                                "computed": true
                            },
                            "private_key_openssh": {
                                "type": "string",
                                "description": "Private key data in [OpenSSH PEM (RFC 4716)](https://datatracker.ietf.org/doc/html/rfc4716) format.",
                                "description_kind": "markdown",
                                "computed": true,
                                "sensitive": true
                            },
                            "private_key_pem": {
                                "type": "string",
                                "description": "Private key data in [PEM (RFC 1421)](https://datatracker.ietf.org/doc/html/rfc1421) format.",
                                "description_kind": "markdown",
                                "computed": true,
                                "sensitive": true
                            },
                            "private_key_pem_pkcs8": {
                                "type": "string",
                                "description": "Private key data in [PKCS#8 PEM (RFC 5208)](https://datatracker.ietf.org/doc/html/rfc5208) format.",
                                "description_kind": "markdown",
                                "computed": true,
                                "sensitive": true
                            },
                            "public_key_fingerprint_md5": {
                                "type": "string",
                                "description": "The fingerprint of the public key data in OpenSSH MD5 hash format, e.g. `aa:bb:cc:...`. Only available if the selected private key format is compatible, similarly to `public_key_openssh` and the [ECDSA P224 limitations](../../docs#limitations).",
                                "description_kind": "markdown",
                                "computed": true
                            },
                            "public_key_fingerprint_sha256": {
                                "type": "string",
                                "description": "The fingerprint of the public key data in OpenSSH SHA256 hash format, e.g. `SHA256:...`. Only available if the selected private key format is compatible, similarly to `public_key_openssh` and the [ECDSA P224 limitations](../../docs#limitations).",
                                "description_kind": "markdown",
                                "computed": true
                            },
                            "public_key_openssh": {
                                "type": "string",
                                "description": " The public key data in [\"Authorized Keys\"](https://www.ssh.com/academy/ssh/authorized_keys/openssh#format-of-the-authorized-keys-file) format. This is not populated for `ECDSA` with curve `P224`, as it is [not supported](../../docs#limitations). **NOTE**: the [underlying](https://pkg.go.dev/encoding/pem#Encode) [libraries](https://pkg.go.dev/golang.org/x/crypto/ssh#MarshalAuthorizedKey) that generate this value append a `\\n` at the end of the PEM. In case this disrupts your use case, we recommend using [`trimspace()`](https://www.terraform.io/language/functions/trimspace).",
                                "description_kind": "markdown",
                                "computed": true
                            },
                            "public_key_pem": {
                                "type": "string",
                                "description": "Public key data in [PEM (RFC 1421)](https://datatracker.ietf.org/doc/html/rfc1421) format. **NOTE**: the [underlying](https://pkg.go.dev/encoding/pem#Encode) [libraries](https://pkg.go.dev/golang.org/x/crypto/ssh#MarshalAuthorizedKey) that generate this value append a `\\n` at the end of the PEM. In case this disrupts your use case, we recommend using [`trimspace()`](https://www.terraform.io/language/functions/trimspace).",
                                "description_kind": "markdown",
                                "computed": true
                            },
                            "rsa_bits": {
                                "type": "number",
                                "description": "When `algorithm` is `RSA`, the size of the generated RSA key, in bits (default: `2048`).",
                                "description_kind": "markdown",
                                "optional": true,
                                "computed": true
                            }
                        },
                        "description": "-\u003e If the managed resource doesn't have a write-only argument available for the private key (first introduced in Terraform 1.11), then the private key can only be created with the managed resource variant of [`tls_private_key`](https://registry.terraform.io/providers/hashicorp/tls/latest/docs/resources/private_key).\n\nCreates a PEM (and OpenSSH) formatted private key.\n\nGenerates a secure private key and encodes it in [PEM (RFC 1421)](https://datatracker.ietf.org/doc/html/rfc1421) and [OpenSSH PEM (RFC 4716)](https://datatracker.ietf.org/doc/html/rfc4716) formats. \n\nThe primary use-case for generating an ephemeral private key is to be used in combination with a write-only argument in a managed resource, which will avoid Terraform storing the private key data in the plan or state file.",
                        "description_kind": "markdown"
                    }
                },
                "tls_public_key": {
                    "version": 0,
                    "block": {
                        "attributes": {
                            "algorithm": {
                                "type": "string",
                                "description": "The name of the algorithm used by the given private key. Possible values are: `RSA`, `ECDSA`, `ED25519`. ",
                                "description_kind": "plain",
                                "computed": true
                            },
                            "id": {
                                "type": "string",
                                "description": "Unique identifier for this ephemeral resource: hexadecimal representation of the SHA1 checksum of the ephemeral resource.",
                                "description_kind": "plain",
                                "computed": true
                            },
                            "private_key_openssh": {
                                "type": "string",
                                "description": "The private key (in  [OpenSSH PEM (RFC 4716)](https://datatracker.ietf.org/doc/html/rfc4716) format) to extract the public key from. This is _mutually exclusive_ with `private_key_pem`. Currently-supported algorithms for keys are: `RSA`, `ECDSA`, `ED25519`. ",
                                "description_kind": "plain",
                                "optional": true,
                                "sensitive": true
                            },
                            "private_key_pem": {
                                "type": "string",
                                "description": "The private key (in [PEM (RFC 1421)](https://datatracker.ietf.org/doc/html/rfc1421) format) to extract the public key from. This is _mutually exclusive_ with `private_key_openssh`. Currently-supported algorithms for keys are: `RSA`, `ECDSA`, `ED25519`. ",
                                "description_kind": "plain",
                                "optional": true,
                                "sensitive": true
                            },
                            "public_key_fingerprint_md5": {
                                "type": "string",
                                "description": "The fingerprint of the public key data in OpenSSH MD5 hash format, e.g. `aa:bb:cc:...`. Only available if the selected private key format is compatible, as per the rules for `public_key_openssh` and [ECDSA P224 limitations](../../docs#limitations).",
                                "description_kind": "plain",
                                "computed": true
                            },
                            "public_key_fingerprint_sha256": {
                                "type": "string",
                                "description": "The fingerprint of the public key data in OpenSSH SHA256 hash format, e.g. `SHA256:...`. Only available if the selected private key format is compatible, as per the rules for `public_key_openssh` and [ECDSA P224 limitations](../../docs#limitations).",
                                "description_kind": "plain",
                                "computed": true
                            },
                            "public_key_openssh": {
                                "type": "string",
                                "description": "The public key, in  [OpenSSH PEM (RFC 4716)](https://datatracker.ietf.org/doc/html/rfc4716) format. This is also known as ['Authorized Keys'](https://www.ssh.com/academy/ssh/authorized_keys/openssh#format-of-the-authorized-keys-file) format. This is not populated for `ECDSA` with curve `P224`, as it is [not supported](../../docs#limitations). **NOTE**: the [underlying](https://pkg.go.dev/encoding/pem#Encode) [libraries](https://pkg.go.dev/golang.org/x/crypto/ssh#MarshalAuthorizedKey) that generate this value append a `\\n` at the end of the PEM. In case this disrupts your use case, we recommend using [`trimspace()`](https://www.terraform.io/language/functions/trimspace).",
                                "description_kind": "plain",
                                "computed": true
                            },
                            "public_key_pem": {
                                "type": "string",
                                "description": "The public key, in [PEM (RFC 1421)](https://datatracker.ietf.org/doc/html/rfc1421) format. **NOTE**: the [underlying](https://pkg.go.dev/encoding/pem#Encode) [libraries](https://pkg.go.dev/golang.org/x/crypto/ssh#MarshalAuthorizedKey) that generate this value append a `\\n` at the end of the PEM. In case this disrupts your use case, we recommend using [`trimspace()`](https://www.terraform.io/language/functions/trimspace).",
                                "description_kind": "plain",
                                "computed": true
                            }
                        },
                        "description": "Get a public key from a PEM-encoded private key.\n\nUse this ephemeral resource to get the public key from a [PEM (RFC 1421)](https://datatracker.ietf.org/doc/html/rfc1421) or [OpenSSH PEM (RFC 4716)](https://datatracker.ietf.org/doc/html/rfc4716) formatted private key, for use in other resources without storing the value in state.",
                        "description_kind": "markdown"
                    }
                }
            }
        },
        "registry.terraform.io/integrations/github": {
            "provider": {
                "version": 0,
                "block": {
                    "attributes": {
                        "base_url": {
                            "type": "string",
                            "description": "The GitHub Base API URL",
                            "description_kind": "plain",
                            "optional": true
                        },
                        "insecure": {
                            "type": "bool",
                            "description": "Enable `insecure` mode for testing purposes",
                            "description_kind": "plain",
                            "optional": true
                        },
                        "max_per_page": {
                            "type": "number",
                            "description": "Number of items per page for paginationDefaults to 100",
                            "description_kind": "plain",
                            "optional": true
                        },
                        "max_retries": {
                            "type": "number",
                            "description": "Number of times to retry a request after receiving an error status codeDefaults to 3",
                            "description_kind": "plain",
                            "optional": true
                        },
                        "organization": {
                            "type": "string",
                            "description": "The GitHub organization name to manage. Use this field instead of `owner` when managing organization accounts.",
                            "description_kind": "plain",
                            "deprecated": true,
                            "optional": true
                        },
                        "owner": {
                            "type": "string",
                            "description": "The GitHub owner name to manage. Use this field instead of `organization` when managing individual accounts.",
                            "description_kind": "plain",
                            "optional": true
                        },
                        "parallel_requests": {
                            "type": "bool",
                            "description": "Allow the provider to make parallel API calls to GitHub. You may want to set it to true when you have a private Github Enterprise without strict rate limits. While it is possible to enable this setting on github.com, github.com's best practices recommend using serialization to avoid hitting abuse rate limitsDefaults to false if not set",
                            "description_kind": "plain",
                            "optional": true
                        },
                        "read_delay_ms": {
                            "type": "number",
                            "description": "Amount of time in milliseconds to sleep in between non-write requests to GitHub API. Defaults to 0ms if not set.",
                            "description_kind": "plain",
                            "optional": true
                        },
                        "retry_delay_ms": {
                            "type": "number",
                            "description": "Amount of time in milliseconds to sleep in between requests to GitHub API after an error response. Defaults to 1000ms or 1s if not set, the max_retries must be set to greater than zero.",
                            "description_kind": "plain",
                            "optional": true
                        },
                        "retryable_errors": {
                            "type": [
                                "list",
                                "number"
                            ],
                            "description": "Allow the provider to retry after receiving an error status code, the max_retries should be set for this to workDefaults to [500, 502, 503, 504]",
                            "description_kind": "plain",
                            "optional": true
                        },
                        "token": {
                            "type": "string",
                            "description": "The OAuth token used to connect to GitHub. Anonymous mode is enabled if both `token` and `app_auth` are not set.",
                            "description_kind": "plain",
                            "optional": true
                        },
                        "write_delay_ms": {
                            "type": "number",
                            "description": "Amount of time in milliseconds to sleep in between writes to GitHub API. Defaults to 1000ms or 1s if not set.",
                            "description_kind": "plain",
                            "optional": true
                        }
                    },
                    "block_types": {
                        "app_auth": {
                            "nesting_mode": "list",
                            "block": {
                                "attributes": {
                                    "id": {
                                        "type": "string",
                                        "description": "The GitHub App ID.",
                                        "description_kind": "plain",
                                        "required": true
                                    },
                                    "installation_id": {
                                        "type": "string",
                                        "description": "The GitHub App installation instance ID.",
                                        "description_kind": "plain",
                                        "required": true
                                    },
                                    "pem_file": {
                                        "type": "string",
                                        "description": "The GitHub App PEM file contents.",
                                        "description_kind": "plain",
                                        "required": true,
                                        "sensitive": true
                                    }
                                },
                                "description": "The GitHub App credentials used to connect to GitHub. Conflicts with `token`. Anonymous mode is enabled if both `token` and `app_auth` are not set.",
                                "description_kind": "plain"
                            },
                            "max_items": 1
                        }
                    },
                    "description_kind": "plain"
                }
            },
            "resource_schemas": {
                "github_actions_environment_secret": {
                    "version": 1,
                    "block": {
                        "attributes": {
                            "created_at": {
                                "type": "string",
                                "description": "Date of 'actions_environment_secret' creation.",
                                "description_kind": "plain",
                                "computed": true
                            },
                            "encrypted_value": {
                                "type": "string",
                                "description": "Encrypted value of the secret using the GitHub public key in Base64 format.",
                                "description_kind": "plain",
                                "deprecated": true,
                                "optional": true,
                                "sensitive": true
                            },
                            "environment": {
                                "type": "string",
                                "description": "Name of the environment.",
                                "description_kind": "plain",
                                "required": true
                            },
                            "id": {
                                "type": "string",
                                "description_kind": "plain",
                                "optional": true,
                                "computed": true
                            },
                            "key_id": {
                                "type": "string",
                                "description": "ID of the public key used to encrypt the secret.",
                                "description_kind": "plain",
                                "optional": true,
                                "computed": true
                            },
                            "plaintext_value": {
                                "type": "string",
                                "description": "Plaintext value of the secret to be encrypted.",
                                "description_kind": "plain",
                                "deprecated": true,
                                "optional": true,
                                "sensitive": true
                            },
                            "remote_updated_at": {
                                "type": "string",
                                "description": "Date of remote 'actions_environment_secret' update.",
                                "description_kind": "plain",
                                "computed": true
                            },
                            "repository": {
                                "type": "string",
                                "description": "Name of the repository.",
                                "description_kind": "plain",
                                "required": true
                            },
                            "repository_id": {
                                "type": "number",
                                "description": "ID of the repository.",
                                "description_kind": "plain",
                                "computed": true
                            },
                            "secret_name": {
                                "type": "string",
                                "description": "Name of the secret.",
                                "description_kind": "plain",
                                "required": true
                            },
                            "updated_at": {
                                "type": "string",
                                "description": "Date of 'actions_environment_secret' update.",
                                "description_kind": "plain",
                                "computed": true
                            },
                            "value": {
                                "type": "string",
                                "description": "Plaintext value to be encrypted.",
                                "description_kind": "plain",
                                "optional": true,
                                "sensitive": true
                            },
                            "value_encrypted": {
                                "type": "string",
                                "description": "Value encrypted with the GitHub public key, defined by key_id, in Base64 format.",
                                "description_kind": "plain",
                                "optional": true,
                                "sensitive": true
                            }
                        },
                        "description_kind": "plain"
                    }
                },
                "github_actions_environment_variable": {
                    "version": 1,
                    "block": {
                        "attributes": {
                            "created_at": {
                                "type": "string",
                                "description": "Date of 'actions_variable' creation.",
                                "description_kind": "plain",
                                "computed": true
                            },
                            "environment": {
                                "type": "string",
                                "description": "Name of the environment.",
                                "description_kind": "plain",
                                "required": true
                            },
                            "id": {
                                "type": "string",
                                "description_kind": "plain",
                                "optional": true,
                                "computed": true
                            },
                            "repository": {
                                "type": "string",
                                "description": "Name of the repository.",
                                "description_kind": "plain",
                                "required": true
                            },
                            "repository_id": {
                                "type": "number",
                                "description": "ID of the repository.",
                                "description_kind": "plain",
                                "computed": true
                            },
                            "updated_at": {
                                "type": "string",
                                "description": "Date of 'actions_variable' update.",
                                "description_kind": "plain",
                                "computed": true
                            },
                            "value": {
                                "type": "string",
                                "description": "Value of the variable.",
                                "description_kind": "plain",
                                "required": true
                            },
                            "variable_name": {
                                "type": "string",
                                "description": "Name of the variable.",
                                "description_kind": "plain",
                                "required": true
                            }
                        },
                        "description_kind": "plain"
                    }
                },
                "github_actions_hosted_runner": {
                    "version": 0,
                    "block": {
                        "attributes": {
                            "id": {
                                "type": "string",
                                "description": "The hosted runner ID.",
                                "description_kind": "plain",
                                "computed": true
                            },
                            "image_gen": {
                                "type": "bool",
                                "description": "Whether this runner should be used to generate custom images. Cannot be changed after creation.",
                                "description_kind": "plain",
                                "optional": true
                            },
                            "image_version": {
                                "type": "string",
                                "description": "The version of the runner image to deploy. This is relevant only for runners using custom images.",
                                "description_kind": "plain",
                                "optional": true
                            },
                            "last_active_on": {
                                "type": "string",
                                "description": "Timestamp when the runner was last active.",
                                "description_kind": "plain",
                                "computed": true
                            },
                            "machine_size_details": {
                                "type": [
                                    "list",
                                    [
                                        "object",
                                        {
                                            "cpu_cores": "number",
                                            "id": "string",
                                            "memory_gb": "number",
                                            "storage_gb": "number"
                                        }
                                    ]
                                ],
                                "description": "Detailed machine size specifications.",
                                "description_kind": "plain",
                                "computed": true
                            },
                            "maximum_runners": {
                                "type": "number",
                                "description": "Maximum number of runners to scale up to.",
                                "description_kind": "plain",
                                "optional": true,
                                "computed": true
                            },
                            "name": {
                                "type": "string",
                                "description": "Name of the hosted runner. Must be between 1 and 64 characters and may only contain upper and lowercase letters a-z, numbers 0-9, '.', '-', and '_'.",
                                "description_kind": "plain",
                                "required": true
                            },
                            "platform": {
                                "type": "string",
                                "description": "Platform of the runner.",
                                "description_kind": "plain",
                                "computed": true
                            },
                            "public_ip_enabled": {
                                "type": "bool",
                                "description": "Whether to enable static public IP.",
                                "description_kind": "plain",
                                "optional": true
                            },
                            "public_ips": {
                                "type": [
                                    "list",
                                    [
                                        "object",
                                        {
                                            "enabled": "bool",
                                            "length": "number",
                                            "prefix": "string"
                                        }
                                    ]
                                ],
                                "description": "List of public IP ranges assigned to this runner.",
                                "description_kind": "plain",
                                "computed": true
                            },
                            "runner_group_id": {
                                "type": "number",
                                "description": "The runner group ID.",
                                "description_kind": "plain",
                                "required": true
                            },
                            "size": {
                                "type": "string",
                                "description": "Machine size (e.g., '4-core', '8-core'). Can be updated to scale the runner.",
                                "description_kind": "plain",
                                "required": true
                            },
                            "status": {
                                "type": "string",
                                "description": "Current status of the runner.",
                                "description_kind": "plain",
                                "computed": true
                            }
                        },
                        "block_types": {
                            "image": {
                                "nesting_mode": "list",
                                "block": {
                                    "attributes": {
                                        "id": {
                                            "type": "string",
                                            "description": "The image ID.",
                                            "description_kind": "plain",
                                            "required": true
                                        },
                                        "size_gb": {
                                            "type": "number",
                                            "description": "The size of the image in GB.",
                                            "description_kind": "plain",
                                            "computed": true
                                        },
                                        "source": {
                                            "type": "string",
                                            "description": "The image source (github, partner, or custom).",
                                            "description_kind": "plain",
                                            "optional": true
                                        }
                                    },
                                    "description": "Image configuration for the hosted runner. Cannot be changed after creation.",
                                    "description_kind": "plain"
                                },
                                "min_items": 1,
                                "max_items": 1
                            },
                            "timeouts": {
                                "nesting_mode": "single",
                                "block": {
                                    "attributes": {
                                        "delete": {
                                            "type": "string",
                                            "description_kind": "plain",
                                            "optional": true
                                        }
                                    },
                                    "description_kind": "plain"
                                }
                            }
                        },
                        "description_kind": "plain"
                    }
                },
                "github_actions_organization_oidc_subject_claim_customization_template": {
                    "version": 0,
                    "block": {
                        "attributes": {
                            "id": {
                                "type": "string",
                                "description_kind": "plain",
                                "optional": true,
                                "computed": true
                            },
                            "include_claim_keys": {
                                "type": [
                                    "list",
                                    "string"
                                ],
                                "description": "A list of OpenID Connect claims.",
                                "description_kind": "plain",
                                "required": true
                            }
                        },
                        "description_kind": "plain"
                    }
                },
                "github_actions_organization_permissions": {
                    "version": 0,
                    "block": {
                        "attributes": {
                            "allowed_actions": {
                                "type": "string",
                                "description": "The permissions policy that controls the actions that are allowed to run. Can be one of: 'all', 'local_only', or 'selected'.",
                                "description_kind": "plain",
                                "optional": true
                            },
                            "enabled_repositories": {
                                "type": "string",
                                "description": "The policy that controls the repositories in the organization that are allowed to run GitHub Actions. Can be one of: 'all', 'none', or 'selected'.",
                                "description_kind": "plain",
                                "required": true
                            },
                            "id": {
                                "type": "string",
                                "description_kind": "plain",
                                "optional": true,
                                "computed": true
                            },
                            "sha_pinning_required": {
                                "type": "bool",
                                "description": "Whether pinning to a specific SHA is required for all actions and reusable workflows in an organization.",
                                "description_kind": "plain",
                                "optional": true,
                                "computed": true
                            }
                        },
                        "block_types": {
                            "allowed_actions_config": {
                                "nesting_mode": "list",
                                "block": {
                                    "attributes": {
                                        "github_owned_allowed": {
                                            "type": "bool",
                                            "description": "Whether GitHub-owned actions are allowed in the organization.",
                                            "description_kind": "plain",
                                            "required": true
                                        },
                                        "patterns_allowed": {
                                            "type": [
                                                "set",
                                                "string"
                                            ],
                                            "description": "Specifies a list of string-matching patterns to allow specific action(s). Wildcards, tags, and SHAs are allowed. For example, 'monalisa/octocat@', 'monalisa/octocat@v2', 'monalisa/'.",
                                            "description_kind": "plain",
                                            "optional": true
                                        },
                                        "verified_allowed": {
                                            "type": "bool",
                                            "description": "Whether actions in GitHub Marketplace from verified creators are allowed. Set to 'true' to allow all GitHub Marketplace actions by verified creators.",
                                            "description_kind": "plain",
                                            "optional": true
                                        }
                                    },
                                    "description": "Sets the actions that are allowed in an organization. Only available when 'allowed_actions' = 'selected'",
                                    "description_kind": "plain"
                                },
                                "max_items": 1
                            },
                            "enabled_repositories_config": {
                                "nesting_mode": "list",
                                "block": {
                                    "attributes": {
                                        "repository_ids": {
                                            "type": [
                                                "set",
                                                "number"
                                            ],
                                            "description": "List of repository IDs to enable for GitHub Actions.",
                                            "description_kind": "plain",
                                            "required": true
                                        }
                                    },
                                    "description": "Sets the list of selected repositories that are enabled for GitHub Actions in an organization. Only available when 'enabled_repositories' = 'selected'.",
                                    "description_kind": "plain"
                                },
                                "max_items": 1
                            }
                        },
                        "description_kind": "plain"
                    }
                },
                "github_actions_organization_secret": {
                    "version": 1,
                    "block": {
                        "attributes": {
                            "created_at": {
                                "type": "string",
                                "description": "Date of secret creation.",
                                "description_kind": "plain",
                                "computed": true
                            },
                            "destroy_on_drift": {
                                "type": "bool",
                                "description_kind": "plain",
                                "deprecated": true,
                                "optional": true
                            },
                            "encrypted_value": {
                                "type": "string",
                                "description": "Encrypted value of the secret using the GitHub public key in Base64 format.",
                                "description_kind": "plain",
                                "deprecated": true,
                                "optional": true,
                                "sensitive": true
                            },
                            "id": {
                                "type": "string",
                                "description_kind": "plain",
                                "optional": true,
                                "computed": true
                            },
                            "key_id": {
                                "type": "string",
                                "description": "ID of the public key used to encrypt the secret.",
                                "description_kind": "plain",
                                "optional": true,
                                "computed": true
                            },
                            "plaintext_value": {
                                "type": "string",
                                "description": "Plaintext value of the secret to be encrypted.",
                                "description_kind": "plain",
                                "deprecated": true,
                                "optional": true,
                                "sensitive": true
                            },
                            "remote_updated_at": {
                                "type": "string",
                                "description": "Date of secret update at the remote.",
                                "description_kind": "plain",
                                "computed": true
                            },
                            "secret_name": {
                                "type": "string",
                                "description": "Name of the secret.",
                                "description_kind": "plain",
                                "required": true
                            },
                            "selected_repository_ids": {
                                "type": [
                                    "set",
                                    "number"
                                ],
                                "description": "An array of repository IDs that can access the organization secret.",
                                "description_kind": "plain",
                                "deprecated": true,
                                "optional": true
                            },
                            "updated_at": {
                                "type": "string",
                                "description": "Date of secret update.",
                                "description_kind": "plain",
                                "computed": true
                            },
                            "value": {
                                "type": "string",
                                "description": "Plaintext value to be encrypted.",
                                "description_kind": "plain",
                                "optional": true,
                                "sensitive": true
                            },
                            "value_encrypted": {
                                "type": "string",
                                "description": "Value encrypted with the GitHub public key, defined by key_id, in Base64 format.",
                                "description_kind": "plain",
                                "optional": true,
                                "sensitive": true
                            },
                            "visibility": {
                                "type": "string",
                                "description": "Configures the access that repositories have to the organization secret. Must be one of 'all', 'private', or 'selected'.",
                                "description_kind": "plain",
                                "required": true
                            }
                        },
                        "description_kind": "plain"
                    }
                },
                "github_actions_organization_secret_repositories": {
                    "version": 0,
                    "block": {
                        "attributes": {
                            "id": {
                                "type": "string",
                                "description_kind": "plain",
                                "optional": true,
                                "computed": true
                            },
                            "secret_name": {
                                "type": "string",
                                "description": "Name of the existing secret.",
                                "description_kind": "plain",
                                "required": true
                            },
                            "selected_repository_ids": {
                                "type": [
                                    "set",
                                    "number"
                                ],
                                "description": "An array of repository ids that can access the organization secret.",
                                "description_kind": "plain",
                                "required": true
                            }
                        },
                        "description_kind": "plain"
                    }
                },
                "github_actions_organization_secret_repository": {
                    "version": 0,
                    "block": {
                        "attributes": {
                            "id": {
                                "type": "string",
                                "description_kind": "plain",
                                "optional": true,
                                "computed": true
                            },
                            "repository_id": {
                                "type": "number",
                                "description": "The repository ID that can access the organization secret.",
                                "description_kind": "plain",
                                "required": true
                            },
                            "secret_name": {
                                "type": "string",
                                "description": "Name of the existing secret.",
                                "description_kind": "plain",
                                "required": true
                            }
                        },
                        "description_kind": "plain"
                    }
                },
                "github_actions_organization_variable": {
                    "version": 0,
                    "block": {
                        "attributes": {
                            "created_at": {
                                "type": "string",
                                "description": "Date of 'actions_variable' creation.",
                                "description_kind": "plain",
                                "computed": true
                            },
                            "id": {
                                "type": "string",
                                "description_kind": "plain",
                                "optional": true,
                                "computed": true
                            },
                            "selected_repository_ids": {
                                "type": [
                                    "set",
                                    "number"
                                ],
                                "description": "An array of repository ids that can access the organization variable.",
                                "description_kind": "plain",
                                "optional": true
                            },
                            "updated_at": {
                                "type": "string",
                                "description": "Date of 'actions_variable' update.",
                                "description_kind": "plain",
                                "computed": true
                            },
                            "value": {
                                "type": "string",
                                "description": "Value of the variable.",
                                "description_kind": "plain",
                                "required": true
                            },
                            "variable_name": {
                                "type": "string",
                                "description": "Name of the variable.",
                                "description_kind": "plain",
                                "required": true
                            },
                            "visibility": {
                                "type": "string",
                                "description": "Configures the access that repositories have to the organization variable. Must be one of 'all', 'private', or 'selected'. 'selected_repository_ids' is required if set to 'selected'.",
                                "description_kind": "plain",
                                "required": true
                            }
                        },
                        "description_kind": "plain"
                    }
                },
                "github_actions_organization_variable_repositories": {
                    "version": 0,
                    "block": {
                        "attributes": {
                            "id": {
                                "type": "string",
                                "description_kind": "plain",
                                "optional": true,
                                "computed": true
                            },
                            "selected_repository_ids": {
                                "type": [
                                    "set",
                                    "number"
                                ],
                                "description": "An array of repository ids that can access the organization variable.",
                                "description_kind": "plain",
                                "required": true
                            },
                            "variable_name": {
                                "type": "string",
                                "description": "Name of the existing variable.",
                                "description_kind": "plain",
                                "required": true
                            }
                        },
                        "description_kind": "plain"
                    }
                },
                "github_actions_organization_variable_repository": {
                    "version": 0,
                    "block": {
                        "attributes": {
                            "id": {
                                "type": "string",
                                "description_kind": "plain",
                                "optional": true,
                                "computed": true
                            },
                            "repository_id": {
                                "type": "number",
                                "description": "The repository ID that can access the organization variable.",
                                "description_kind": "plain",
                                "required": true
                            },
                            "variable_name": {
                                "type": "string",
                                "description": "Name of the existing variable.",
                                "description_kind": "plain",
                                "required": true
                            }
                        },
                        "description_kind": "plain"
                    }
                },
                "github_actions_organization_workflow_permissions": {
                    "version": 0,
                    "block": {
                        "attributes": {
                            "can_approve_pull_request_reviews": {
                                "type": "bool",
                                "description": "Whether GitHub Actions can approve pull request reviews in any repository in the organization.",
                                "description_kind": "plain",
                                "optional": true
                            },
                            "default_workflow_permissions": {
                                "type": "string",
                                "description": "The default workflow permissions granted to the GITHUB_TOKEN when running workflows in any repository in the organization. Can be 'read' or 'write'.",
                                "description_kind": "plain",
                                "optional": true
                            },
                            "id": {
                                "type": "string",
                                "description_kind": "plain",
                                "optional": true,
                                "computed": true
                            },
                            "organization_slug": {
                                "type": "string",
                                "description": "The slug of the Organization.",
                                "description_kind": "plain",
                                "required": true
                            }
                        },
                        "description": "This resource allows you to manage GitHub Actions workflow permissions for a GitHub Organization account. This controls the default permissions granted to the GITHUB_TOKEN when running workflows and whether GitHub Actions can approve pull request reviews.\n\nYou must have organization admin access to use this resource.",
                        "description_kind": "plain"
                    }
                },
                "github_actions_repository_access_level": {
                    "version": 0,
                    "block": {
                        "attributes": {
                            "access_level": {
                                "type": "string",
                                "description": "Where the actions or reusable workflows of the repository may be used. Possible values are 'none', 'user', 'organization', or 'enterprise'.",
                                "description_kind": "plain",
                                "required": true
                            },
                            "id": {
                                "type": "string",
                                "description_kind": "plain",
                                "optional": true,
                                "computed": true
                            },
                            "repository": {
                                "type": "string",
                                "description": "The GitHub repository.",
                                "description_kind": "plain",
                                "required": true
                            }
                        },
                        "description_kind": "plain"
                    }
                },
                "github_actions_repository_oidc_subject_claim_customization_template": {
                    "version": 0,
                    "block": {
                        "attributes": {
                            "id": {
                                "type": "string",
                                "description_kind": "plain",
                                "optional": true,
                                "computed": true
                            },
                            "include_claim_keys": {
                                "type": [
                                    "list",
                                    "string"
                                ],
                                "description": "A list of OpenID Connect claims.",
                                "description_kind": "plain",
                                "optional": true
                            },
                            "repository": {
                                "type": "string",
                                "description": "The name of the repository.",
                                "description_kind": "plain",
                                "required": true
                            },
                            "use_default": {
                                "type": "bool",
                                "description": "Whether to use the default template or not. If 'true', 'include_claim_keys' must not be set.",
                                "description_kind": "plain",
                                "required": true
                            }
                        },
                        "description_kind": "plain"
                    }
                },
                "github_actions_repository_permissions": {
                    "version": 0,
                    "block": {
                        "attributes": {
                            "allowed_actions": {
                                "type": "string",
                                "description": "The permissions policy that controls the actions that are allowed to run. Can be one of: 'all', 'local_only', or 'selected'.",
                                "description_kind": "plain",
                                "optional": true
                            },
                            "enabled": {
                                "type": "bool",
                                "description": "Should GitHub actions be enabled on this repository.",
                                "description_kind": "plain",
                                "optional": true
                            },
                            "id": {
                                "type": "string",
                                "description_kind": "plain",
                                "optional": true,
                                "computed": true
                            },
                            "repository": {
                                "type": "string",
                                "description": "The GitHub repository.",
                                "description_kind": "plain",
                                "required": true
                            },
                            "sha_pinning_required": {
                                "type": "bool",
                                "description": "Whether pinning to a specific SHA is required for all actions and reusable workflows in a repository.",
                                "description_kind": "plain",
                                "optional": true,
                                "computed": true
                            }
                        },
                        "block_types": {
                            "allowed_actions_config": {
                                "nesting_mode": "list",
                                "block": {
                                    "attributes": {
                                        "github_owned_allowed": {
                                            "type": "bool",
                                            "description": "Whether GitHub-owned actions are allowed in the repository.",
                                            "description_kind": "plain",
                                            "required": true
                                        },
                                        "patterns_allowed": {
                                            "type": [
                                                "set",
                                                "string"
                                            ],
                                            "description": "Specifies a list of string-matching patterns to allow specific action(s). Wildcards, tags, and SHAs are allowed. For example, 'monalisa/octocat@', 'monalisa/octocat@v2', 'monalisa/'.",
                                            "description_kind": "plain",
                                            "optional": true
                                        },
                                        "verified_allowed": {
                                            "type": "bool",
                                            "description": "Whether actions in GitHub Marketplace from verified creators are allowed. Set to 'true' to allow all GitHub Marketplace actions by verified creators.",
                                            "description_kind": "plain",
                                            "optional": true
                                        }
                                    },
                                    "description": "Sets the actions that are allowed in an repository. Only available when 'allowed_actions' = 'selected'. ",
                                    "description_kind": "plain"
                                },
                                "max_items": 1
                            }
                        },
                        "description_kind": "plain"
                    }
                },
                "github_actions_runner_group": {
                    "version": 0,
                    "block": {
                        "attributes": {
                            "allows_public_repositories": {
                                "type": "bool",
                                "description": "Whether public repositories can be added to the runner group.",
                                "description_kind": "plain",
                                "optional": true
                            },
                            "default": {
                                "type": "bool",
                                "description": "Whether this is the default runner group.",
                                "description_kind": "plain",
                                "computed": true
                            },
                            "etag": {
                                "type": "string",
                                "description": "An etag representing the runner group object",
                                "description_kind": "plain",
                                "computed": true
                            },
                            "id": {
                                "type": "string",
                                "description": "The ID of the runner group.",
                                "description_kind": "plain",
                                "computed": true
                            },
                            "inherited": {
                                "type": "bool",
                                "description": "Whether the runner group is inherited from the enterprise level",
                                "description_kind": "plain",
                                "computed": true
                            },
                            "name": {
                                "type": "string",
                                "description": "Name of the runner group.",
                                "description_kind": "plain",
                                "required": true
                            },
                            "restricted_to_workflows": {
                                "type": "bool",
                                "description": "If 'true', the runner group will be restricted to running only the workflows specified in the 'selected_workflows' array. Defaults to 'false'.",
                                "description_kind": "plain",
                                "optional": true
                            },
                            "runners_url": {
                                "type": "string",
                                "description": "The GitHub API URL for the runner group's runners.",
                                "description_kind": "plain",
                                "computed": true
                            },
                            "selected_repositories_url": {
                                "type": "string",
                                "description": "GitHub API URL for the runner group's repositories.",
                                "description_kind": "plain",
                                "computed": true
                            },
                            "selected_repository_ids": {
                                "type": [
                                    "set",
                                    "number"
                                ],
                                "description": "List of repository IDs that can access the runner group.",
                                "description_kind": "plain",
                                "optional": true
                            },
                            "selected_workflows": {
                                "type": [
                                    "list",
                                    "string"
                                ],
                                "description": "List of workflows the runner group should be allowed to run. This setting will be ignored unless restricted_to_workflows is set to 'true'.",
                                "description_kind": "plain",
                                "optional": true
                            },
                            "visibility": {
                                "type": "string",
                                "description": "The visibility of the runner group.",
                                "description_kind": "plain",
                                "required": true
                            }
                        },
                        "description_kind": "plain"
                    }
                },
                "github_actions_secret": {
                    "version": 2,
                    "block": {
                        "attributes": {
                            "created_at": {
                                "type": "string",
                                "description": "Date of secret creation.",
                                "description_kind": "plain",
                                "computed": true
                            },
                            "destroy_on_drift": {
                                "type": "bool",
                                "description_kind": "plain",
                                "deprecated": true,
                                "optional": true
                            },
                            "encrypted_value": {
                                "type": "string",
                                "description": "Encrypted value of the secret using the GitHub public key in Base64 format.",
                                "description_kind": "plain",
                                "deprecated": true,
                                "optional": true,
                                "sensitive": true
                            },
                            "id": {
                                "type": "string",
                                "description_kind": "plain",
                                "optional": true,
                                "computed": true
                            },
                            "key_id": {
                                "type": "string",
                                "description": "ID of the public key used to encrypt the secret.",
                                "description_kind": "plain",
                                "optional": true,
                                "computed": true
                            },
                            "plaintext_value": {
                                "type": "string",
                                "description": "Plaintext value of the secret to be encrypted.",
                                "description_kind": "plain",
                                "deprecated": true,
                                "optional": true,
                                "sensitive": true
                            },
                            "remote_updated_at": {
                                "type": "string",
                                "description": "Date of secret update at the remote.",
                                "description_kind": "plain",
                                "computed": true
                            },
                            "repository": {
                                "type": "string",
                                "description": "Name of the repository.",
                                "description_kind": "plain",
                                "required": true
                            },
                            "repository_id": {
                                "type": "number",
                                "description": "ID of the repository.",
                                "description_kind": "plain",
                                "computed": true
                            },
                            "secret_name": {
                                "type": "string",
                                "description": "Name of the secret.",
                                "description_kind": "plain",
                                "required": true
                            },
                            "updated_at": {
                                "type": "string",
                                "description": "Date of secret update.",
                                "description_kind": "plain",
                                "computed": true
                            },
                            "value": {
                                "type": "string",
                                "description": "Plaintext value to be encrypted.",
                                "description_kind": "plain",
                                "optional": true,
                                "sensitive": true
                            },
                            "value_encrypted": {
                                "type": "string",
                                "description": "Value encrypted with the GitHub public key, defined by key_id, in Base64 format.",
                                "description_kind": "plain",
                                "optional": true,
                                "sensitive": true
                            }
                        },
                        "description_kind": "plain"
                    }
                },
                "github_actions_variable": {
                    "version": 1,
                    "block": {
                        "attributes": {
                            "created_at": {
                                "type": "string",
                                "description": "Date of 'actions_variable' creation.",
                                "description_kind": "plain",
                                "computed": true
                            },
                            "id": {
                                "type": "string",
                                "description_kind": "plain",
                                "optional": true,
                                "computed": true
                            },
                            "repository": {
                                "type": "string",
                                "description": "Name of the repository.",
                                "description_kind": "plain",
                                "required": true
                            },
                            "repository_id": {
                                "type": "number",
                                "description": "ID of the repository.",
                                "description_kind": "plain",
                                "computed": true
                            },
                            "updated_at": {
                                "type": "string",
                                "description": "Date of 'actions_variable' update.",
                                "description_kind": "plain",
                                "computed": true
                            },
                            "value": {
                                "type": "string",
                                "description": "Value of the variable.",
                                "description_kind": "plain",
                                "required": true
                            },
                            "variable_name": {
                                "type": "string",
                                "description": "Name of the variable.",
                                "description_kind": "plain",
                                "required": true
                            }
                        },
                        "description_kind": "plain"
                    }
                },
                "github_app_installation_repositories": {
                    "version": 0,
                    "block": {
                        "attributes": {
                            "id": {
                                "type": "string",
                                "description_kind": "plain",
                                "optional": true,
                                "computed": true
                            },
                            "installation_id": {
                                "type": "string",
                                "description": "The GitHub app installation id.",
                                "description_kind": "plain",
                                "required": true
                            },
                            "selected_repositories": {
                                "type": [
                                    "set",
                                    "string"
                                ],
                                "description": "A list of repository names to install the app on.",
                                "description_kind": "plain",
                                "required": true
                            }
                        },
                        "description_kind": "plain"
                    }
                },
                "github_app_installation_repository": {
                    "version": 0,
                    "block": {
                        "attributes": {
                            "id": {
                                "type": "string",
                                "description_kind": "plain",
                                "optional": true,
                                "computed": true
                            },
                            "installation_id": {
                                "type": "string",
                                "description": "The GitHub app installation id.",
                                "description_kind": "plain",
                                "required": true
                            },
                            "repo_id": {
                                "type": "number",
                                "description_kind": "plain",
                                "computed": true
                            },
                            "repository": {
                                "type": "string",
                                "description": "The repository to install the app on.",
                                "description_kind": "plain",
                                "required": true
                            }
                        },
                        "description_kind": "plain"
                    }
                },
                "github_branch": {
                    "version": 0,
                    "block": {
                        "attributes": {
                            "branch": {
                                "type": "string",
                                "description": "The repository branch to create.",
                                "description_kind": "plain",
                                "required": true
                            },
                            "etag": {
                                "type": "string",
                                "description": "An etag representing the Branch object.",
                                "description_kind": "plain",
                                "optional": true,
                                "computed": true
                            },
                            "id": {
                                "type": "string",
                                "description_kind": "plain",
                                "optional": true,
                                "computed": true
                            },
                            "ref": {
                                "type": "string",
                                "description": "A string representing a branch reference, in the form of 'refs/heads/\u003cbranch\u003e'.",
                                "description_kind": "plain",
                                "computed": true
                            },
                            "repository": {
                                "type": "string",
                                "description": "The GitHub repository name.",
                                "description_kind": "plain",
                                "required": true
                            },
                            "sha": {
                                "type": "string",
                                "description": "A string storing the reference's HEAD commit's SHA1.",
                                "description_kind": "plain",
                                "computed": true
                            },
                            "source_branch": {
                                "type": "string",
                                "description": "The branch name to start from. Defaults to 'main'.",
                                "description_kind": "plain",
                                "optional": true
                            },
                            "source_sha": {
                                "type": "string",
                                "description": "The commit hash to start from. Defaults to the tip of 'source_branch'. If provided, 'source_branch' is ignored.",
                                "description_kind": "plain",
                                "optional": true,
                                "computed": true
                            }
                        },
                        "description_kind": "plain"
                    }
                },
                "github_branch_default": {
                    "version": 0,
                    "block": {
                        "attributes": {
                            "branch": {
                                "type": "string",
                                "description": "The branch (e.g. 'main').",
                                "description_kind": "plain",
                                "required": true
                            },
                            "etag": {
                                "type": "string",
                                "description_kind": "plain",
                                "optional": true,
                                "computed": true
                            },
                            "id": {
                                "type": "string",
                                "description_kind": "plain",
                                "optional": true,
                                "computed": true
                            },
                            "rename": {
                                "type": "bool",
                                "description": "Indicate if it should rename the branch rather than use an existing branch. Defaults to 'false'.",
                                "description_kind": "plain",
                                "optional": true
                            },
                            "repository": {
                                "type": "string",
                                "description": "The GitHub repository.",
                                "description_kind": "plain",
                                "required": true
                            }
                        },
                        "description_kind": "plain"
                    }
                },
                "github_branch_protection": {
                    "version": 2,
                    "block": {
                        "attributes": {
                            "allows_deletions": {
                                "type": "bool",
                                "description": "Setting this to 'true' to allow the branch to be deleted.",
                                "description_kind": "plain",
                                "optional": true
                            },
                            "allows_force_pushes": {
                                "type": "bool",
                                "description": "Setting this to 'true' to allow force pushes on the branch.",
                                "description_kind": "plain",
                                "optional": true
                            },
                            "enforce_admins": {
                                "type": "bool",
                                "description": "Setting this to 'true' enforces status checks for repository administrators.",
                                "description_kind": "plain",
                                "optional": true
                            },
                            "force_push_bypassers": {
                                "type": [
                                    "set",
                                    "string"
                                ],
                                "description": "The list of actor Names/IDs that are allowed to bypass force push restrictions. Actor names must either begin with a '/' for users or the organization name followed by a '/' for teams.",
                                "description_kind": "plain",
                                "optional": true
                            },
                            "id": {
                                "type": "string",
                                "description_kind": "plain",
                                "optional": true,
                                "computed": true
                            },
                            "lock_branch": {
                                "type": "bool",
                                "description": "Setting this to 'true' will make the branch read-only and preventing any pushes to it.",
                                "description_kind": "plain",
                                "optional": true
                            },
                            "pattern": {
                                "type": "string",
                                "description": "Identifies the protection rule pattern.",
                                "description_kind": "plain",
                                "required": true
                            },
                            "repository_id": {
                                "type": "string",
                                "description": "The name or node ID of the repository associated with this branch protection rule.",
                                "description_kind": "plain",
                                "required": true
                            },
                            "require_conversation_resolution": {
                                "type": "bool",
                                "description": "Setting this to 'true' requires all conversations on code must be resolved before a pull request can be merged.",
                                "description_kind": "plain",
                                "optional": true
                            },
                            "require_signed_commits": {
                                "type": "bool",
                                "description": "Setting this to 'true' requires all commits to be signed with GPG.",
                                "description_kind": "plain",
                                "optional": true
                            },
                            "required_linear_history": {
                                "type": "bool",
                                "description": "Setting this to 'true' enforces a linear commit Git history, which prevents anyone from pushing merge commits to a branch.",
                                "description_kind": "plain",
                                "optional": true
                            }
                        },
                        "block_types": {
                            "required_pull_request_reviews": {
                                "nesting_mode": "list",
                                "block": {
                                    "attributes": {
                                        "dismiss_stale_reviews": {
                                            "type": "bool",
                                            "description": "Dismiss approved reviews automatically when a new commit is pushed.",
                                            "description_kind": "plain",
                                            "optional": true
                                        },
                                        "dismissal_restrictions": {
                                            "type": [
                                                "set",
                                                "string"
                                            ],
                                            "description": "The list of actor Names/IDs with dismissal access. If not empty, 'restrict_dismissals' is ignored. Actor names must either begin with a '/' for users or the organization name followed by a '/' for teams.",
                                            "description_kind": "plain",
                                            "optional": true
                                        },
                                        "pull_request_bypassers": {
                                            "type": [
                                                "set",
                                                "string"
                                            ],
                                            "description": "The list of actor Names/IDs that are allowed to bypass pull request requirements. Actor names must either begin with a '/' for users or the organization name followed by a '/' for teams.",
                                            "description_kind": "plain",
                                            "optional": true
                                        },
                                        "require_code_owner_reviews": {
                                            "type": "bool",
                                            "description": "Require an approved review in pull requests including files with a designated code owner.",
                                            "description_kind": "plain",
                                            "optional": true
                                        },
                                        "require_last_push_approval": {
                                            "type": "bool",
                                            "description": "Require that The most recent push must be approved by someone other than the last pusher.",
                                            "description_kind": "plain",
                                            "optional": true
                                        },
                                        "required_approving_review_count": {
                                            "type": "number",
                                            "description": "Require 'x' number of approvals to satisfy branch protection requirements. If this is specified it must be a number between 0-6.",
                                            "description_kind": "plain",
                                            "optional": true
                                        },
                                        "restrict_dismissals": {
                                            "type": "bool",
                                            "description": "Restrict pull request review dismissals.",
                                            "description_kind": "plain",
                                            "optional": true
                                        }
                                    },
                                    "description": "Enforce restrictions for pull request reviews.",
                                    "description_kind": "plain"
                                }
                            },
                            "required_status_checks": {
                                "nesting_mode": "list",
                                "block": {
                                    "attributes": {
                                        "contexts": {
                                            "type": [
                                                "set",
                                                "string"
                                            ],
                                            "description": "The list of status checks to require in order to merge into this branch. No status checks are required by default.",
                                            "description_kind": "plain",
                                            "optional": true
                                        },
                                        "strict": {
                                            "type": "bool",
                                            "description": "Require branches to be up to date before merging.",
                                            "description_kind": "plain",
                                            "optional": true
                                        }
                                    },
                                    "description": "Enforce restrictions for required status checks.",
                                    "description_kind": "plain"
                                }
                            },
                            "restrict_pushes": {
                                "nesting_mode": "list",
                                "block": {
                                    "attributes": {
                                        "blocks_creations": {
                                            "type": "bool",
                                            "description": "Restrict pushes that create matching branches.",
                                            "description_kind": "plain",
                                            "optional": true
                                        },
                                        "push_allowances": {
                                            "type": [
                                                "set",
                                                "string"
                                            ],
                                            "description": "The list of actor Names/IDs that may push to the branch. Actor names must either begin with a '/' for users or the organization name followed by a '/' for teams.",
                                            "description_kind": "plain",
                                            "optional": true
                                        }
                                    },
                                    "description": "Restrict who can push to matching branches.",
                                    "description_kind": "plain"
                                }
                            }
                        },
                        "description_kind": "plain"
                    }
                },
                "github_branch_protection_v3": {
                    "version": 0,
                    "block": {
                        "attributes": {
                            "branch": {
                                "type": "string",
                                "description": "The Git branch to protect.",
                                "description_kind": "plain",
                                "required": true
                            },
                            "enforce_admins": {
                                "type": "bool",
                                "description": "Setting this to 'true' enforces status checks for repository administrators.",
                                "description_kind": "plain",
                                "optional": true
                            },
                            "etag": {
                                "type": "string",
                                "description_kind": "plain",
                                "computed": true
                            },
                            "id": {
                                "type": "string",
                                "description_kind": "plain",
                                "optional": true,
                                "computed": true
                            },
                            "repository": {
                                "type": "string",
                                "description": "The GitHub repository name.",
                                "description_kind": "plain",
                                "required": true
                            },
                            "require_conversation_resolution": {
                                "type": "bool",
                                "description": "Setting this to 'true' requires all conversations on code must be resolved before a pull request can be merged.",
                                "description_kind": "plain",
                                "optional": true
                            },
                            "require_signed_commits": {
                                "type": "bool",
                                "description": "Setting this to 'true' requires all commits to be signed with GPG.",
                                "description_kind": "plain",
                                "optional": true
                            }
                        },
                        "block_types": {
                            "required_pull_request_reviews": {
                                "nesting_mode": "list",
                                "block": {
                                    "attributes": {
                                        "dismiss_stale_reviews": {
                                            "type": "bool",
                                            "description": "Dismiss approved reviews automatically when a new commit is pushed.",
                                            "description_kind": "plain",
                                            "optional": true
                                        },
                                        "dismissal_apps": {
                                            "type": [
                                                "set",
                                                "string"
                                            ],
                                            "description": "The list of apps slugs with dismissal access. Always use slug of the app, not its name. Each app already has to have access to the repository.",
                                            "description_kind": "plain",
                                            "optional": true
                                        },
                                        "dismissal_teams": {
                                            "type": [
                                                "set",
                                                "string"
                                            ],
                                            "description": "The list of team slugs with dismissal access. Always use slug of the team, not its name. Each team already has to have access to the repository.",
                                            "description_kind": "plain",
                                            "optional": true
                                        },
                                        "dismissal_users": {
                                            "type": [
                                                "set",
                                                "string"
                                            ],
                                            "description": "The list of user logins with dismissal access.",
                                            "description_kind": "plain",
                                            "optional": true
                                        },
                                        "include_admins": {
                                            "type": "bool",
                                            "description_kind": "plain",
                                            "deprecated": true,
                                            "optional": true
                                        },
                                        "require_code_owner_reviews": {
                                            "type": "bool",
                                            "description": "Require an approved review in pull requests including files with a designated code owner.",
                                            "description_kind": "plain",
                                            "optional": true
                                        },
                                        "require_last_push_approval": {
                                            "type": "bool",
                                            "description": "Require that the most recent push must be approved by someone other than the last pusher.",
                                            "description_kind": "plain",
                                            "optional": true
                                        },
                                        "required_approving_review_count": {
                                            "type": "number",
                                            "description": "Require 'x' number of approvals to satisfy branch protection requirements. If this is specified it must be a number between 0-6.",
                                            "description_kind": "plain",
                                            "optional": true
                                        }
                                    },
                                    "block_types": {
                                        "bypass_pull_request_allowances": {
                                            "nesting_mode": "list",
                                            "block": {
                                                "attributes": {
                                                    "apps": {
                                                        "type": [
                                                            "set",
                                                            "string"
                                                        ],
                                                        "description_kind": "plain",
                                                        "optional": true
                                                    },
                                                    "teams": {
                                                        "type": [
                                                            "set",
                                                            "string"
                                                        ],
                                                        "description_kind": "plain",
                                                        "optional": true
                                                    },
                                                    "users": {
                                                        "type": [
                                                            "set",
                                                            "string"
                                                        ],
                                                        "description_kind": "plain",
                                                        "optional": true
                                                    }
                                                },
                                                "description_kind": "plain"
                                            },
                                            "max_items": 1
                                        }
                                    },
                                    "description": "Enforce restrictions for pull request reviews.",
                                    "description_kind": "plain"
                                },
                                "max_items": 1
                            },
                            "required_status_checks": {
                                "nesting_mode": "list",
                                "block": {
                                    "attributes": {
                                        "checks": {
                                            "type": [
                                                "set",
                                                "string"
                                            ],
                                            "description": "The list of status checks to require in order to merge into this branch. No status checks are required by default. Checks should be strings containing the 'context' and 'app_id' like so 'context:app_id'",
                                            "description_kind": "plain",
                                            "optional": true,
                                            "computed": true
                                        },
                                        "contexts": {
                                            "type": [
                                                "set",
                                                "string"
                                            ],
                                            "description_kind": "plain",
                                            "deprecated": true,
                                            "optional": true,
                                            "computed": true
                                        },
                                        "include_admins": {
                                            "type": "bool",
                                            "description_kind": "plain",
                                            "deprecated": true,
                                            "optional": true
                                        },
                                        "strict": {
                                            "type": "bool",
                                            "description": "Require branches to be up to date before merging.",
                                            "description_kind": "plain",
                                            "optional": true
                                        }
                                    },
                                    "description": "Enforce restrictions for required status checks.",
                                    "description_kind": "plain"
                                },
                                "max_items": 1
                            },
                            "restrictions": {
                                "nesting_mode": "list",
                                "block": {
                                    "attributes": {
                                        "apps": {
                                            "type": [
                                                "set",
                                                "string"
                                            ],
                                            "description": "The list of app slugs with push access.",
                                            "description_kind": "plain",
                                            "optional": true
                                        },
                                        "teams": {
                                            "type": [
                                                "set",
                                                "string"
                                            ],
                                            "description": "The list of team slugs with push access. Always use slug of the team, not its name. Each team already has to have access to the repository.",
                                            "description_kind": "plain",
                                            "optional": true
                                        },
                                        "users": {
                                            "type": [
                                                "set",
                                                "string"
                                            ],
                                            "description": "The list of user logins with push access.",
                                            "description_kind": "plain",
                                            "optional": true
                                        }
                                    },
                                    "description": "Enforce restrictions for the users and teams that may push to the branch.",
                                    "description_kind": "plain"
                                },
                                "max_items": 1
                            }
                        },
                        "description_kind": "plain"
                    }
                },
                "github_codespaces_organization_secret": {
                    "version": 0,
                    "block": {
                        "attributes": {
                            "created_at": {
                                "type": "string",
                                "description": "Date of 'codespaces_secret' creation.",
                                "description_kind": "plain",
                                "computed": true
                            },
                            "encrypted_value": {
                                "type": "string",
                                "description": "Encrypted value of the secret using the GitHub public key in Base64 format.",
                                "description_kind": "plain",
                                "optional": true,
                                "sensitive": true
                            },
                            "id": {
                                "type": "string",
                                "description_kind": "plain",
                                "optional": true,
                                "computed": true
                            },
                            "plaintext_value": {
                                "type": "string",
                                "description": "Plaintext value of the secret to be encrypted.",
                                "description_kind": "plain",
                                "optional": true,
                                "sensitive": true
                            },
                            "secret_name": {
                                "type": "string",
                                "description": "Name of the secret.",
                                "description_kind": "plain",
                                "required": true
                            },
                            "selected_repository_ids": {
                                "type": [
                                    "set",
                                    "number"
                                ],
                                "description": "An array of repository ids that can access the organization secret.",
                                "description_kind": "plain",
                                "optional": true
                            },
                            "updated_at": {
                                "type": "string",
                                "description": "Date of 'codespaces_secret' update.",
                                "description_kind": "plain",
                                "computed": true
                            },
                            "visibility": {
                                "type": "string",
                                "description": "Configures the access that repositories have to the organization secret. Must be one of 'all', 'private' or 'selected'. 'selected_repository_ids' is required if set to 'selected'.",
                                "description_kind": "plain",
                                "required": true
                            }
                        },
                        "description_kind": "plain"
                    }
                },
                "github_codespaces_organization_secret_repositories": {
                    "version": 0,
                    "block": {
                        "attributes": {
                            "id": {
                                "type": "string",
                                "description_kind": "plain",
                                "optional": true,
                                "computed": true
                            },
                            "secret_name": {
                                "type": "string",
                                "description": "Name of the existing secret.",
                                "description_kind": "plain",
                                "required": true
                            },
                            "selected_repository_ids": {
                                "type": [
                                    "set",
                                    "number"
                                ],
                                "description": "An array of repository ids that can access the organization secret.",
                                "description_kind": "plain",
                                "required": true
                            }
                        },
                        "description_kind": "plain"
                    }
                },
                "github_codespaces_secret": {
                    "version": 0,
                    "block": {
                        "attributes": {
                            "created_at": {
                                "type": "string",
                                "description": "Date of 'codespaces_secret' creation.",
                                "description_kind": "plain",
                                "computed": true
                            },
                            "encrypted_value": {
                                "type": "string",
                                "description": "Encrypted value of the secret using the GitHub public key in Base64 format.",
                                "description_kind": "plain",
                                "optional": true,
                                "sensitive": true
                            },
                            "id": {
                                "type": "string",
                                "description_kind": "plain",
                                "optional": true,
                                "computed": true
                            },
                            "plaintext_value": {
                                "type": "string",
                                "description": "Plaintext value of the secret to be encrypted.",
                                "description_kind": "plain",
                                "optional": true,
                                "sensitive": true
                            },
                            "repository": {
                                "type": "string",
                                "description": "Name of the repository.",
                                "description_kind": "plain",
                                "required": true
                            },
                            "secret_name": {
                                "type": "string",
                                "description": "Name of the secret.",
                                "description_kind": "plain",
                                "required": true
                            },
                            "updated_at": {
                                "type": "string",
                                "description": "Date of 'codespaces_secret' update.",
                                "description_kind": "plain",
                                "computed": true
                            }
                        },
                        "description_kind": "plain"
                    }
                },
                "github_codespaces_user_secret": {
                    "version": 0,
                    "block": {
                        "attributes": {
                            "created_at": {
                                "type": "string",
                                "description": "Date of 'codespaces_secret' creation.",
                                "description_kind": "plain",
                                "computed": true
                            },
                            "encrypted_value": {
                                "type": "string",
                                "description": "Encrypted value of the secret using the GitHub public key in Base64 format.",
                                "description_kind": "plain",
                                "optional": true,
                                "sensitive": true
                            },
                            "id": {
                                "type": "string",
                                "description_kind": "plain",
                                "optional": true,
                                "computed": true
                            },
                            "plaintext_value": {
                                "type": "string",
                                "description": "Plaintext value of the secret to be encrypted.",
                                "description_kind": "plain",
                                "optional": true,
                                "sensitive": true
                            },
                            "secret_name": {
                                "type": "string",
                                "description": "Name of the secret.",
                                "description_kind": "plain",
                                "required": true
                            },
                            "selected_repository_ids": {
                                "type": [
                                    "set",
                                    "number"
                                ],
                                "description": "An array of repository ids that can access the user secret.",
                                "description_kind": "plain",
                                "optional": true
                            },
                            "updated_at": {
                                "type": "string",
                                "description": "Date of 'codespaces_secret' update.",
                                "description_kind": "plain",
                                "computed": true
                            }
                        },
                        "description_kind": "plain"
                    }
                },
                "github_dependabot_organization_secret": {
                    "version": 0,
                    "block": {
                        "attributes": {
                            "created_at": {
                                "type": "string",
                                "description": "Date of 'dependabot_secret' creation.",
                                "description_kind": "plain",
                                "computed": true
                            },
                            "encrypted_value": {
                                "type": "string",
                                "description": "Encrypted value of the secret using the GitHub public key in Base64 format.",
                                "description_kind": "plain",
                                "deprecated": true,
                                "optional": true,
                                "sensitive": true
                            },
                            "id": {
                                "type": "string",
                                "description_kind": "plain",
                                "optional": true,
                                "computed": true
                            },
                            "key_id": {
                                "type": "string",
                                "description": "ID of the public key used to encrypt the secret.",
                                "description_kind": "plain",
                                "optional": true,
                                "computed": true
                            },
                            "plaintext_value": {
                                "type": "string",
                                "description": "Plaintext value of the secret to be encrypted.",
                                "description_kind": "plain",
                                "deprecated": true,
                                "optional": true,
                                "sensitive": true
                            },
                            "remote_updated_at": {
                                "type": "string",
                                "description": "Date of secret update at the remote.",
                                "description_kind": "plain",
                                "computed": true
                            },
                            "secret_name": {
                                "type": "string",
                                "description": "Name of the secret.",
                                "description_kind": "plain",
                                "required": true
                            },
                            "selected_repository_ids": {
                                "type": [
                                    "set",
                                    "number"
                                ],
                                "description": "An array of repository ids that can access the organization secret.",
                                "description_kind": "plain",
                                "deprecated": true,
                                "optional": true
                            },
                            "updated_at": {
                                "type": "string",
                                "description": "Date of 'dependabot_secret' update.",
                                "description_kind": "plain",
                                "computed": true
                            },
                            "value": {
                                "type": "string",
                                "description": "Plaintext value to be encrypted.",
                                "description_kind": "plain",
                                "optional": true,
                                "sensitive": true
                            },
                            "value_encrypted": {
                                "type": "string",
                                "description": "Value encrypted with the GitHub public key, defined by key_id, in Base64 format.",
                                "description_kind": "plain",
                                "optional": true,
                                "sensitive": true
                            },
                            "visibility": {
                                "type": "string",
                                "description": "Configures the access that repositories have to the organization secret. Must be one of 'all', 'private' or 'selected'. 'selected_repository_ids' is required if set to 'selected'.",
                                "description_kind": "plain",
                                "required": true
                            }
                        },
                        "description_kind": "plain"
                    }
                },
                "github_dependabot_organization_secret_repositories": {
                    "version": 0,
                    "block": {
                        "attributes": {
                            "id": {
                                "type": "string",
                                "description_kind": "plain",
                                "optional": true,
                                "computed": true
                            },
                            "secret_name": {
                                "type": "string",
                                "description": "Name of the existing secret.",
                                "description_kind": "plain",
                                "required": true
                            },
                            "selected_repository_ids": {
                                "type": [
                                    "set",
                                    "number"
                                ],
                                "description": "An array of repository ids that can access the organization secret.",
                                "description_kind": "plain",
                                "required": true
                            }
                        },
                        "description_kind": "plain"
                    }
                },
                "github_dependabot_organization_secret_repository": {
                    "version": 0,
                    "block": {
                        "attributes": {
                            "id": {
                                "type": "string",
                                "description_kind": "plain",
                                "optional": true,
                                "computed": true
                            },
                            "repository_id": {
                                "type": "number",
                                "description": "The repository ID that can access the organization secret.",
                                "description_kind": "plain",
                                "required": true
                            },
                            "secret_name": {
                                "type": "string",
                                "description": "Name of the existing secret.",
                                "description_kind": "plain",
                                "required": true
                            }
                        },
                        "description_kind": "plain"
                    }
                },
                "github_dependabot_secret": {
                    "version": 1,
                    "block": {
                        "attributes": {
                            "created_at": {
                                "type": "string",
                                "description": "Date of secret creation.",
                                "description_kind": "plain",
                                "computed": true
                            },
                            "encrypted_value": {
                                "type": "string",
                                "description": "Encrypted value of the secret using the GitHub public key in Base64 format.",
                                "description_kind": "plain",
                                "deprecated": true,
                                "optional": true,
                                "sensitive": true
                            },
                            "id": {
                                "type": "string",
                                "description_kind": "plain",
                                "optional": true,
                                "computed": true
                            },
                            "key_id": {
                                "type": "string",
                                "description": "ID of the public key used to encrypt the secret.",
                                "description_kind": "plain",
                                "optional": true,
                                "computed": true
                            },
                            "plaintext_value": {
                                "type": "string",
                                "description": "Plaintext value of the secret to be encrypted.",
                                "description_kind": "plain",
                                "deprecated": true,
                                "optional": true,
                                "sensitive": true
                            },
                            "remote_updated_at": {
                                "type": "string",
                                "description": "Date of secret update at the remote.",
                                "description_kind": "plain",
                                "computed": true
                            },
                            "repository": {
                                "type": "string",
                                "description": "Name of the repository.",
                                "description_kind": "plain",
                                "required": true
                            },
                            "repository_id": {
                                "type": "number",
                                "description": "ID of the repository.",
                                "description_kind": "plain",
                                "computed": true
                            },
                            "secret_name": {
                                "type": "string",
                                "description": "Name of the secret.",
                                "description_kind": "plain",
                                "required": true
                            },
                            "updated_at": {
                                "type": "string",
                                "description": "Date of secret update.",
                                "description_kind": "plain",
                                "computed": true
                            },
                            "value": {
                                "type": "string",
                                "description": "Plaintext value to be encrypted.",
                                "description_kind": "plain",
                                "optional": true,
                                "sensitive": true
                            },
                            "value_encrypted": {
                                "type": "string",
                                "description": "Value encrypted with the GitHub public key, defined by key_id, in Base64 format.",
                                "description_kind": "plain",
                                "optional": true,
                                "sensitive": true
                            }
                        },
                        "description_kind": "plain"
                    }
                },
                "github_emu_group_mapping": {
                    "version": 2,
                    "block": {
                        "attributes": {
                            "etag": {
                                "type": "string",
                                "description_kind": "plain",
                                "computed": true
                            },
                            "group_id": {
                                "type": "number",
                                "description": "Integer corresponding to the external group ID to be linked.",
                                "description_kind": "plain",
                                "required": true
                            },
                            "group_name": {
                                "type": "string",
                                "description": "Name of the external group.",
                                "description_kind": "plain",
                                "computed": true
                            },
                            "id": {
                                "type": "string",
                                "description_kind": "plain",
                                "optional": true,
                                "computed": true
                            },
                            "team_id": {
                                "type": "number",
                                "description": "ID of the GitHub team.",
                                "description_kind": "plain",
                                "computed": true
                            },
                            "team_slug": {
                                "type": "string",
                                "description": "Slug of the GitHub team.",
                                "description_kind": "plain",
                                "required": true
                            }
                        },
                        "description": "Manages the mapping of an external group to a GitHub team.",
                        "description_kind": "plain"
                    }
                },
                "github_enterprise_actions_permissions": {
                    "version": 0,
                    "block": {
                        "attributes": {
                            "allowed_actions": {
                                "type": "string",
                                "description": "The permissions policy that controls the actions that are allowed to run. Can be one of: 'all', 'local_only', or 'selected'.",
                                "description_kind": "plain",
                                "optional": true
                            },
                            "enabled_organizations": {
                                "type": "string",
                                "description": "The policy that controls the organizations in the enterprise that are allowed to run GitHub Actions. Can be one of: 'all', 'none', or 'selected'.",
                                "description_kind": "plain",
                                "required": true
                            },
                            "enterprise_slug": {
                                "type": "string",
                                "description": "The slug of the enterprise.",
                                "description_kind": "plain",
                                "required": true
                            },
                            "id": {
                                "type": "string",
                                "description_kind": "plain",
                                "optional": true,
                                "computed": true
                            }
                        },
                        "block_types": {
                            "allowed_actions_config": {
                                "nesting_mode": "list",
                                "block": {
                                    "attributes": {
                                        "github_owned_allowed": {
                                            "type": "bool",
                                            "description": "Whether GitHub-owned actions are allowed in the enterprise.",
                                            "description_kind": "plain",
                                            "required": true
                                        },
                                        "patterns_allowed": {
                                            "type": [
                                                "set",
                                                "string"
                                            ],
                                            "description": "Specifies a list of string-matching patterns to allow specific action(s). Wildcards, tags, and SHAs are allowed. For example, 'monalisa/octocat@', 'monalisa/octocat@v2', 'monalisa/'.",
                                            "description_kind": "plain",
                                            "optional": true
                                        },
                                        "verified_allowed": {
                                            "type": "bool",
                                            "description": "Whether actions in GitHub Marketplace from verified creators are allowed. Set to 'true' to allow all GitHub Marketplace actions by verified creators.",
                                            "description_kind": "plain",
                                            "optional": true
                                        }
                                    },
                                    "description": "Sets the actions that are allowed in an enterprise. Only available when 'allowed_actions' = 'selected'",
                                    "description_kind": "plain"
                                },
                                "max_items": 1
                            },
                            "enabled_organizations_config": {
                                "nesting_mode": "list",
                                "block": {
                                    "attributes": {
                                        "organization_ids": {
                                            "type": [
                                                "set",
                                                "number"
                                            ],
                                            "description": "List of organization IDs to enable for GitHub Actions.",
                                            "description_kind": "plain",
                                            "required": true
                                        }
                                    },
                                    "description": "Sets the list of selected organizations that are enabled for GitHub Actions in an enterprise. Only available when 'enabled_organizations' = 'selected'.",
                                    "description_kind": "plain"
                                },
                                "max_items": 1
                            }
                        },
                        "description_kind": "plain"
                    }
                },
                "github_enterprise_actions_runner_group": {
                    "version": 0,
                    "block": {
                        "attributes": {
                            "allows_public_repositories": {
                                "type": "bool",
                                "description": "Whether public repositories can be added to the runner group.",
                                "description_kind": "plain",
                                "optional": true
                            },
                            "default": {
                                "type": "bool",
                                "description": "Whether this is the default runner group.",
                                "description_kind": "plain",
                                "computed": true
                            },
                            "enterprise_slug": {
                                "type": "string",
                                "description": "The slug of the enterprise.",
                                "description_kind": "plain",
                                "required": true
                            },
                            "etag": {
                                "type": "string",
                                "description": "An etag representing the runner group object",
                                "description_kind": "plain",
                                "computed": true
                            },
                            "id": {
                                "type": "string",
                                "description_kind": "plain",
                                "optional": true,
                                "computed": true
                            },
                            "name": {
                                "type": "string",
                                "description": "Name of the runner group.",
                                "description_kind": "plain",
                                "required": true
                            },
                            "restricted_to_workflows": {
                                "type": "bool",
                                "description": "If 'true', the runner group will be restricted to running only the workflows specified in the 'selected_workflows' array. Defaults to 'false'.",
                                "description_kind": "plain",
                                "optional": true
                            },
                            "runners_url": {
                                "type": "string",
                                "description": "The GitHub API URL for the runner group's runners.",
                                "description_kind": "plain",
                                "computed": true
                            },
                            "selected_organization_ids": {
                                "type": [
                                    "set",
                                    "number"
                                ],
                                "description": "List of organization IDs that can access the runner group.",
                                "description_kind": "plain",
                                "optional": true
                            },
                            "selected_organizations_url": {
                                "type": "string",
                                "description": "GitHub API URL for the runner group's organizations.",
                                "description_kind": "plain",
                                "computed": true
                            },
                            "selected_workflows": {
                                "type": [
                                    "list",
                                    "string"
                                ],
                                "description": "List of workflows the runner group should be allowed to run. This setting will be ignored unless restricted_to_workflows is set to 'true'.",
                                "description_kind": "plain",
                                "optional": true
                            },
                            "visibility": {
                                "type": "string",
                                "description": "The visibility of the runner group.",
                                "description_kind": "plain",
                                "required": true
                            }
                        },
                        "description_kind": "plain"
                    }
                },
                "github_enterprise_actions_workflow_permissions": {
                    "version": 0,
                    "block": {
                        "attributes": {
                            "can_approve_pull_request_reviews": {
                                "type": "bool",
                                "description": "Whether GitHub Actions can approve pull request reviews.",
                                "description_kind": "plain",
                                "optional": true
                            },
                            "default_workflow_permissions": {
                                "type": "string",
                                "description": "The default workflow permissions granted to the GITHUB_TOKEN when running workflows. Can be 'read' or 'write'.",
                                "description_kind": "plain",
                                "optional": true
                            },
                            "enterprise_slug": {
                                "type": "string",
                                "description": "The slug of the enterprise.",
                                "description_kind": "plain",
                                "required": true
                            },
                            "id": {
                                "type": "string",
                                "description_kind": "plain",
                                "optional": true,
                                "computed": true
                            }
                        },
                        "description": "GitHub Enterprise Actions Workflow Permissions management.",
                        "description_kind": "plain"
                    }
                },
                "github_enterprise_ip_allow_list_entry": {
                    "version": 0,
                    "block": {
                        "attributes": {
                            "created_at": {
                                "type": "string",
                                "description": "Timestamp of when the entry was created.",
                                "description_kind": "plain",
                                "computed": true
                            },
                            "enterprise_slug": {
                                "type": "string",
                                "description": "The slug of the enterprise to apply the IP allow list entry to.",
                                "description_kind": "plain",
                                "required": true
                            },
                            "id": {
                                "type": "string",
                                "description_kind": "plain",
                                "optional": true,
                                "computed": true
                            },
                            "ip": {
                                "type": "string",
                                "description": "An IP address or range of IP addresses in CIDR notation.",
                                "description_kind": "plain",
                                "required": true
                            },
                            "is_active": {
                                "type": "bool",
                                "description": "Whether the entry is currently active.",
                                "description_kind": "plain",
                                "optional": true
                            },
                            "name": {
                                "type": "string",
                                "description": "An optional name for the IP allow list entry.",
                                "description_kind": "plain",
                                "optional": true
                            },
                            "updated_at": {
                                "type": "string",
                                "description": "Timestamp of when the entry was last updated.",
                                "description_kind": "plain",
                                "computed": true
                            }
                        },
                        "description": "Manage a GitHub Enterprise IP Allow List Entry.",
                        "description_kind": "plain"
                    }
                },
                "github_enterprise_organization": {
                    "version": 0,
                    "block": {
                        "attributes": {
                            "admin_logins": {
                                "type": [
                                    "set",
                                    "string"
                                ],
                                "description": "List of organization owner usernames.",
                                "description_kind": "plain",
                                "required": true
                            },
                            "billing_email": {
                                "type": "string",
                                "description": "The billing email address.",
                                "description_kind": "plain",
                                "required": true
                            },
                            "database_id": {
                                "type": "number",
                                "description": "The database ID of the organization.",
                                "description_kind": "plain",
                                "computed": true
                            },
                            "description": {
                                "type": "string",
                                "description": "The description of the organization.",
                                "description_kind": "plain",
                                "optional": true
                            },
                            "display_name": {
                                "type": "string",
                                "description": "The display name of the organization.",
                                "description_kind": "plain",
                                "optional": true
                            },
                            "enterprise_id": {
                                "type": "string",
                                "description": "The ID of the enterprise.",
                                "description_kind": "plain",
                                "required": true
                            },
                            "id": {
                                "type": "string",
                                "description": "The node ID of the organization.",
                                "description_kind": "plain",
                                "computed": true
                            },
                            "name": {
                                "type": "string",
                                "description": "The name of the organization.",
                                "description_kind": "plain",
                                "required": true
                            }
                        },
                        "description_kind": "plain"
                    }
                },
                "github_enterprise_security_analysis_settings": {
                    "version": 0,
                    "block": {
                        "attributes": {
                            "advanced_security_enabled_for_new_repositories": {
                                "type": "bool",
                                "description": "Whether GitHub Advanced Security is automatically enabled for new repositories.",
                                "description_kind": "plain",
                                "optional": true
                            },
                            "enterprise_slug": {
                                "type": "string",
                                "description": "The slug of the enterprise.",
                                "description_kind": "plain",
                                "required": true
                            },
                            "id": {
                                "type": "string",
                                "description_kind": "plain",
                                "optional": true,
                                "computed": true
                            },
                            "secret_scanning_enabled_for_new_repositories": {
                                "type": "bool",
                                "description": "Whether secret scanning is automatically enabled for new repositories.",
                                "description_kind": "plain",
                                "optional": true
                            },
                            "secret_scanning_push_protection_custom_link": {
                                "type": "string",
                                "description": "Custom URL for secret scanning push protection bypass instructions.",
                                "description_kind": "plain",
                                "optional": true
                            },
                            "secret_scanning_push_protection_enabled_for_new_repositories": {
                                "type": "bool",
                                "description": "Whether secret scanning push protection is automatically enabled for new repositories.",
                                "description_kind": "plain",
                                "optional": true
                            },
                            "secret_scanning_validity_checks_enabled": {
                                "type": "bool",
                                "description": "Whether secret scanning validity checks are enabled.",
                                "description_kind": "plain",
                                "optional": true
                            }
                        },
                        "description": "GitHub Enterprise Security Analysis Settings management.",
                        "description_kind": "plain"
                    }
                },
                "github_issue": {
                    "version": 0,
                    "block": {
                        "attributes": {
                            "assignees": {
                                "type": [
                                    "set",
                                    "string"
                                ],
                                "description": "List of Logins to assign to the issue.",
                                "description_kind": "plain",
                                "optional": true
                            },
                            "body": {
                                "type": "string",
                                "description": "Body of the issue.",
                                "description_kind": "plain",
                                "optional": true
                            },
                            "etag": {
                                "type": "string",
                                "description_kind": "plain",
                                "computed": true
                            },
                            "id": {
                                "type": "string",
                                "description_kind": "plain",
                                "optional": true,
                                "computed": true
                            },
                            "issue_id": {
                                "type": "number",
                                "description": "The issue id.",
                                "description_kind": "plain",
                                "computed": true
                            },
                            "labels": {
                                "type": [
                                    "set",
                                    "string"
                                ],
                                "description": "List of labels to attach to the issue.",
                                "description_kind": "plain",
                                "optional": true
                            },
                            "milestone_number": {
                                "type": "number",
                                "description": "Milestone number to assign to the issue.",
                                "description_kind": "plain",
                                "optional": true
                            },
                            "number": {
                                "type": "number",
                                "description": "The issue number.",
                                "description_kind": "plain",
                                "computed": true
                            },
                            "repository": {
                                "type": "string",
                                "description": "The GitHub repository name.",
                                "description_kind": "plain",
                                "required": true
                            },
                            "title": {
                                "type": "string",
                                "description": "Title of the issue.",
                                "description_kind": "plain",
                                "required": true
                            }
                        },
                        "description_kind": "plain"
                    }
                },
                "github_issue_label": {
                    "version": 0,
                    "block": {
                        "attributes": {
                            "color": {
                                "type": "string",
                                "description": "A 6 character hex code, without the leading '#', identifying the color of the label.",
                                "description_kind": "plain",
                                "required": true
                            },
                            "description": {
                                "type": "string",
                                "description": "A short description of the label.",
                                "description_kind": "plain",
                                "optional": true
                            },
                            "etag": {
                                "type": "string",
                                "description_kind": "plain",
                                "optional": true,
                                "computed": true
                            },
                            "id": {
                                "type": "string",
                                "description_kind": "plain",
                                "optional": true,
                                "computed": true
                            },
                            "name": {
                                "type": "string",
                                "description": "The name of the label.",
                                "description_kind": "plain",
                                "required": true
                            },
                            "repository": {
                                "type": "string",
                                "description": "The GitHub repository.",
                                "description_kind": "plain",
                                "required": true
                            },
                            "url": {
                                "type": "string",
                                "description": "The URL to the issue label.",
                                "description_kind": "plain",
                                "computed": true
                            }
                        },
                        "description_kind": "plain"
                    }
                },
                "github_issue_labels": {
                    "version": 0,
                    "block": {
                        "attributes": {
                            "id": {
                                "type": "string",
                                "description_kind": "plain",
                                "optional": true,
                                "computed": true
                            },
                            "repository": {
                                "type": "string",
                                "description": "The GitHub repository.",
                                "description_kind": "plain",
                                "required": true
                            }
                        },
                        "block_types": {
                            "label": {
                                "nesting_mode": "set",
                                "block": {
                                    "attributes": {
                                        "color": {
                                            "type": "string",
                                            "description": "A 6 character hex code, without the leading '#', identifying the color of the label.",
                                            "description_kind": "plain",
                                            "required": true
                                        },
                                        "description": {
                                            "type": "string",
                                            "description": "A short description of the label.",
                                            "description_kind": "plain",
                                            "optional": true
                                        },
                                        "name": {
                                            "type": "string",
                                            "description": "The name of the label.",
                                            "description_kind": "plain",
                                            "required": true
                                        },
                                        "url": {
                                            "type": "string",
                                            "description": "The URL to the issue label.",
                                            "description_kind": "plain",
                                            "computed": true
                                        }
                                    },
                                    "description": "List of labels",
                                    "description_kind": "plain"
                                }
                            }
                        },
                        "description_kind": "plain"
                    }
                },
                "github_membership": {
                    "version": 0,
                    "block": {
                        "attributes": {
                            "downgrade_on_destroy": {
                                "type": "bool",
                                "description": "Instead of removing the member from the org, you can choose to downgrade their membership to 'member' when this resource is destroyed. This is useful when wanting to downgrade admins while keeping them in the organization",
                                "description_kind": "plain",
                                "optional": true
                            },
                            "etag": {
                                "type": "string",
                                "description_kind": "plain",
                                "computed": true
                            },
                            "id": {
                                "type": "string",
                                "description_kind": "plain",
                                "optional": true,
                                "computed": true
                            },
                            "role": {
                                "type": "string",
                                "description": "The role of the user within the organization. Must be one of 'member' or 'admin'.",
                                "description_kind": "plain",
                                "optional": true
                            },
                            "username": {
                                "type": "string",
                                "description": "The user to add to the organization.",
                                "description_kind": "plain",
                                "required": true
                            }
                        },
                        "description_kind": "plain"
                    }
                },
                "github_organization_block": {
                    "version": 0,
                    "block": {
                        "attributes": {
                            "etag": {
                                "type": "string",
                                "description_kind": "plain",
                                "computed": true
                            },
                            "id": {
                                "type": "string",
                                "description_kind": "plain",
                                "optional": true,
                                "computed": true
                            },
                            "username": {
                                "type": "string",
                                "description": "The name of the user to block.",
                                "description_kind": "plain",
                                "required": true
                            }
                        },
                        "description_kind": "plain"
                    }
                },
                "github_organization_custom_properties": {
                    "version": 0,
                    "block": {
                        "attributes": {
                            "allowed_values": {
                                "type": [
                                    "list",
                                    "string"
                                ],
                                "description": "The allowed values of the custom property",
                                "description_kind": "plain",
                                "optional": true,
                                "computed": true
                            },
                            "default_value": {
                                "type": "string",
                                "description": "The default value of the custom property",
                                "description_kind": "plain",
                                "optional": true,
                                "computed": true
                            },
                            "description": {
                                "type": "string",
                                "description": "The description of the custom property",
                                "description_kind": "plain",
                                "optional": true,
                                "computed": true
                            },
                            "id": {
                                "type": "string",
                                "description_kind": "plain",
                                "optional": true,
                                "computed": true
                            },
                            "property_name": {
                                "type": "string",
                                "description": "The name of the custom property",
                                "description_kind": "plain",
                                "required": true
                            },
                            "required": {
                                "type": "bool",
                                "description": "Whether the custom property is required",
                                "description_kind": "plain",
                                "optional": true
                            },
                            "value_type": {
                                "type": "string",
                                "description": "The type of the custom property",
                                "description_kind": "plain",
                                "optional": true
                            },
                            "values_editable_by": {
                                "type": "string",
                                "description": "Who can edit the values of the custom property. Can be one of 'org_actors' or 'org_and_repo_actors'. If not specified, the default is 'org_actors' (only organization owners can edit values)",
                                "description_kind": "plain",
                                "optional": true,
                                "computed": true
                            }
                        },
                        "description_kind": "plain"
                    }
                },
                "github_organization_custom_role": {
                    "version": 0,
                    "block": {
                        "attributes": {
                            "base_role": {
                                "type": "string",
                                "description": "The base role for the custom repository role.",
                                "description_kind": "plain",
                                "required": true
                            },
                            "description": {
                                "type": "string",
                                "description": "The description of the custom repository role.",
                                "description_kind": "plain",
                                "optional": true
                            },
                            "id": {
                                "type": "string",
                                "description_kind": "plain",
                                "optional": true,
                                "computed": true
                            },
                            "name": {
                                "type": "string",
                                "description": "The organization custom repository role to create.",
                                "description_kind": "plain",
                                "required": true
                            },
                            "permissions": {
                                "type": [
                                    "set",
                                    "string"
                                ],
                                "description": "The permissions for the custom repository role.",
                                "description_kind": "plain",
                                "required": true
                            }
                        },
                        "description_kind": "plain",
                        "deprecated": true
                    }
                },
                "github_organization_project": {
                    "version": 0,
                    "block": {
                        "attributes": {
                            "body": {
                                "type": "string",
                                "description": "The body of the project.",
                                "description_kind": "plain",
                                "optional": true
                            },
                            "etag": {
                                "type": "string",
                                "description_kind": "plain",
                                "computed": true
                            },
                            "id": {
                                "type": "string",
                                "description_kind": "plain",
                                "optional": true,
                                "computed": true
                            },
                            "name": {
                                "type": "string",
                                "description": "The name of the project.",
                                "description_kind": "plain",
                                "required": true
                            },
                            "url": {
                                "type": "string",
                                "description": "URL of the project.",
                                "description_kind": "plain",
                                "computed": true
                            }
                        },
                        "description_kind": "plain",
                        "deprecated": true
                    }
                },
                "github_organization_repository_role": {
                    "version": 0,
                    "block": {
                        "attributes": {
                            "base_role": {
                                "type": "string",
                                "description": "The base role for the organization repository role.",
                                "description_kind": "plain",
                                "required": true
                            },
                            "description": {
                                "type": "string",
                                "description": "The description of the organization repository role.",
                                "description_kind": "plain",
                                "optional": true
                            },
                            "id": {
                                "type": "string",
                                "description_kind": "plain",
                                "optional": true,
                                "computed": true
                            },
                            "name": {
                                "type": "string",
                                "description": "The name of the organization repository role.",
                                "description_kind": "plain",
                                "required": true
                            },
                            "permissions": {
                                "type": [
                                    "set",
                                    "string"
                                ],
                                "description": "The permissions for the organization repository role.",
                                "description_kind": "plain",
                                "required": true
                            },
                            "role_id": {
                                "type": "number",
                                "description": "The ID of the organization repository role.",
                                "description_kind": "plain",
                                "computed": true
                            }
                        },
                        "description": "Manage a custom organization repository role.",
                        "description_kind": "plain"
                    }
                },
                "github_organization_role": {
                    "version": 0,
                    "block": {
                        "attributes": {
                            "base_role": {
                                "type": "string",
                                "description": "The system role from which this role inherits permissions.",
                                "description_kind": "plain",
                                "optional": true
                            },
                            "description": {
                                "type": "string",
                                "description": "The description of the organization role.",
                                "description_kind": "plain",
                                "optional": true
                            },
                            "id": {
                                "type": "string",
                                "description_kind": "plain",
                                "optional": true,
                                "computed": true
                            },
                            "name": {
                                "type": "string",
                                "description": "The name of the organization role.",
                                "description_kind": "plain",
                                "required": true
                            },
                            "permissions": {
                                "type": [
                                    "set",
                                    "string"
                                ],
                                "description": "The permissions for the organization role.",
                                "description_kind": "plain",
                                "required": true
                            },
                            "role_id": {
                                "type": "number",
                                "description": "The ID of the organization role.",
                                "description_kind": "plain",
                                "computed": true
                            }
                        },
                        "description": "Manage a custom organization role.",
                        "description_kind": "plain"
                    }
                },
                "github_organization_role_team": {
                    "version": 0,
                    "block": {
                        "attributes": {
                            "id": {
                                "type": "string",
                                "description_kind": "plain",
                                "optional": true,
                                "computed": true
                            },
                            "role_id": {
                                "type": "number",
                                "description": "The ID of the organization role.",
                                "description_kind": "plain",
                                "required": true
                            },
                            "team_slug": {
                                "type": "string",
                                "description": "The slug of the team name.",
                                "description_kind": "plain",
                                "required": true
                            }
                        },
                        "description": "Manage an association between an organization role and a team.",
                        "description_kind": "plain"
                    }
                },
                "github_organization_role_team_assignment": {
                    "version": 0,
                    "block": {
                        "attributes": {
                            "id": {
                                "type": "string",
                                "description_kind": "plain",
                                "optional": true,
                                "computed": true
                            },
                            "role_id": {
                                "type": "string",
                                "description": "The GitHub organization role id",
                                "description_kind": "plain",
                                "required": true
                            },
                            "team_slug": {
                                "type": "string",
                                "description": "The GitHub team slug.",
                                "description_kind": "plain",
                                "required": true
                            }
                        },
                        "description_kind": "plain",
                        "deprecated": true
                    }
                },
                "github_organization_role_user": {
                    "version": 0,
                    "block": {
                        "attributes": {
                            "id": {
                                "type": "string",
                                "description_kind": "plain",
                                "optional": true,
                                "computed": true
                            },
                            "login": {
                                "type": "string",
                                "description": "The login for the GitHub user account.",
                                "description_kind": "plain",
                                "required": true
                            },
                            "role_id": {
                                "type": "number",
                                "description": "The unique identifier of the organization role.",
                                "description_kind": "plain",
                                "required": true
                            }
                        },
                        "description": "Manage an association between an organization role and a user.",
                        "description_kind": "plain"
                    }
                },
                "github_organization_ruleset": {
                    "version": 1,
                    "block": {
                        "attributes": {
                            "enforcement": {
                                "type": "string",
                                "description": "The enforcement level of the ruleset. `evaluate` allows admins to test rules before enforcing them. Possible values are `disabled`, `active`, and `evaluate`. Note: `evaluate` is only available for Enterprise plans.",
                                "description_kind": "plain",
                                "required": true
                            },
                            "etag": {
                                "type": "string",
                                "description": "An etag representing the ruleset for caching purposes.",
                                "description_kind": "plain",
                                "computed": true
                            },
                            "id": {
                                "type": "string",
                                "description_kind": "plain",
                                "optional": true,
                                "computed": true
                            },
                            "name": {
                                "type": "string",
                                "description": "The name of the ruleset.",
                                "description_kind": "plain",
                                "required": true
                            },
                            "node_id": {
                                "type": "string",
                                "description": "GraphQL global node id for use with v4 API.",
                                "description_kind": "plain",
                                "computed": true
                            },
                            "ruleset_id": {
                                "type": "number",
                                "description": "GitHub ID for the ruleset.",
                                "description_kind": "plain",
                                "computed": true
                            },
                            "target": {
                                "type": "string",
                                "description": "The target of the ruleset. Possible values are branch, tag and push.",
                                "description_kind": "plain",
                                "required": true
                            }
                        },
                        "block_types": {
                            "bypass_actors": {
                                "nesting_mode": "list",
                                "block": {
                                    "attributes": {
                                        "actor_id": {
                                            "type": "number",
                                            "description": "The ID of the actor that can bypass a ruleset. When `actor_type` is `OrganizationAdmin`, this should be set to `1`. Some resources such as DeployKey do not have an ID and this should be omitted.",
                                            "description_kind": "plain",
                                            "optional": true
                                        },
                                        "actor_type": {
                                            "type": "string",
                                            "description": "The type of actor that can bypass a ruleset. Can be one of: `Integration`, `OrganizationAdmin`, `RepositoryRole`, `Team`, or `DeployKey`.",
                                            "description_kind": "plain",
                                            "required": true
                                        },
                                        "bypass_mode": {
                                            "type": "string",
                                            "description": "When the specified actor can bypass the ruleset. pull_request means that an actor can only bypass rules on pull requests. Can be one of: `always`, `pull_request`, `exempt`.",
                                            "description_kind": "plain",
                                            "required": true
                                        }
                                    },
                                    "description": "The actors that can bypass the rules in this ruleset.",
                                    "description_kind": "plain"
                                }
                            },
                            "conditions": {
                                "nesting_mode": "list",
                                "block": {
                                    "attributes": {
                                        "repository_id": {
                                            "type": [
                                                "list",
                                                "number"
                                            ],
                                            "description": "The repository IDs that the ruleset applies to. One of these IDs must match for the ruleset to apply.",
                                            "description_kind": "plain",
                                            "optional": true
                                        }
                                    },
                                    "block_types": {
                                        "ref_name": {
                                            "nesting_mode": "list",
                                            "block": {
                                                "attributes": {
                                                    "exclude": {
                                                        "type": [
                                                            "list",
                                                            "string"
                                                        ],
                                                        "description": "Array of ref names or patterns to exclude. The condition will not pass if any of these patterns match.",
                                                        "description_kind": "plain",
                                                        "required": true
                                                    },
                                                    "include": {
                                                        "type": [
                                                            "list",
                                                            "string"
                                                        ],
                                                        "description": "Array of ref names or patterns to include. One of these patterns must match for the condition to pass. Also accepts `~DEFAULT_BRANCH` to include the default branch or `~ALL` to include all branches.",
                                                        "description_kind": "plain",
                                                        "required": true
                                                    }
                                                },
                                                "description": "Targets refs that match the specified patterns. Required for `branch` and `tag` targets.",
                                                "description_kind": "plain"
                                            },
                                            "max_items": 1
                                        },
                                        "repository_name": {
                                            "nesting_mode": "list",
                                            "block": {
                                                "attributes": {
                                                    "exclude": {
                                                        "type": [
                                                            "list",
                                                            "string"
                                                        ],
                                                        "description": "Array of repository names or patterns to exclude. The condition will not pass if any of these patterns match.",
                                                        "description_kind": "plain",
                                                        "required": true
                                                    },
                                                    "include": {
                                                        "type": [
                                                            "list",
                                                            "string"
                                                        ],
                                                        "description": "Array of repository names or patterns to include. One of these patterns must match for the condition to pass. Also accepts `~ALL` to include all repositories.",
                                                        "description_kind": "plain",
                                                        "required": true
                                                    },
                                                    "protected": {
                                                        "type": "bool",
                                                        "description": "Whether renaming of target repositories is prevented.",
                                                        "description_kind": "plain",
                                                        "optional": true
                                                    }
                                                },
                                                "description": "Targets repositories that match the specified name patterns.",
                                                "description_kind": "plain"
                                            },
                                            "max_items": 1
                                        },
                                        "repository_property": {
                                            "nesting_mode": "list",
                                            "block": {
                                                "attributes": {
                                                    "exclude": {
                                                        "type": [
                                                            "list",
                                                            [
                                                                "object",
                                                                {
                                                                    "name": "string",
                                                                    "property_values": [
                                                                        "list",
                                                                        "string"
                                                                    ],
                                                                    "source": "string"
                                                                }
                                                            ]
                                                        ],
                                                        "description": "The repository properties and values to exclude. The ruleset will not apply if any of these properties match.",
                                                        "description_kind": "plain",
                                                        "optional": true
                                                    },
                                                    "include": {
                                                        "type": [
                                                            "list",
                                                            [
                                                                "object",
                                                                {
                                                                    "name": "string",
                                                                    "property_values": [
                                                                        "list",
                                                                        "string"
                                                                    ],
                                                                    "source": "string"
                                                                }
                                                            ]
                                                        ],
                                                        "description": "The repository properties and values to include. All of these properties must match for the condition to pass.",
                                                        "description_kind": "plain",
                                                        "optional": true
                                                    }
                                                },
                                                "description": "Conditions to target repositories by custom or system properties.",
                                                "description_kind": "plain"
                                            },
                                            "max_items": 1
                                        }
                                    },
                                    "description": "Parameters for an organization ruleset condition.The branch and tag rulesets conditions object should contain both repository_name and ref_name properties, or both repository_id and ref_name properties, or both repository_property and ref_name properties. The push rulesets conditions object does not require the ref_name property.",
                                    "description_kind": "plain"
                                },
                                "max_items": 1
                            },
                            "rules": {
                                "nesting_mode": "list",
                                "block": {
                                    "attributes": {
                                        "creation": {
                                            "type": "bool",
                                            "description": "Only allow users with bypass permission to create matching refs.",
                                            "description_kind": "plain",
                                            "optional": true
                                        },
                                        "deletion": {
                                            "type": "bool",
                                            "description": "Only allow users with bypass permissions to delete matching refs.",
                                            "description_kind": "plain",
                                            "optional": true
                                        },
                                        "non_fast_forward": {
                                            "type": "bool",
                                            "description": "Prevent users with push access from force pushing to refs.",
                                            "description_kind": "plain",
                                            "optional": true
                                        },
                                        "required_linear_history": {
                                            "type": "bool",
                                            "description": "Prevent merge commits from being pushed to matching branches.",
                                            "description_kind": "plain",
                                            "optional": true
                                        },
                                        "required_signatures": {
                                            "type": "bool",
                                            "description": "Commits pushed to matching branches must have verified signatures.",
                                            "description_kind": "plain",
                                            "optional": true
                                        },
                                        "update": {
                                            "type": "bool",
                                            "description": "Only allow users with bypass permission to update matching refs.",
                                            "description_kind": "plain",
                                            "optional": true
                                        }
                                    },
                                    "block_types": {
                                        "branch_name_pattern": {
                                            "nesting_mode": "list",
                                            "block": {
                                                "attributes": {
                                                    "name": {
                                                        "type": "string",
                                                        "description": "How this rule will appear to users.",
                                                        "description_kind": "plain",
                                                        "optional": true
                                                    },
                                                    "negate": {
                                                        "type": "bool",
                                                        "description": "If true, the rule will fail if the pattern matches.",
                                                        "description_kind": "plain",
                                                        "optional": true
                                                    },
                                                    "operator": {
                                                        "type": "string",
                                                        "description": "The operator to use for matching. Can be one of: `starts_with`, `ends_with`, `contains`, `regex`.",
                                                        "description_kind": "plain",
                                                        "required": true
                                                    },
                                                    "pattern": {
                                                        "type": "string",
                                                        "description": "The pattern to match with.",
                                                        "description_kind": "plain",
                                                        "required": true
                                                    }
                                                },
                                                "description": "Parameters to be used for the branch_name_pattern rule. This rule only applies to repositories within an enterprise, it cannot be applied to repositories owned by individuals or regular organizations. Conflicts with `tag_name_pattern` as it only applies to rulesets with target `branch`.",
                                                "description_kind": "plain"
                                            },
                                            "max_items": 1
                                        },
                                        "commit_author_email_pattern": {
                                            "nesting_mode": "list",
                                            "block": {
                                                "attributes": {
                                                    "name": {
                                                        "type": "string",
                                                        "description": "How this rule will appear to users.",
                                                        "description_kind": "plain",
                                                        "optional": true
                                                    },
                                                    "negate": {
                                                        "type": "bool",
                                                        "description": "If true, the rule will fail if the pattern matches.",
                                                        "description_kind": "plain",
                                                        "optional": true
                                                    },
                                                    "operator": {
                                                        "type": "string",
                                                        "description": "The operator to use for matching. Can be one of: `starts_with`, `ends_with`, `contains`, `regex`.",
                                                        "description_kind": "plain",
                                                        "required": true
                                                    },
                                                    "pattern": {
                                                        "type": "string",
                                                        "description": "The pattern to match with.",
                                                        "description_kind": "plain",
                                                        "required": true
                                                    }
                                                },
                                                "description": "Parameters to be used for the commit_author_email_pattern rule.",
                                                "description_kind": "plain"
                                            },
                                            "max_items": 1
                                        },
                                        "commit_message_pattern": {
                                            "nesting_mode": "list",
                                            "block": {
                                                "attributes": {
                                                    "name": {
                                                        "type": "string",
                                                        "description": "How this rule will appear to users.",
                                                        "description_kind": "plain",
                                                        "optional": true
                                                    },
                                                    "negate": {
                                                        "type": "bool",
                                                        "description": "If true, the rule will fail if the pattern matches.",
                                                        "description_kind": "plain",
                                                        "optional": true
                                                    },
                                                    "operator": {
                                                        "type": "string",
                                                        "description": "The operator to use for matching. Can be one of: `starts_with`, `ends_with`, `contains`, `regex`.",
                                                        "description_kind": "plain",
                                                        "required": true
                                                    },
                                                    "pattern": {
                                                        "type": "string",
                                                        "description": "The pattern to match with.",
                                                        "description_kind": "plain",
                                                        "required": true
                                                    }
                                                },
                                                "description": "Parameters to be used for the commit_message_pattern rule.",
                                                "description_kind": "plain"
                                            },
                                            "max_items": 1
                                        },
                                        "committer_email_pattern": {
                                            "nesting_mode": "list",
                                            "block": {
                                                "attributes": {
                                                    "name": {
                                                        "type": "string",
                                                        "description": "How this rule will appear to users.",
                                                        "description_kind": "plain",
                                                        "optional": true
                                                    },
                                                    "negate": {
                                                        "type": "bool",
                                                        "description": "If true, the rule will fail if the pattern matches.",
                                                        "description_kind": "plain",
                                                        "optional": true
                                                    },
                                                    "operator": {
                                                        "type": "string",
                                                        "description": "The operator to use for matching. Can be one of: `starts_with`, `ends_with`, `contains`, `regex`.",
                                                        "description_kind": "plain",
                                                        "required": true
                                                    },
                                                    "pattern": {
                                                        "type": "string",
                                                        "description": "The pattern to match with.",
                                                        "description_kind": "plain",
                                                        "required": true
                                                    }
                                                },
                                                "description": "Parameters to be used for the committer_email_pattern rule.",
                                                "description_kind": "plain"
                                            },
                                            "max_items": 1
                                        },
                                        "copilot_code_review": {
                                            "nesting_mode": "list",
                                            "block": {
                                                "attributes": {
                                                    "review_draft_pull_requests": {
                                                        "type": "bool",
                                                        "description": "Copilot automatically reviews draft pull requests before they are marked as ready for review. Defaults to `false`.",
                                                        "description_kind": "plain",
                                                        "optional": true
                                                    },
                                                    "review_on_push": {
                                                        "type": "bool",
                                                        "description": "Copilot automatically reviews each new push to the pull request. Defaults to `false`.",
                                                        "description_kind": "plain",
                                                        "optional": true
                                                    }
                                                },
                                                "description": "Automatically request Copilot code review for new pull requests if the author has access to Copilot code review and their premium requests quota has not reached the limit.",
                                                "description_kind": "plain"
                                            },
                                            "max_items": 1
                                        },
                                        "file_extension_restriction": {
                                            "nesting_mode": "list",
                                            "block": {
                                                "attributes": {
                                                    "restricted_file_extensions": {
                                                        "type": [
                                                            "set",
                                                            "string"
                                                        ],
                                                        "description": "The file extensions that are restricted from being pushed to the commit graph.",
                                                        "description_kind": "plain",
                                                        "required": true
                                                    }
                                                },
                                                "description": "Prevent pushes based on file extensions.",
                                                "description_kind": "plain"
                                            },
                                            "max_items": 1
                                        },
                                        "file_path_restriction": {
                                            "nesting_mode": "list",
                                            "block": {
                                                "attributes": {
                                                    "restricted_file_paths": {
                                                        "type": [
                                                            "list",
                                                            "string"
                                                        ],
                                                        "description": "The file paths that are restricted from being pushed to the commit graph.",
                                                        "description_kind": "plain",
                                                        "required": true
                                                    }
                                                },
                                                "description": "Prevent commits that include changes in specified file paths from being pushed to the commit graph.",
                                                "description_kind": "plain"
                                            },
                                            "max_items": 1
                                        },
                                        "max_file_path_length": {
                                            "nesting_mode": "list",
                                            "block": {
                                                "attributes": {
                                                    "max_file_path_length": {
                                                        "type": "number",
                                                        "description": "The maximum allowed length of a file path.",
                                                        "description_kind": "plain",
                                                        "required": true
                                                    }
                                                },
                                                "description": "Prevent pushes based on file path length.",
                                                "description_kind": "plain"
                                            },
                                            "max_items": 1
                                        },
                                        "max_file_size": {
                                            "nesting_mode": "list",
                                            "block": {
                                                "attributes": {
                                                    "max_file_size": {
                                                        "type": "number",
                                                        "description": "The maximum allowed size of a file in megabytes (MB). Valid range is 1-100 MB.",
                                                        "description_kind": "plain",
                                                        "required": true
                                                    }
                                                },
                                                "description": "Prevent pushes based on file size.",
                                                "description_kind": "plain"
                                            },
                                            "max_items": 1
                                        },
                                        "pull_request": {
                                            "nesting_mode": "list",
                                            "block": {
                                                "attributes": {
                                                    "allowed_merge_methods": {
                                                        "type": [
                                                            "list",
                                                            "string"
                                                        ],
                                                        "description": "Array of allowed merge methods. Allowed values include `merge`, `squash`, and `rebase`. At least one option must be enabled.",
                                                        "description_kind": "plain",
                                                        "optional": true,
                                                        "computed": true
                                                    },
                                                    "dismiss_stale_reviews_on_push": {
                                                        "type": "bool",
                                                        "description": "New, reviewable commits pushed will dismiss previous pull request review approvals. Defaults to `false`.",
                                                        "description_kind": "plain",
                                                        "optional": true
                                                    },
                                                    "require_code_owner_review": {
                                                        "type": "bool",
                                                        "description": "Require an approving review in pull requests that modify files that have a designated code owner. Defaults to `false`.",
                                                        "description_kind": "plain",
                                                        "optional": true
                                                    },
                                                    "require_last_push_approval": {
                                                        "type": "bool",
                                                        "description": "Whether the most recent reviewable push must be approved by someone other than the person who pushed it. Defaults to `false`.",
                                                        "description_kind": "plain",
                                                        "optional": true
                                                    },
                                                    "required_approving_review_count": {
                                                        "type": "number",
                                                        "description": "The number of approving reviews that are required before a pull request can be merged. Defaults to `0`.",
                                                        "description_kind": "plain",
                                                        "optional": true
                                                    },
                                                    "required_review_thread_resolution": {
                                                        "type": "bool",
                                                        "description": "All conversations on code must be resolved before a pull request can be merged. Defaults to `false`.",
                                                        "description_kind": "plain",
                                                        "optional": true
                                                    }
                                                },
                                                "block_types": {
                                                    "required_reviewers": {
                                                        "nesting_mode": "list",
                                                        "block": {
                                                            "attributes": {
                                                                "file_patterns": {
                                                                    "type": [
                                                                        "list",
                                                                        "string"
                                                                    ],
                                                                    "description": "File patterns (fnmatch syntax) that this reviewer must approve.",
                                                                    "description_kind": "plain",
                                                                    "required": true
                                                                },
                                                                "minimum_approvals": {
                                                                    "type": "number",
                                                                    "description": "Minimum number of approvals required from this reviewer. Set to 0 to make approval optional.",
                                                                    "description_kind": "plain",
                                                                    "required": true
                                                                }
                                                            },
                                                            "block_types": {
                                                                "reviewer": {
                                                                    "nesting_mode": "list",
                                                                    "block": {
                                                                        "attributes": {
                                                                            "id": {
                                                                                "type": "number",
                                                                                "description": "The ID of the reviewer that must review.",
                                                                                "description_kind": "plain",
                                                                                "required": true
                                                                            },
                                                                            "type": {
                                                                                "type": "string",
                                                                                "description": "The type of reviewer. Currently only `Team` is supported.",
                                                                                "description_kind": "plain",
                                                                                "required": true
                                                                            }
                                                                        },
                                                                        "description": "The reviewer that must review matching files.",
                                                                        "description_kind": "plain"
                                                                    },
                                                                    "min_items": 1,
                                                                    "max_items": 1
                                                                }
                                                            },
                                                            "description": "Require specific reviewers to approve pull requests targeting matching branches. Note: This feature is in beta and subject to change.",
                                                            "description_kind": "plain"
                                                        }
                                                    }
                                                },
                                                "description": "Require all commits be made to a non-target branch and submitted via a pull request before they can be merged.",
                                                "description_kind": "plain"
                                            },
                                            "max_items": 1
                                        },
                                        "required_code_scanning": {
                                            "nesting_mode": "list",
                                            "block": {
                                                "block_types": {
                                                    "required_code_scanning_tool": {
                                                        "nesting_mode": "set",
                                                        "block": {
                                                            "attributes": {
                                                                "alerts_threshold": {
                                                                    "type": "string",
                                                                    "description": "The severity level at which code scanning results that raise alerts block a reference update. Can be one of: `none`, `errors`, `errors_and_warnings`, `all`.",
                                                                    "description_kind": "plain",
                                                                    "required": true
                                                                },
                                                                "security_alerts_threshold": {
                                                                    "type": "string",
                                                                    "description": "The severity level at which code scanning results that raise security alerts block a reference update. Can be one of: `none`, `critical`, `high_or_higher`, `medium_or_higher`, `all`.",
                                                                    "description_kind": "plain",
                                                                    "required": true
                                                                },
                                                                "tool": {
                                                                    "type": "string",
                                                                    "description": "The name of a code scanning tool.",
                                                                    "description_kind": "plain",
                                                                    "required": true
                                                                }
                                                            },
                                                            "description": "Tools that must provide code scanning results for this rule to pass.",
                                                            "description_kind": "plain"
                                                        },
                                                        "min_items": 1
                                                    }
                                                },
                                                "description": "Choose which tools must provide code scanning results before the reference is updated. When configured, code scanning must be enabled and have results for both the commit and the reference being updated.",
                                                "description_kind": "plain"
                                            },
                                            "max_items": 1
                                        },
                                        "required_status_checks": {
                                            "nesting_mode": "list",
                                            "block": {
                                                "attributes": {
                                                    "do_not_enforce_on_create": {
                                                        "type": "bool",
                                                        "description": "Allow repositories and branches to be created if a check would otherwise prohibit it.",
                                                        "description_kind": "plain",
                                                        "optional": true
                                                    },
                                                    "strict_required_status_checks_policy": {
                                                        "type": "bool",
                                                        "description": "Whether pull requests targeting a matching branch must be tested with the latest code. This setting will not take effect unless at least one status check is enabled. Defaults to `false`.",
                                                        "description_kind": "plain",
                                                        "optional": true
                                                    }
                                                },
                                                "block_types": {
                                                    "required_check": {
                                                        "nesting_mode": "set",
                                                        "block": {
                                                            "attributes": {
                                                                "context": {
                                                                    "type": "string",
                                                                    "description": "The status check context name that must be present on the commit.",
                                                                    "description_kind": "plain",
                                                                    "required": true
                                                                },
                                                                "integration_id": {
                                                                    "type": "number",
                                                                    "description": "The optional integration ID that this status check must originate from.",
                                                                    "description_kind": "plain",
                                                                    "optional": true
                                                                }
                                                            },
                                                            "description": "Status checks that are required. Several can be defined.",
                                                            "description_kind": "plain"
                                                        },
                                                        "min_items": 1
                                                    }
                                                },
                                                "description": "Choose which status checks must pass before branches can be merged into a branch that matches this rule. When enabled, commits must first be pushed to another branch, then merged or pushed directly to a branch that matches this rule after status checks have passed.",
                                                "description_kind": "plain"
                                            },
                                            "max_items": 1
                                        },
                                        "required_workflows": {
                                            "nesting_mode": "list",
                                            "block": {
                                                "attributes": {
                                                    "do_not_enforce_on_create": {
                                                        "type": "bool",
                                                        "description": "Allow repositories and branches to be created if a check would otherwise prohibit it.",
                                                        "description_kind": "plain",
                                                        "optional": true
                                                    }
                                                },
                                                "block_types": {
                                                    "required_workflow": {
                                                        "nesting_mode": "set",
                                                        "block": {
                                                            "attributes": {
                                                                "path": {
                                                                    "type": "string",
                                                                    "description": "The path to the workflow YAML definition file.",
                                                                    "description_kind": "plain",
                                                                    "required": true
                                                                },
                                                                "ref": {
                                                                    "type": "string",
                                                                    "description": "The ref (branch or tag) of the workflow file to use.",
                                                                    "description_kind": "plain",
                                                                    "optional": true
                                                                },
                                                                "repository_id": {
                                                                    "type": "number",
                                                                    "description": "The repository in which the workflow is defined.",
                                                                    "description_kind": "plain",
                                                                    "required": true
                                                                }
                                                            },
                                                            "description": "Actions workflows that are required. Several can be defined.",
                                                            "description_kind": "plain"
                                                        },
                                                        "min_items": 1
                                                    }
                                                },
                                                "description": "Choose which Actions workflows must pass before branches can be merged into a branch that matches this rule.",
                                                "description_kind": "plain"
                                            },
                                            "max_items": 1
                                        },
                                        "tag_name_pattern": {
                                            "nesting_mode": "list",
                                            "block": {
                                                "attributes": {
                                                    "name": {
                                                        "type": "string",
                                                        "description": "How this rule will appear to users.",
                                                        "description_kind": "plain",
                                                        "optional": true
                                                    },
                                                    "negate": {
                                                        "type": "bool",
                                                        "description": "If true, the rule will fail if the pattern matches.",
                                                        "description_kind": "plain",
                                                        "optional": true
                                                    },
                                                    "operator": {
                                                        "type": "string",
                                                        "description": "The operator to use for matching. Can be one of: `starts_with`, `ends_with`, `contains`, `regex`.",
                                                        "description_kind": "plain",
                                                        "required": true
                                                    },
                                                    "pattern": {
                                                        "type": "string",
                                                        "description": "The pattern to match with.",
                                                        "description_kind": "plain",
                                                        "required": true
                                                    }
                                                },
                                                "description": "Parameters to be used for the tag_name_pattern rule. This rule only applies to repositories within an enterprise, it cannot be applied to repositories owned by individuals or regular organizations. Conflicts with `branch_name_pattern` as it only applies to rulesets with target `tag`.",
                                                "description_kind": "plain"
                                            },
                                            "max_items": 1
                                        }
                                    },
                                    "description": "Rules within the ruleset.",
                                    "description_kind": "plain"
                                },
                                "min_items": 1,
                                "max_items": 1
                            }
                        },
                        "description_kind": "plain"
                    }
                },
                "github_organization_security_manager": {
                    "version": 0,
                    "block": {
                        "attributes": {
                            "id": {
                                "type": "string",
                                "description_kind": "plain",
                                "optional": true,
                                "computed": true
                            },
                            "team_slug": {
                                "type": "string",
                                "description": "The slug of the team to manage.",
                                "description_kind": "plain",
                                "required": true
                            }
                        },
                        "description_kind": "plain",
                        "deprecated": true
                    }
                },
                "github_organization_settings": {
                    "version": 0,
                    "block": {
                        "attributes": {
                            "advanced_security_enabled_for_new_repositories": {
                                "type": "bool",
                                "description": " Whether or not advanced security is enabled for new repositories.",
                                "description_kind": "plain",
                                "optional": true
                            },
                            "billing_email": {
                                "type": "string",
                                "description": "The billing email address for the organization.",
                                "description_kind": "plain",
                                "required": true
                            },
                            "blog": {
                                "type": "string",
                                "description": "The blog URL for the organization.",
                                "description_kind": "plain",
                                "optional": true
                            },
                            "company": {
                                "type": "string",
                                "description": "The company name for the organization.",
                                "description_kind": "plain",
                                "optional": true
                            },
                            "default_repository_permission": {
                                "type": "string",
                                "description": "The default permission for organization members to create new repositories. Can be one of 'read', 'write', 'admin' or 'none'.",
                                "description_kind": "plain",
                                "optional": true
                            },
                            "dependabot_alerts_enabled_for_new_repositories": {
                                "type": "bool",
                                "description": "Whether or not dependabot alerts are enabled for new repositories.",
                                "description_kind": "plain",
                                "optional": true
                            },
                            "dependabot_security_updates_enabled_for_new_repositories": {
                                "type": "bool",
                                "description": " Whether or not dependabot security updates are enabled for new repositories.",
                                "description_kind": "plain",
                                "optional": true
                            },
                            "dependency_graph_enabled_for_new_repositories": {
                                "type": "bool",
                                "description": "Whether or not dependency graph is enabled for new repositories.",
                                "description_kind": "plain",
                                "optional": true
                            },
                            "description": {
                                "type": "string",
                                "description": "The description for the organization.",
                                "description_kind": "plain",
                                "optional": true
                            },
                            "email": {
                                "type": "string",
                                "description": "The email address for the organization.",
                                "description_kind": "plain",
                                "optional": true
                            },
                            "has_organization_projects": {
                                "type": "bool",
                                "description": "Whether or not organization projects are enabled for the organization.",
                                "description_kind": "plain",
                                "optional": true
                            },
                            "has_repository_projects": {
                                "type": "bool",
                                "description": "Whether or not repository projects are enabled for the organization.",
                                "description_kind": "plain",
                                "optional": true
                            },
                            "id": {
                                "type": "string",
                                "description_kind": "plain",
                                "optional": true,
                                "computed": true
                            },
                            "location": {
                                "type": "string",
                                "description": "The location for the organization.",
                                "description_kind": "plain",
                                "optional": true
                            },
                            "members_can_create_internal_repositories": {
                                "type": "bool",
                                "description": "Whether or not organization members can create new internal repositories. For Enterprise Organizations only.",
                                "description_kind": "plain",
                                "optional": true
                            },
                            "members_can_create_pages": {
                                "type": "bool",
                                "description": "Whether or not organization members can create new pages.",
                                "description_kind": "plain",
                                "optional": true
                            },
                            "members_can_create_private_pages": {
                                "type": "bool",
                                "description": "Whether or not organization members can create new private pages.",
                                "description_kind": "plain",
                                "optional": true
                            },
                            "members_can_create_private_repositories": {
                                "type": "bool",
                                "description": "Whether or not organization members can create new private repositories.",
                                "description_kind": "plain",
                                "optional": true
                            },
                            "members_can_create_public_pages": {
                                "type": "bool",
                                "description": "Whether or not organization members can create new public pages.",
                                "description_kind": "plain",
                                "optional": true
                            },
                            "members_can_create_public_repositories": {
                                "type": "bool",
                                "description": "Whether or not organization members can create new public repositories.",
                                "description_kind": "plain",
                                "optional": true
                            },
                            "members_can_create_repositories": {
                                "type": "bool",
                                "description": "Whether or not organization members can create new repositories.",
                                "description_kind": "plain",
                                "optional": true
                            },
                            "members_can_fork_private_repositories": {
                                "type": "bool",
                                "description": "Whether or not organization members can fork private repositories.",
                                "description_kind": "plain",
                                "optional": true
                            },
                            "name": {
                                "type": "string",
                                "description": "The name for the organization.",
                                "description_kind": "plain",
                                "optional": true
                            },
                            "secret_scanning_enabled_for_new_repositories": {
                                "type": "bool",
                                "description": "Whether or not secret scanning is enabled for new repositories.",
                                "description_kind": "plain",
                                "optional": true
                            },
                            "secret_scanning_push_protection_enabled_for_new_repositories": {
                                "type": "bool",
                                "description": "Whether or not secret scanning push protection is enabled for new repositories.",
                                "description_kind": "plain",
                                "optional": true
                            },
                            "twitter_username": {
                                "type": "string",
                                "description": "The Twitter username for the organization.",
                                "description_kind": "plain",
                                "optional": true
                            },
                            "web_commit_signoff_required": {
                                "type": "bool",
                                "description": "Whether or not commit signatures are required for commits to the organization.",
                                "description_kind": "plain",
                                "optional": true
                            }
                        },
                        "description_kind": "plain"
                    }
                },
                "github_organization_webhook": {
                    "version": 1,
                    "block": {
                        "attributes": {
                            "active": {
                                "type": "bool",
                                "description": "Indicate if the webhook should receive events.",
                                "description_kind": "plain",
                                "optional": true
                            },
                            "etag": {
                                "type": "string",
                                "description_kind": "plain",
                                "computed": true
                            },
                            "events": {
                                "type": [
                                    "set",
                                    "string"
                                ],
                                "description": "A list of events which should trigger the webhook.",
                                "description_kind": "plain",
                                "required": true
                            },
                            "id": {
                                "type": "string",
                                "description_kind": "plain",
                                "optional": true,
                                "computed": true
                            },
                            "url": {
                                "type": "string",
                                "description": "URL of the webhook.",
                                "description_kind": "plain",
                                "computed": true
                            }
                        },
                        "block_types": {
                            "configuration": {
                                "nesting_mode": "list",
                                "block": {
                                    "attributes": {
                                        "content_type": {
                                            "type": "string",
                                            "description": "The content type for the payload. Valid values are either 'form' or 'json'.",
                                            "description_kind": "plain",
                                            "optional": true
                                        },
                                        "insecure_ssl": {
                                            "type": "bool",
                                            "description": "Insecure SSL boolean toggle. Defaults to 'false'.",
                                            "description_kind": "plain",
                                            "optional": true
                                        },
                                        "secret": {
                                            "type": "string",
                                            "description": "The shared secret for the webhook",
                                            "description_kind": "plain",
                                            "optional": true,
                                            "sensitive": true
                                        },
                                        "url": {
                                            "type": "string",
                                            "description": "The URL of the webhook.",
                                            "description_kind": "plain",
                                            "required": true,
                                            "sensitive": true
                                        }
                                    },
                                    "description": "Configuration for the webhook.",
                                    "description_kind": "plain"
                                },
                                "max_items": 1
                            }
                        },
                        "description_kind": "plain"
                    }
                },
                "github_project_card": {
                    "version": 0,
                    "block": {
                        "attributes": {
                            "card_id": {
                                "type": "number",
                                "description": "The ID of the card.",
                                "description_kind": "plain",
                                "computed": true
                            },
                            "column_id": {
                                "type": "string",
                                "description": "The ID of the project column.",
                                "description_kind": "plain",
                                "required": true
                            },
                            "content_id": {
                                "type": "number",
                                "description": "'github_issue.issue_id'.",
                                "description_kind": "plain",
                                "optional": true
                            },
                            "content_type": {
                                "type": "string",
                                "description": "Must be either 'Issue' or 'PullRequest'.",
                                "description_kind": "plain",
                                "optional": true
                            },
                            "etag": {
                                "type": "string",
                                "description_kind": "plain",
                                "computed": true
                            },
                            "id": {
                                "type": "string",
                                "description_kind": "plain",
                                "optional": true,
                                "computed": true
                            },
                            "note": {
                                "type": "string",
                                "description": "The note contents of the card. Markdown supported.",
                                "description_kind": "plain",
                                "optional": true
                            }
                        },
                        "description_kind": "plain",
                        "deprecated": true
                    }
                },
                "github_project_column": {
                    "version": 0,
                    "block": {
                        "attributes": {
                            "column_id": {
                                "type": "number",
                                "description": "The ID of the column.",
                                "description_kind": "plain",
                                "computed": true
                            },
                            "etag": {
                                "type": "string",
                                "description_kind": "plain",
                                "computed": true
                            },
                            "id": {
                                "type": "string",
                                "description_kind": "plain",
                                "optional": true,
                                "computed": true
                            },
                            "name": {
                                "type": "string",
                                "description": "The name of the column.",
                                "description_kind": "plain",
                                "required": true
                            },
                            "project_id": {
                                "type": "string",
                                "description": "The ID of an existing project that the column will be created in.",
                                "description_kind": "plain",
                                "required": true
                            }
                        },
                        "description_kind": "plain",
                        "deprecated": true
                    }
                },
                "github_release": {
                    "version": 0,
                    "block": {
                        "attributes": {
                            "assets_url": {
                                "type": "string",
                                "description": "The URL for the release assets.",
                                "description_kind": "plain",
                                "computed": true
                            },
                            "body": {
                                "type": "string",
                                "description": "Text describing the contents of the tag.",
                                "description_kind": "plain",
                                "optional": true
                            },
                            "created_at": {
                                "type": "string",
                                "description": "The date and time the release was created.",
                                "description_kind": "plain",
                                "computed": true
                            },
                            "discussion_category_name": {
                                "type": "string",
                                "description": "If specified, a discussion of the specified category is created and linked to the release. The value must be a category that already exists in the repository.",
                                "description_kind": "plain",
                                "optional": true
                            },
                            "draft": {
                                "type": "bool",
                                "description": "Set to 'false' to create a published release.",
                                "description_kind": "plain",
                                "optional": true
                            },
                            "etag": {
                                "type": "string",
                                "description_kind": "plain",
                                "computed": true
                            },
                            "generate_release_notes": {
                                "type": "bool",
                                "description": "Set to 'true' to automatically generate the name and body for this release. If 'name' is specified, the specified name will be used; otherwise, a name will be automatically generated. If 'body' is specified, the body will be pre-pended to the automatically generated notes.",
                                "description_kind": "plain",
                                "optional": true
                            },
                            "html_url": {
                                "type": "string",
                                "description": "The HTML URL for the release.",
                                "description_kind": "plain",
                                "computed": true
                            },
                            "id": {
                                "type": "string",
                                "description_kind": "plain",
                                "optional": true,
                                "computed": true
                            },
                            "name": {
                                "type": "string",
                                "description": "The name of the release.",
                                "description_kind": "plain",
                                "optional": true
                            },
                            "node_id": {
                                "type": "string",
                                "description": "The node ID of the release.",
                                "description_kind": "plain",
                                "computed": true
                            },
                            "prerelease": {
                                "type": "bool",
                                "description": "Set to 'false' to identify the release as a full release.",
                                "description_kind": "plain",
                                "optional": true
                            },
                            "published_at": {
                                "type": "string",
                                "description": "The date and time the release was published.",
                                "description_kind": "plain",
                                "computed": true
                            },
                            "release_id": {
                                "type": "number",
                                "description": "The ID of the release.",
                                "description_kind": "plain",
                                "computed": true
                            },
                            "repository": {
                                "type": "string",
                                "description": "The name of the repository.",
                                "description_kind": "plain",
                                "required": true
                            },
                            "tag_name": {
                                "type": "string",
                                "description": "The name of the tag.",
                                "description_kind": "plain",
                                "required": true
                            },
                            "tarball_url": {
                                "type": "string",
                                "description": "The URL for the tarball of the release.",
                                "description_kind": "plain",
                                "computed": true
                            },
                            "target_commitish": {
                                "type": "string",
                                "description": " The branch name or commit SHA the tag is created from.",
                                "description_kind": "plain",
                                "optional": true
                            },
                            "upload_url": {
                                "type": "string",
                                "description": "The URL for the uploaded assets of release.",
                                "description_kind": "plain",
                                "computed": true
                            },
                            "url": {
                                "type": "string",
                                "description": "The URL for the release.",
                                "description_kind": "plain",
                                "computed": true
                            },
                            "zipball_url": {
                                "type": "string",
                                "description": "The URL for the zipball of the release.",
                                "description_kind": "plain",
                                "computed": true
                            }
                        },
                        "description_kind": "plain"
                    }
                },
                "github_repository": {
                    "version": 1,
                    "block": {
                        "attributes": {
                            "allow_auto_merge": {
                                "type": "bool",
                                "description": "Set to 'true' to allow auto-merging pull requests on the repository.",
                                "description_kind": "plain",
                                "optional": true
                            },
                            "allow_forking": {
                                "type": "bool",
                                "description": "Set to 'true' to allow private forking on the repository; this is only relevant if the repository is owned by an organization and is private or internal.",
                                "description_kind": "plain",
                                "optional": true,
                                "computed": true
                            },
                            "allow_merge_commit": {
                                "type": "bool",
                                "description": "Set to 'false' to disable merge commits on the repository.",
                                "description_kind": "plain",
                                "optional": true
                            },
                            "allow_rebase_merge": {
                                "type": "bool",
                                "description": "Set to 'false' to disable rebase merges on the repository.",
                                "description_kind": "plain",
                                "optional": true
                            },
                            "allow_squash_merge": {
                                "type": "bool",
                                "description": "Set to 'false' to disable squash merges on the repository.",
                                "description_kind": "plain",
                                "optional": true
                            },
                            "allow_update_branch": {
                                "type": "bool",
                                "description": " Set to 'true' to always suggest updating pull request branches.",
                                "description_kind": "plain",
                                "optional": true
                            },
                            "archive_on_destroy": {
                                "type": "bool",
                                "description": "Set to 'true' to archive the repository instead of deleting on destroy.",
                                "description_kind": "plain",
                                "optional": true
                            },
                            "archived": {
                                "type": "bool",
                                "description": "Specifies if the repository should be archived. Defaults to 'false'. NOTE Currently, the API does not support unarchiving.",
                                "description_kind": "plain",
                                "optional": true
                            },
                            "auto_init": {
                                "type": "bool",
                                "description": "Set to 'true' to produce an initial commit in the repository.",
                                "description_kind": "plain",
                                "optional": true
                            },
                            "default_branch": {
                                "type": "string",
                                "description": "Can only be set after initial repository creation, and only if the target branch exists",
                                "description_kind": "plain",
                                "deprecated": true,
                                "optional": true,
                                "computed": true
                            },
                            "delete_branch_on_merge": {
                                "type": "bool",
                                "description": "Automatically delete head branch after a pull request is merged. Defaults to 'false'.",
                                "description_kind": "plain",
                                "optional": true
                            },
                            "description": {
                                "type": "string",
                                "description": "A description of the repository.",
                                "description_kind": "plain",
                                "optional": true
                            },
                            "etag": {
                                "type": "string",
                                "description_kind": "plain",
                                "optional": true,
                                "computed": true
                            },
                            "fork": {
                                "type": "string",
                                "description": "Set to 'true' to fork an existing repository.",
                                "description_kind": "plain",
                                "optional": true,
                                "computed": true
                            },
                            "full_name": {
                                "type": "string",
                                "description": "A string of the form 'orgname/reponame'.",
                                "description_kind": "plain",
                                "computed": true
                            },
                            "git_clone_url": {
                                "type": "string",
                                "description": "URL that can be provided to 'git clone' to clone the repository anonymously via the git protocol.",
                                "description_kind": "plain",
                                "computed": true
                            },
                            "gitignore_template": {
                                "type": "string",
                                "description": "Use the name of the template without the extension. For example, 'Haskell'.",
                                "description_kind": "plain",
                                "optional": true
                            },
                            "has_discussions": {
                                "type": "bool",
                                "description": "Set to 'true' to enable GitHub Discussions on the repository. Defaults to 'false'.",
                                "description_kind": "plain",
                                "optional": true
                            },
                            "has_downloads": {
                                "type": "bool",
                                "description": "Set to 'true' to enable the (deprecated) downloads features on the repository.",
                                "description_kind": "plain",
                                "deprecated": true,
                                "optional": true
                            },
                            "has_issues": {
                                "type": "bool",
                                "description": "Set to 'true' to enable the GitHub Issues features on the repository",
                                "description_kind": "plain",
                                "optional": true
                            },
                            "has_projects": {
                                "type": "bool",
                                "description": "Set to 'true' to enable the GitHub Projects features on the repository. Per the GitHub documentation when in an organization that has disabled repository projects it will default to 'false' and will otherwise default to 'true'. If you specify 'true' when it has been disabled it will return an error.",
                                "description_kind": "plain",
                                "optional": true
                            },
                            "has_wiki": {
                                "type": "bool",
                                "description": "Set to 'true' to enable the GitHub Wiki features on the repository.",
                                "description_kind": "plain",
                                "optional": true
                            },
                            "homepage_url": {
                                "type": "string",
                                "description": "URL of a page describing the project.",
                                "description_kind": "plain",
                                "optional": true
                            },
                            "html_url": {
                                "type": "string",
                                "description": "URL to the repository on the web.",
                                "description_kind": "plain",
                                "computed": true
                            },
                            "http_clone_url": {
                                "type": "string",
                                "description": "URL that can be provided to 'git clone' to clone the repository via HTTPS.",
                                "description_kind": "plain",
                                "computed": true
                            },
                            "id": {
                                "type": "string",
                                "description_kind": "plain",
                                "optional": true,
                                "computed": true
                            },
                            "ignore_vulnerability_alerts_during_read": {
                                "type": "bool",
                                "description_kind": "plain",
                                "deprecated": true,
                                "optional": true
                            },
                            "is_template": {
                                "type": "bool",
                                "description": "Set to 'true' to tell GitHub that this is a template repository.",
                                "description_kind": "plain",
                                "optional": true
                            },
                            "license_template": {
                                "type": "string",
                                "description": "Use the name of the template without the extension. For example, 'mit' or 'mpl-2.0'.",
                                "description_kind": "plain",
                                "optional": true
                            },
                            "merge_commit_message": {
                                "type": "string",
                                "description": "Can be 'PR_BODY', 'PR_TITLE', or 'BLANK' for a default merge commit message.",
                                "description_kind": "plain",
                                "optional": true
                            },
                            "merge_commit_title": {
                                "type": "string",
                                "description": "Can be 'PR_TITLE' or 'MERGE_MESSAGE' for a default merge commit title.",
                                "description_kind": "plain",
                                "optional": true
                            },
                            "name": {
                                "type": "string",
                                "description": "The name of the repository.",
                                "description_kind": "plain",
                                "required": true
                            },
                            "node_id": {
                                "type": "string",
                                "description": "GraphQL global node id for use with v4 API.",
                                "description_kind": "plain",
                                "computed": true
                            },
                            "primary_language": {
                                "type": "string",
                                "description_kind": "plain",
                                "computed": true
                            },
                            "private": {
                                "type": "bool",
                                "description_kind": "plain",
                                "deprecated": true,
                                "optional": true,
                                "computed": true
                            },
                            "repo_id": {
                                "type": "number",
                                "description": "GitHub ID for the repository.",
                                "description_kind": "plain",
                                "computed": true
                            },
                            "source_owner": {
                                "type": "string",
                                "description": "The owner of the source repository to fork from.",
                                "description_kind": "plain",
                                "optional": true,
                                "computed": true
                            },
                            "source_repo": {
                                "type": "string",
                                "description": "The name of the source repository to fork from.",
                                "description_kind": "plain",
                                "optional": true,
                                "computed": true
                            },
                            "squash_merge_commit_message": {
                                "type": "string",
                                "description": "Can be 'PR_BODY', 'COMMIT_MESSAGES', or 'BLANK' for a default squash merge commit message.",
                                "description_kind": "plain",
                                "optional": true
                            },
                            "squash_merge_commit_title": {
                                "type": "string",
                                "description": "Can be 'PR_TITLE' or 'COMMIT_OR_PR_TITLE' for a default squash merge commit title.",
                                "description_kind": "plain",
                                "optional": true
                            },
                            "ssh_clone_url": {
                                "type": "string",
                                "description": "URL that can be provided to 'git clone' to clone the repository via SSH.",
                                "description_kind": "plain",
                                "computed": true
                            },
                            "svn_url": {
                                "type": "string",
                                "description": "URL that can be provided to 'svn checkout' to check out the repository via GitHub's Subversion protocol emulation.",
                                "description_kind": "plain",
                                "computed": true
                            },
                            "topics": {
                                "type": [
                                    "set",
                                    "string"
                                ],
                                "description": "The list of topics of the repository.",
                                "description_kind": "plain",
                                "optional": true,
                                "computed": true
                            },
                            "visibility": {
                                "type": "string",
                                "description": "Can be 'public' or 'private'. If your organization is associated with an enterprise account using GitHub Enterprise Cloud or GitHub Enterprise Server 2.20+, visibility can also be 'internal'.",
                                "description_kind": "plain",
                                "optional": true,
                                "computed": true
                            },
                            "vulnerability_alerts": {
                                "type": "bool",
                                "description": "Set to 'true' to enable security alerts for vulnerable dependencies. Enabling requires alerts to be enabled on the owner level. (Note for importing: GitHub enables the alerts on all repos by default). Note that vulnerability alerts have not been successfully tested on any GitHub Enterprise instance and may be unavailable in those settings.",
                                "description_kind": "plain",
                                "deprecated": true,
                                "optional": true,
                                "computed": true
                            },
                            "web_commit_signoff_required": {
                                "type": "bool",
                                "description": "Require contributors to sign off on web-based commits.",
                                "description_kind": "plain",
                                "optional": true,
                                "computed": true
                            }
                        },
                        "block_types": {
                            "pages": {
                                "nesting_mode": "list",
                                "block": {
                                    "attributes": {
                                        "build_type": {
                                            "type": "string",
                                            "description": "The type the page should be sourced.",
                                            "description_kind": "plain",
                                            "optional": true
                                        },
                                        "cname": {
                                            "type": "string",
                                            "description": "The custom domain for the repository. This can only be set after the repository has been created.",
                                            "description_kind": "plain",
                                            "optional": true
                                        },
                                        "custom_404": {
                                            "type": "bool",
                                            "description": "Whether the rendered GitHub Pages site has a custom 404 page",
                                            "description_kind": "plain",
                                            "computed": true
                                        },
                                        "html_url": {
                                            "type": "string",
                                            "description": "URL to the repository on the web.",
                                            "description_kind": "plain",
                                            "computed": true
                                        },
                                        "status": {
                                            "type": "string",
                                            "description": "The GitHub Pages site's build status e.g. building or built.",
                                            "description_kind": "plain",
                                            "computed": true
                                        },
                                        "url": {
                                            "type": "string",
                                            "description_kind": "plain",
                                            "computed": true
                                        }
                                    },
                                    "block_types": {
                                        "source": {
                                            "nesting_mode": "list",
                                            "block": {
                                                "attributes": {
                                                    "branch": {
                                                        "type": "string",
                                                        "description": "The repository branch used to publish the site's source files. (i.e. 'main' or 'gh-pages')",
                                                        "description_kind": "plain",
                                                        "required": true
                                                    },
                                                    "path": {
                                                        "type": "string",
                                                        "description": "The repository directory from which the site publishes (Default: '/')",
                                                        "description_kind": "plain",
                                                        "optional": true
                                                    }
                                                },
                                                "description": "The source branch and directory for the rendered Pages site.",
                                                "description_kind": "plain"
                                            },
                                            "max_items": 1
                                        }
                                    },
                                    "description": "The repository's GitHub Pages configuration",
                                    "description_kind": "plain",
                                    "deprecated": true
                                },
                                "max_items": 1
                            },
                            "security_and_analysis": {
                                "nesting_mode": "list",
                                "block": {
                                    "block_types": {
                                        "advanced_security": {
                                            "nesting_mode": "list",
                                            "block": {
                                                "attributes": {
                                                    "status": {
                                                        "type": "string",
                                                        "description": "Set to 'enabled' to enable advanced security features on the repository. Can be 'enabled' or 'disabled', This value being present when split licensing is enabled will error out.",
                                                        "description_kind": "plain",
                                                        "required": true
                                                    }
                                                },
                                                "description": "The advanced security configuration for the repository. If a repository's visibility is 'public', advanced security is always enabled and cannot be changed, so this setting cannot be supplied.",
                                                "description_kind": "plain"
                                            },
                                            "max_items": 1
                                        },
                                        "code_security": {
                                            "nesting_mode": "list",
                                            "block": {
                                                "attributes": {
                                                    "status": {
                                                        "type": "string",
                                                        "description": "Set to 'enabled' to enable code security on the repository. Can be 'enabled' or 'disabled'. If set to 'enabled', the repository's visibility must be 'public', 'security_and_analysis[0].advanced_security[0].status' must also be set to 'enabled', or your Organization must have split licensing for Advanced security.",
                                                        "description_kind": "plain",
                                                        "required": true
                                                    }
                                                },
                                                "description": "The code security configuration for the repository.",
                                                "description_kind": "plain"
                                            },
                                            "max_items": 1
                                        },
                                        "secret_scanning": {
                                            "nesting_mode": "list",
                                            "block": {
                                                "attributes": {
                                                    "status": {
                                                        "type": "string",
                                                        "description": "Set to 'enabled' to enable secret scanning on the repository. Can be 'enabled' or 'disabled'. If set to 'enabled', the repository's visibility must be 'public', 'security_and_analysis[0].advanced_security[0].status' must also be set to 'enabled', or your Organization must have split licensing for Advanced security.",
                                                        "description_kind": "plain",
                                                        "required": true
                                                    }
                                                },
                                                "description": "The secret scanning configuration for the repository.",
                                                "description_kind": "plain"
                                            },
                                            "max_items": 1
                                        },
                                        "secret_scanning_ai_detection": {
                                            "nesting_mode": "list",
                                            "block": {
                                                "attributes": {
                                                    "status": {
                                                        "type": "string",
                                                        "description": "Set to 'enabled' to enable secret scanning AI detection on the repository. Can be 'enabled' or 'disabled'. If set to 'enabled', the repository's visibility must be 'public', 'security_and_analysis[0].advanced_security[0].status' must also be set to 'enabled', or your Organization must have split licensing for Advanced security.",
                                                        "description_kind": "plain",
                                                        "required": true
                                                    }
                                                },
                                                "description": "The secret scanning AI detection configuration for this repository.",
                                                "description_kind": "plain"
                                            },
                                            "max_items": 1
                                        },
                                        "secret_scanning_non_provider_patterns": {
                                            "nesting_mode": "list",
                                            "block": {
                                                "attributes": {
                                                    "status": {
                                                        "type": "string",
                                                        "description": "Set to 'enabled' to enable secret scanning non-provider patterns on the repository. Can be 'enabled' or 'disabled'. If set to 'enabled', the repository's visibility must be 'public', 'security_and_analysis[0].advanced_security[0].status' must also be set to 'enabled', or your Organization must have split licensing for Advanced security.",
                                                        "description_kind": "plain",
                                                        "required": true
                                                    }
                                                },
                                                "description": "The secret scanning non-provider patterns configuration for this repository.",
                                                "description_kind": "plain"
                                            },
                                            "max_items": 1
                                        },
                                        "secret_scanning_push_protection": {
                                            "nesting_mode": "list",
                                            "block": {
                                                "attributes": {
                                                    "status": {
                                                        "type": "string",
                                                        "description": "Set to 'enabled' to enable secret scanning push protection on the repository. Can be 'enabled' or 'disabled'. If set to 'enabled', the repository's visibility must be 'public', 'security_and_analysis[0].advanced_security[0].status' must also be set to 'enabled', or your Organization must have split licensing for Advanced security.",
                                                        "description_kind": "plain",
                                                        "required": true
                                                    }
                                                },
                                                "description": "The secret scanning push protection configuration for the repository.",
                                                "description_kind": "plain"
                                            },
                                            "max_items": 1
                                        }
                                    },
                                    "description": "Security and analysis settings for the repository. To use this parameter you must have admin permissions for the repository or be an owner or security manager for the organization that owns the repository.",
                                    "description_kind": "plain"
                                },
                                "max_items": 1
                            },
                            "template": {
                                "nesting_mode": "list",
                                "block": {
                                    "attributes": {
                                        "include_all_branches": {
                                            "type": "bool",
                                            "description": "Whether the new repository should include all the branches from the template repository (defaults to 'false', which includes only the default branch from the template).",
                                            "description_kind": "plain",
                                            "optional": true
                                        },
                                        "owner": {
                                            "type": "string",
                                            "description": "The GitHub organization or user the template repository is owned by.",
                                            "description_kind": "plain",
                                            "required": true
                                        },
                                        "repository": {
                                            "type": "string",
                                            "description": "The name of the template repository.",
                                            "description_kind": "plain",
                                            "required": true
                                        }
                                    },
                                    "description": "Use a template repository to create this resource.",
                                    "description_kind": "plain"
                                },
                                "max_items": 1
                            }
                        },
                        "description_kind": "plain"
                    }
                },
                "github_repository_autolink_reference": {
                    "version": 1,
                    "block": {
                        "attributes": {
                            "etag": {
                                "type": "string",
                                "description_kind": "plain",
                                "computed": true
                            },
                            "id": {
                                "type": "string",
                                "description_kind": "plain",
                                "optional": true,
                                "computed": true
                            },
                            "is_alphanumeric": {
                                "type": "bool",
                                "description": "Whether this autolink reference matches alphanumeric characters. If false, this autolink reference only matches numeric characters.",
                                "description_kind": "plain",
                                "optional": true
                            },
                            "key_prefix": {
                                "type": "string",
                                "description": "This prefix appended by a number will generate a link any time it is found in an issue, pull request, or commit",
                                "description_kind": "plain",
                                "required": true
                            },
                            "repository": {
                                "type": "string",
                                "description": "The repository name",
                                "description_kind": "plain",
                                "required": true
                            },
                            "target_url_template": {
                                "type": "string",
                                "description": "The template of the target URL used for the links; must be a valid URL and contain `\u003cnum\u003e` for the reference number",
                                "description_kind": "plain",
                                "required": true
                            }
                        },
                        "description_kind": "plain"
                    }
                },
                "github_repository_collaborator": {
                    "version": 0,
                    "block": {
                        "attributes": {
                            "id": {
                                "type": "string",
                                "description_kind": "plain",
                                "optional": true,
                                "computed": true
                            },
                            "invitation_id": {
                                "type": "string",
                                "description": "ID of the invitation to be used in 'github_user_invitation_accepter'",
                                "description_kind": "plain",
                                "computed": true
                            },
                            "permission": {
                                "type": "string",
                                "description": "The permission of the outside collaborator for the repository. Must be one of 'pull', 'push', 'maintain', 'triage' or 'admin' or the name of an existing custom repository role within the organization for organization-owned repositories. Must be 'push' for personal repositories. Defaults to 'push'.",
                                "description_kind": "plain",
                                "optional": true
                            },
                            "permission_diff_suppression": {
                                "type": "bool",
                                "description": "Suppress plan diffs for triage and maintain. Defaults to 'false'.",
                                "description_kind": "plain",
                                "optional": true
                            },
                            "repository": {
                                "type": "string",
                                "description": "The GitHub repository",
                                "description_kind": "plain",
                                "required": true
                            },
                            "username": {
                                "type": "string",
                                "description": "The user to add to the repository as a collaborator.",
                                "description_kind": "plain",
                                "required": true
                            }
                        },
                        "description_kind": "plain"
                    }
                },
                "github_repository_collaborators": {
                    "version": 1,
                    "block": {
                        "attributes": {
                            "id": {
                                "type": "string",
                                "description_kind": "plain",
                                "optional": true,
                                "computed": true
                            },
                            "invitation_ids": {
                                "type": [
                                    "map",
                                    "string"
                                ],
                                "description": "Map of usernames to invitation ID for any users added",
                                "description_kind": "plain",
                                "computed": true
                            },
                            "repository": {
                                "type": "string",
                                "description": "Name of the repository.",
                                "description_kind": "plain",
                                "required": true
                            },
                            "repository_id": {
                                "type": "number",
                                "description": "ID of the repository.",
                                "description_kind": "plain",
                                "computed": true
                            }
                        },
                        "block_types": {
                            "ignore_team": {
                                "nesting_mode": "set",
                                "block": {
                                    "attributes": {
                                        "team_id": {
                                            "type": "string",
                                            "description": "ID or slug of the team to ignore.",
                                            "description_kind": "plain",
                                            "required": true
                                        }
                                    },
                                    "description": "List of teams to ignore.",
                                    "description_kind": "plain"
                                }
                            },
                            "team": {
                                "nesting_mode": "set",
                                "block": {
                                    "attributes": {
                                        "permission": {
                                            "type": "string",
                                            "description_kind": "plain",
                                            "optional": true
                                        },
                                        "team_id": {
                                            "type": "string",
                                            "description": "Team ID or slug to add to the repository as a collaborator.",
                                            "description_kind": "plain",
                                            "required": true
                                        }
                                    },
                                    "description": "List of teams.",
                                    "description_kind": "plain"
                                }
                            },
                            "user": {
                                "nesting_mode": "set",
                                "block": {
                                    "attributes": {
                                        "permission": {
                                            "type": "string",
                                            "description_kind": "plain",
                                            "optional": true
                                        },
                                        "username": {
                                            "type": "string",
                                            "description": "(Required) The user to add to the repository as a collaborator.",
                                            "description_kind": "plain",
                                            "required": true
                                        }
                                    },
                                    "description": "List of users.",
                                    "description_kind": "plain"
                                }
                            }
                        },
                        "description_kind": "plain"
                    }
                },
                "github_repository_custom_property": {
                    "version": 0,
                    "block": {
                        "attributes": {
                            "id": {
                                "type": "string",
                                "description_kind": "plain",
                                "optional": true,
                                "computed": true
                            },
                            "property_name": {
                                "type": "string",
                                "description": "Name of the custom property.",
                                "description_kind": "plain",
                                "required": true
                            },
                            "property_type": {
                                "type": "string",
                                "description": "Type of the custom property",
                                "description_kind": "plain",
                                "required": true
                            },
                            "property_value": {
                                "type": [
                                    "set",
                                    "string"
                                ],
                                "description": "Value of the custom property.",
                                "description_kind": "plain",
                                "required": true
                            },
                            "repository": {
                                "type": "string",
                                "description": "Name of the repository which the custom properties should be on.",
                                "description_kind": "plain",
                                "required": true
                            }
                        },
                        "description_kind": "plain"
                    }
                },
                "github_repository_dependabot_security_updates": {
                    "version": 0,
                    "block": {
                        "attributes": {
                            "enabled": {
                                "type": "bool",
                                "description": "The state of the automated security fixes.",
                                "description_kind": "plain",
                                "required": true
                            },
                            "id": {
                                "type": "string",
                                "description_kind": "plain",
                                "optional": true,
                                "computed": true
                            },
                            "repository": {
                                "type": "string",
                                "description": "The GitHub repository.",
                                "description_kind": "plain",
                                "required": true
                            }
                        },
                        "description_kind": "plain"
                    }
                },
                "github_repository_deploy_key": {
                    "version": 0,
                    "block": {
                        "attributes": {
                            "etag": {
                                "type": "string",
                                "description_kind": "plain",
                                "computed": true
                            },
                            "id": {
                                "type": "string",
                                "description_kind": "plain",
                                "optional": true,
                                "computed": true
                            },
                            "key": {
                                "type": "string",
                                "description": "A SSH key.",
                                "description_kind": "plain",
                                "required": true
                            },
                            "read_only": {
                                "type": "bool",
                                "description": "A boolean qualifying the key to be either read only or read/write.",
                                "description_kind": "plain",
                                "optional": true
                            },
                            "repository": {
                                "type": "string",
                                "description": "Name of the GitHub repository.",
                                "description_kind": "plain",
                                "required": true
                            },
                            "title": {
                                "type": "string",
                                "description": "A title.",
                                "description_kind": "plain",
                                "required": true
                            }
                        },
                        "description_kind": "plain"
                    }
                },
                "github_repository_deployment_branch_policy": {
                    "version": 0,
                    "block": {
                        "attributes": {
                            "environment_name": {
                                "type": "string",
                                "description": "The target environment name.",
                                "description_kind": "plain",
                                "required": true
                            },
                            "etag": {
                                "type": "string",
                                "description": "An etag representing the Branch object.",
                                "description_kind": "plain",
                                "optional": true,
                                "computed": true
                            },
                            "id": {
                                "type": "string",
                                "description_kind": "plain",
                                "optional": true,
                                "computed": true
                            },
                            "name": {
                                "type": "string",
                                "description": "The name of the branch",
                                "description_kind": "plain",
                                "required": true
                            },
                            "repository": {
                                "type": "string",
                                "description": "The GitHub repository name.",
                                "description_kind": "plain",
                                "required": true
                            }
                        },
                        "description_kind": "plain",
                        "deprecated": true
                    }
                },
                "github_repository_environment": {
                    "version": 1,
                    "block": {
                        "attributes": {
                            "can_admins_bypass": {
                                "type": "bool",
                                "description": "Can Admins bypass deployment protections",
                                "description_kind": "plain",
                                "optional": true
                            },
                            "environment": {
                                "type": "string",
                                "description": "The name of the environment.",
                                "description_kind": "plain",
                                "required": true
                            },
                            "id": {
                                "type": "string",
                                "description_kind": "plain",
                                "optional": true,
                                "computed": true
                            },
                            "prevent_self_review": {
                                "type": "bool",
                                "description": "Prevent users from approving workflows runs that they triggered.",
                                "description_kind": "plain",
                                "optional": true
                            },
                            "repository": {
                                "type": "string",
                                "description": "The repository of the environment.",
                                "description_kind": "plain",
                                "required": true
                            },
                            "repository_id": {
                                "type": "number",
                                "description": "The ID of the GitHub repository.",
                                "description_kind": "plain",
                                "computed": true
                            },
                            "wait_timer": {
                                "type": "number",
                                "description": "Amount of time to delay a job after the job is initially triggered.",
                                "description_kind": "plain",
                                "optional": true
                            }
                        },
                        "block_types": {
                            "deployment_branch_policy": {
                                "nesting_mode": "list",
                                "block": {
                                    "attributes": {
                                        "custom_branch_policies": {
                                            "type": "bool",
                                            "description": "Whether only branches that match the specified name patterns can deploy to this environment.",
                                            "description_kind": "plain",
                                            "required": true
                                        },
                                        "protected_branches": {
                                            "type": "bool",
                                            "description": "Whether only branches with branch protection rules can deploy to this environment.",
                                            "description_kind": "plain",
                                            "required": true
                                        }
                                    },
                                    "description": "The deployment branch policy configuration",
                                    "description_kind": "plain"
                                },
                                "max_items": 1
                            },
                            "reviewers": {
                                "nesting_mode": "list",
                                "block": {
                                    "attributes": {
                                        "teams": {
                                            "type": [
                                                "set",
                                                "number"
                                            ],
                                            "description": "Up to 6 IDs for teams who may review jobs that reference the environment. Reviewers must have at least read access to the repository. Only one of the required reviewers needs to approve the job for it to proceed.",
                                            "description_kind": "plain",
                                            "optional": true
                                        },
                                        "users": {
                                            "type": [
                                                "set",
                                                "number"
                                            ],
                                            "description": "Up to 6 IDs for users who may review jobs that reference the environment. Reviewers must have at least read access to the repository. Only one of the required reviewers needs to approve the job for it to proceed.",
                                            "description_kind": "plain",
                                            "optional": true
                                        }
                                    },
                                    "description": "The environment reviewers configuration.",
                                    "description_kind": "plain"
                                },
                                "max_items": 1
                            }
                        },
                        "description_kind": "plain"
                    }
                },
                "github_repository_environment_deployment_policy": {
                    "version": 1,
                    "block": {
                        "attributes": {
                            "branch_pattern": {
                                "type": "string",
                                "description": "The name pattern that branches must match in order to deploy to the environment.",
                                "description_kind": "plain",
                                "optional": true
                            },
                            "environment": {
                                "type": "string",
                                "description": "The name of the environment.",
                                "description_kind": "plain",
                                "required": true
                            },
                            "id": {
                                "type": "string",
                                "description_kind": "plain",
                                "optional": true,
                                "computed": true
                            },
                            "policy_id": {
                                "type": "number",
                                "description": "The ID of the deployment policy.",
                                "description_kind": "plain",
                                "computed": true
                            },
                            "repository": {
                                "type": "string",
                                "description": "The name of the GitHub repository.",
                                "description_kind": "plain",
                                "required": true
                            },
                            "repository_id": {
                                "type": "number",
                                "description": "The ID of the GitHub repository.",
                                "description_kind": "plain",
                                "computed": true
                            },
                            "tag_pattern": {
                                "type": "string",
                                "description": "The name pattern that tags must match in order to deploy to the environment.",
                                "description_kind": "plain",
                                "optional": true
                            }
                        },
                        "description_kind": "plain"
                    }
                },
                "github_repository_file": {
                    "version": 1,
                    "block": {
                        "attributes": {
                            "autocreate_branch": {
                                "type": "bool",
                                "description": "Automatically create the branch if it could not be found. Subsequent reads if the branch is deleted will occur from 'autocreate_branch_source_branch'",
                                "description_kind": "plain",
                                "deprecated": true,
                                "optional": true
                            },
                            "autocreate_branch_source_branch": {
                                "type": "string",
                                "description": "The branch name to start from, if 'autocreate_branch' is set. Defaults to 'main'.",
                                "description_kind": "plain",
                                "deprecated": true,
                                "optional": true
                            },
                            "autocreate_branch_source_sha": {
                                "type": "string",
                                "description": "The commit hash to start from, if 'autocreate_branch' is set. Defaults to the tip of 'autocreate_branch_source_branch'. If provided, 'autocreate_branch_source_branch' is ignored.",
                                "description_kind": "plain",
                                "deprecated": true,
                                "optional": true,
                                "computed": true
                            },
                            "branch": {
                                "type": "string",
                                "description": "The branch name, defaults to the repository's default branch",
                                "description_kind": "plain",
                                "optional": true,
                                "computed": true
                            },
                            "commit_author": {
                                "type": "string",
                                "description": "The commit author name, defaults to the authenticated user's name. GitHub app users may omit author and email information so GitHub can verify commits as the GitHub App. ",
                                "description_kind": "plain",
                                "optional": true
                            },
                            "commit_email": {
                                "type": "string",
                                "description": "The commit author email address, defaults to the authenticated user's email address. GitHub app users may omit author and email information so GitHub can verify commits as the GitHub App.",
                                "description_kind": "plain",
                                "optional": true
                            },
                            "commit_message": {
                                "type": "string",
                                "description": "The commit message when creating, updating or deleting the file",
                                "description_kind": "plain",
                                "optional": true,
                                "computed": true
                            },
                            "commit_sha": {
                                "type": "string",
                                "description": "The SHA of the commit that modified the file",
                                "description_kind": "plain",
                                "computed": true
                            },
                            "content": {
                                "type": "string",
                                "description": "The file's content",
                                "description_kind": "plain",
                                "required": true
                            },
                            "file": {
                                "type": "string",
                                "description": "The file path to manage",
                                "description_kind": "plain",
                                "required": true
                            },
                            "id": {
                                "type": "string",
                                "description_kind": "plain",
                                "optional": true,
                                "computed": true
                            },
                            "overwrite_on_create": {
                                "type": "bool",
                                "description": "Enable overwriting existing files, defaults to \"false\"",
                                "description_kind": "plain",
                                "optional": true
                            },
                            "ref": {
                                "type": "string",
                                "description": "The name of the commit/branch/tag",
                                "description_kind": "plain",
                                "computed": true
                            },
                            "repository": {
                                "type": "string",
                                "description": "The repository name",
                                "description_kind": "plain",
                                "required": true
                            },
                            "repository_id": {
                                "type": "number",
                                "description": "The repository ID",
                                "description_kind": "plain",
                                "computed": true
                            },
                            "sha": {
                                "type": "string",
                                "description": "The blob SHA of the file",
                                "description_kind": "plain",
                                "computed": true
                            }
                        },
                        "description": "This resource allows you to create and manage files within a GitHub repository.",
                        "description_kind": "plain"
                    }
                },
                "github_repository_milestone": {
                    "version": 0,
                    "block": {
                        "attributes": {
                            "description": {
                                "type": "string",
                                "description": "A description of the milestone.",
                                "description_kind": "plain",
                                "optional": true
                            },
                            "due_date": {
                                "type": "string",
                                "description": "The milestone due date. In 'yyyy-mm-dd' format.",
                                "description_kind": "plain",
                                "optional": true
                            },
                            "id": {
                                "type": "string",
                                "description_kind": "plain",
                                "optional": true,
                                "computed": true
                            },
                            "number": {
                                "type": "number",
                                "description": "The number of the milestone.",
                                "description_kind": "plain",
                                "computed": true
                            },
                            "owner": {
                                "type": "string",
                                "description": "The owner of the GitHub Repository.",
                                "description_kind": "plain",
                                "required": true
                            },
                            "repository": {
                                "type": "string",
                                "description": "The name of the GitHub Repository.",
                                "description_kind": "plain",
                                "required": true
                            },
                            "state": {
                                "type": "string",
                                "description": "The state of the milestone. Either 'open' or 'closed'. Default: 'open'.",
                                "description_kind": "plain",
                                "optional": true
                            },
                            "title": {
                                "type": "string",
                                "description": "The title of the milestone.",
                                "description_kind": "plain",
                                "required": true
                            }
                        },
                        "description_kind": "plain"
                    }
                },
                "github_repository_pages": {
                    "version": 0,
                    "block": {
                        "attributes": {
                            "api_url": {
                                "type": "string",
                                "description": "The API URL of the GitHub Pages resource.",
                                "description_kind": "plain",
                                "computed": true
                            },
                            "build_status": {
                                "type": "string",
                                "description": "The GitHub Pages site's build status e.g. 'building' or 'built'.",
                                "description_kind": "plain",
                                "computed": true
                            },
                            "build_type": {
                                "type": "string",
                                "description": "The type of GitHub Pages site to build. Can be 'legacy' or 'workflow'.",
                                "description_kind": "plain",
                                "optional": true
                            },
                            "cname": {
                                "type": "string",
                                "description": "The custom domain for the repository.",
                                "description_kind": "plain",
                                "optional": true
                            },
                            "custom_404": {
                                "type": "bool",
                                "description": "Whether the rendered GitHub Pages site has a custom 404 page.",
                                "description_kind": "plain",
                                "computed": true
                            },
                            "html_url": {
                                "type": "string",
                                "description": "The absolute URL (with scheme) to the rendered GitHub Pages site.",
                                "description_kind": "plain",
                                "computed": true
                            },
                            "https_enforced": {
                                "type": "bool",
                                "description": "Whether the rendered GitHub Pages site will only be served over HTTPS. Requires 'cname' to be set.",
                                "description_kind": "plain",
                                "optional": true,
                                "computed": true
                            },
                            "id": {
                                "type": "string",
                                "description_kind": "plain",
                                "optional": true,
                                "computed": true
                            },
                            "public": {
                                "type": "bool",
                                "description": "Whether the GitHub Pages site is publicly visible. If set to `true`, the site is accessible to anyone on the internet. If set to `false`, the site will only be accessible to users who have at least `read` access to the repository that published the site.",
                                "description_kind": "plain",
                                "optional": true,
                                "computed": true
                            },
                            "repository": {
                                "type": "string",
                                "description": "The repository name to configure GitHub Pages for.",
                                "description_kind": "plain",
                                "required": true
                            },
                            "repository_id": {
                                "type": "number",
                                "description": "The ID of the repository to configure GitHub Pages for.",
                                "description_kind": "plain",
                                "computed": true
                            }
                        },
                        "block_types": {
                            "source": {
                                "nesting_mode": "list",
                                "block": {
                                    "attributes": {
                                        "branch": {
                                            "type": "string",
                                            "description": "The repository branch used to publish the site's source files. (i.e. 'main' or 'gh-pages')",
                                            "description_kind": "plain",
                                            "required": true
                                        },
                                        "path": {
                                            "type": "string",
                                            "description": "The repository directory from which the site publishes (Default: '/')",
                                            "description_kind": "plain",
                                            "optional": true
                                        }
                                    },
                                    "description": "The source branch and directory for the rendered Pages site.",
                                    "description_kind": "plain"
                                },
                                "max_items": 1
                            }
                        },
                        "description": "Manages GitHub Pages for a repository.",
                        "description_kind": "plain"
                    }
                },
                "github_repository_project": {
                    "version": 0,
                    "block": {
                        "attributes": {
                            "body": {
                                "type": "string",
                                "description": "The body of the project.",
                                "description_kind": "plain",
                                "optional": true
                            },
                            "etag": {
                                "type": "string",
                                "description_kind": "plain",
                                "optional": true,
                                "computed": true
                            },
                            "id": {
                                "type": "string",
                                "description_kind": "plain",
                                "optional": true,
                                "computed": true
                            },
                            "name": {
                                "type": "string",
                                "description": "The name of the project.",
                                "description_kind": "plain",
                                "required": true
                            },
                            "repository": {
                                "type": "string",
                                "description": "The repository of the project.",
                                "description_kind": "plain",
                                "required": true
                            },
                            "url": {
                                "type": "string",
                                "description": "URL of the project",
                                "description_kind": "plain",
                                "computed": true
                            }
                        },
                        "description_kind": "plain",
                        "deprecated": true
                    }
                },
                "github_repository_pull_request": {
                    "version": 0,
                    "block": {
                        "attributes": {
                            "base_ref": {
                                "type": "string",
                                "description": "Name of the branch serving as the base of the Pull Request.",
                                "description_kind": "plain",
                                "required": true
                            },
                            "base_repository": {
                                "type": "string",
                                "description": "Name of the base repository to retrieve the Pull Requests from.",
                                "description_kind": "plain",
                                "required": true
                            },
                            "base_sha": {
                                "type": "string",
                                "description": "Head commit SHA of the Pull Request base.",
                                "description_kind": "plain",
                                "computed": true
                            },
                            "body": {
                                "type": "string",
                                "description": "Body of the Pull Request.",
                                "description_kind": "plain",
                                "optional": true
                            },
                            "draft": {
                                "type": "bool",
                                "description": "Indicates Whether this Pull Request is a draft.",
                                "description_kind": "plain",
                                "computed": true
                            },
                            "head_ref": {
                                "type": "string",
                                "description": "Name of the branch serving as the head of the Pull Request.",
                                "description_kind": "plain",
                                "required": true
                            },
                            "head_sha": {
                                "type": "string",
                                "description": "Head commit SHA of the Pull Request head.",
                                "description_kind": "plain",
                                "computed": true
                            },
                            "id": {
                                "type": "string",
                                "description_kind": "plain",
                                "optional": true,
                                "computed": true
                            },
                            "labels": {
                                "type": [
                                    "list",
                                    "string"
                                ],
                                "description": "List of names of labels on the PR",
                                "description_kind": "plain",
                                "computed": true
                            },
                            "maintainer_can_modify": {
                                "type": "bool",
                                "description": "Controls whether the base repository maintainers can modify the Pull Request. Default: 'false'.",
                                "description_kind": "plain",
                                "optional": true
                            },
                            "number": {
                                "type": "number",
                                "description": "The number of the Pull Request within the repository.",
                                "description_kind": "plain",
                                "computed": true
                            },
                            "opened_at": {
                                "type": "number",
                                "description": "Unix timestamp indicating the Pull Request creation time.",
                                "description_kind": "plain",
                                "computed": true
                            },
                            "opened_by": {
                                "type": "string",
                                "description": "Username of the PR creator",
                                "description_kind": "plain",
                                "computed": true
                            },
                            "owner": {
                                "type": "string",
                                "description": "Owner of the repository. If not provided, the provider's default owner is used.",
                                "description_kind": "plain",
                                "optional": true
                            },
                            "state": {
                                "type": "string",
                                "description": "The current Pull Request state - can be 'open', 'closed' or 'merged'.",
                                "description_kind": "plain",
                                "computed": true
                            },
                            "title": {
                                "type": "string",
                                "description": "The title of the Pull Request.",
                                "description_kind": "plain",
                                "required": true
                            },
                            "updated_at": {
                                "type": "number",
                                "description": "The timestamp of the last Pull Request update.",
                                "description_kind": "plain",
                                "computed": true
                            }
                        },
                        "description_kind": "plain"
                    }
                },
                "github_repository_ruleset": {
                    "version": 1,
                    "block": {
                        "attributes": {
                            "enforcement": {
                                "type": "string",
                                "description": "Possible values for Enforcement are `disabled`, `active`, `evaluate`. Note: `evaluate` is currently only supported for owners of type `organization`.",
                                "description_kind": "plain",
                                "required": true
                            },
                            "etag": {
                                "type": "string",
                                "description_kind": "plain",
                                "computed": true
                            },
                            "id": {
                                "type": "string",
                                "description_kind": "plain",
                                "optional": true,
                                "computed": true
                            },
                            "name": {
                                "type": "string",
                                "description": "The name of the ruleset.",
                                "description_kind": "plain",
                                "required": true
                            },
                            "node_id": {
                                "type": "string",
                                "description": "GraphQL global node id for use with v4 API.",
                                "description_kind": "plain",
                                "computed": true
                            },
                            "repository": {
                                "type": "string",
                                "description": "Name of the repository to apply ruleset to.",
                                "description_kind": "plain",
                                "required": true
                            },
                            "ruleset_id": {
                                "type": "number",
                                "description": "GitHub ID for the ruleset.",
                                "description_kind": "plain",
                                "computed": true
                            },
                            "target": {
                                "type": "string",
                                "description": "Possible values are branch, push and tag",
                                "description_kind": "plain",
                                "required": true
                            }
                        },
                        "block_types": {
                            "bypass_actors": {
                                "nesting_mode": "list",
                                "block": {
                                    "attributes": {
                                        "actor_id": {
                                            "type": "number",
                                            "description": "The ID of the actor that can bypass a ruleset. When `actor_type` is `OrganizationAdmin`, this should be set to `1`. Some resources such as DeployKey do not have an ID and this should be omitted.",
                                            "description_kind": "plain",
                                            "optional": true
                                        },
                                        "actor_type": {
                                            "type": "string",
                                            "description": "The type of actor that can bypass a ruleset. See https://docs.github.com/en/rest/repos/rules for more information.",
                                            "description_kind": "plain",
                                            "required": true
                                        },
                                        "bypass_mode": {
                                            "type": "string",
                                            "description": "When the specified actor can bypass the ruleset. pull_request means that an actor can only bypass rules on pull requests. Can be one of: `always`, `pull_request`, `exempt`.",
                                            "description_kind": "plain",
                                            "required": true
                                        }
                                    },
                                    "description": "The actors that can bypass the rules in this ruleset.",
                                    "description_kind": "plain"
                                }
                            },
                            "conditions": {
                                "nesting_mode": "list",
                                "block": {
                                    "block_types": {
                                        "ref_name": {
                                            "nesting_mode": "list",
                                            "block": {
                                                "attributes": {
                                                    "exclude": {
                                                        "type": [
                                                            "list",
                                                            "string"
                                                        ],
                                                        "description": "Array of ref names or patterns to exclude. The condition will not pass if any of these patterns match.",
                                                        "description_kind": "plain",
                                                        "required": true
                                                    },
                                                    "include": {
                                                        "type": [
                                                            "list",
                                                            "string"
                                                        ],
                                                        "description": "Array of ref names or patterns to include. One of these patterns must match for the condition to pass. Also accepts `~DEFAULT_BRANCH` to include the default branch or `~ALL` to include all branches.",
                                                        "description_kind": "plain",
                                                        "required": true
                                                    }
                                                },
                                                "description_kind": "plain"
                                            },
                                            "min_items": 1,
                                            "max_items": 1
                                        }
                                    },
                                    "description": "Parameters for a repository ruleset ref name condition.",
                                    "description_kind": "plain"
                                },
                                "max_items": 1
                            },
                            "rules": {
                                "nesting_mode": "list",
                                "block": {
                                    "attributes": {
                                        "creation": {
                                            "type": "bool",
                                            "description": "Only allow users with bypass permission to create matching refs.",
                                            "description_kind": "plain",
                                            "optional": true
                                        },
                                        "deletion": {
                                            "type": "bool",
                                            "description": "Only allow users with bypass permissions to delete matching refs.",
                                            "description_kind": "plain",
                                            "optional": true
                                        },
                                        "non_fast_forward": {
                                            "type": "bool",
                                            "description": "Prevent users with push access from force pushing to branches.",
                                            "description_kind": "plain",
                                            "optional": true
                                        },
                                        "required_linear_history": {
                                            "type": "bool",
                                            "description": "Prevent merge commits from being pushed to matching branches.",
                                            "description_kind": "plain",
                                            "optional": true
                                        },
                                        "required_signatures": {
                                            "type": "bool",
                                            "description": "Commits pushed to matching branches must have verified signatures.",
                                            "description_kind": "plain",
                                            "optional": true
                                        },
                                        "update": {
                                            "type": "bool",
                                            "description": "Only allow users with bypass permission to update matching refs.",
                                            "description_kind": "plain",
                                            "optional": true
                                        },
                                        "update_allows_fetch_and_merge": {
                                            "type": "bool",
                                            "description": "Branch can pull changes from its upstream repository. This is only applicable to forked repositories. Requires `update` to be set to `true`.",
                                            "description_kind": "plain",
                                            "optional": true
                                        }
                                    },
                                    "block_types": {
                                        "branch_name_pattern": {
                                            "nesting_mode": "list",
                                            "block": {
                                                "attributes": {
                                                    "name": {
                                                        "type": "string",
                                                        "description": "How this rule will appear to users.",
                                                        "description_kind": "plain",
                                                        "optional": true
                                                    },
                                                    "negate": {
                                                        "type": "bool",
                                                        "description": "If true, the rule will fail if the pattern matches.",
                                                        "description_kind": "plain",
                                                        "optional": true
                                                    },
                                                    "operator": {
                                                        "type": "string",
                                                        "description": "The operator to use for matching. Can be one of: `starts_with`, `ends_with`, `contains`, `regex`.",
                                                        "description_kind": "plain",
                                                        "required": true
                                                    },
                                                    "pattern": {
                                                        "type": "string",
                                                        "description": "The pattern to match with.",
                                                        "description_kind": "plain",
                                                        "required": true
                                                    }
                                                },
                                                "description": "Parameters to be used for the branch_name_pattern rule. This rule only applies to repositories within an enterprise, it cannot be applied to repositories owned by individuals or regular organizations. Conflicts with `tag_name_pattern` as it only applies to rulesets with target `branch`.",
                                                "description_kind": "plain"
                                            },
                                            "max_items": 1
                                        },
                                        "commit_author_email_pattern": {
                                            "nesting_mode": "list",
                                            "block": {
                                                "attributes": {
                                                    "name": {
                                                        "type": "string",
                                                        "description": "How this rule will appear to users.",
                                                        "description_kind": "plain",
                                                        "optional": true
                                                    },
                                                    "negate": {
                                                        "type": "bool",
                                                        "description": "If true, the rule will fail if the pattern matches.",
                                                        "description_kind": "plain",
                                                        "optional": true
                                                    },
                                                    "operator": {
                                                        "type": "string",
                                                        "description": "The operator to use for matching. Can be one of: `starts_with`, `ends_with`, `contains`, `regex`.",
                                                        "description_kind": "plain",
                                                        "required": true
                                                    },
                                                    "pattern": {
                                                        "type": "string",
                                                        "description": "The pattern to match with.",
                                                        "description_kind": "plain",
                                                        "required": true
                                                    }
                                                },
                                                "description": "Parameters to be used for the commit_author_email_pattern rule. This rule only applies to repositories within an enterprise, it cannot be applied to repositories owned by individuals or regular organizations.",
                                                "description_kind": "plain"
                                            },
                                            "max_items": 1
                                        },
                                        "commit_message_pattern": {
                                            "nesting_mode": "list",
                                            "block": {
                                                "attributes": {
                                                    "name": {
                                                        "type": "string",
                                                        "description": "How this rule will appear to users.",
                                                        "description_kind": "plain",
                                                        "optional": true
                                                    },
                                                    "negate": {
                                                        "type": "bool",
                                                        "description": "If true, the rule will fail if the pattern matches.",
                                                        "description_kind": "plain",
                                                        "optional": true
                                                    },
                                                    "operator": {
                                                        "type": "string",
                                                        "description": "The operator to use for matching. Can be one of: `starts_with`, `ends_with`, `contains`, `regex`.",
                                                        "description_kind": "plain",
                                                        "required": true
                                                    },
                                                    "pattern": {
                                                        "type": "string",
                                                        "description": "The pattern to match with.",
                                                        "description_kind": "plain",
                                                        "required": true
                                                    }
                                                },
                                                "description": "Parameters to be used for the commit_message_pattern rule. This rule only applies to repositories within an enterprise, it cannot be applied to repositories owned by individuals or regular organizations.",
                                                "description_kind": "plain"
                                            },
                                            "max_items": 1
                                        },
                                        "committer_email_pattern": {
                                            "nesting_mode": "list",
                                            "block": {
                                                "attributes": {
                                                    "name": {
                                                        "type": "string",
                                                        "description": "How this rule will appear to users.",
                                                        "description_kind": "plain",
                                                        "optional": true
                                                    },
                                                    "negate": {
                                                        "type": "bool",
                                                        "description": "If true, the rule will fail if the pattern matches.",
                                                        "description_kind": "plain",
                                                        "optional": true
                                                    },
                                                    "operator": {
                                                        "type": "string",
                                                        "description": "The operator to use for matching. Can be one of: `starts_with`, `ends_with`, `contains`, `regex`.",
                                                        "description_kind": "plain",
                                                        "required": true
                                                    },
                                                    "pattern": {
                                                        "type": "string",
                                                        "description": "The pattern to match with.",
                                                        "description_kind": "plain",
                                                        "required": true
                                                    }
                                                },
                                                "description": "Parameters to be used for the committer_email_pattern rule. This rule only applies to repositories within an enterprise, it cannot be applied to repositories owned by individuals or regular organizations.",
                                                "description_kind": "plain"
                                            },
                                            "max_items": 1
                                        },
                                        "copilot_code_review": {
                                            "nesting_mode": "list",
                                            "block": {
                                                "attributes": {
                                                    "review_draft_pull_requests": {
                                                        "type": "bool",
                                                        "description": "Copilot automatically reviews draft pull requests before they are marked as ready for review. Defaults to `false`.",
                                                        "description_kind": "plain",
                                                        "optional": true
                                                    },
                                                    "review_on_push": {
                                                        "type": "bool",
                                                        "description": "Copilot automatically reviews each new push to the pull request. Defaults to `false`.",
                                                        "description_kind": "plain",
                                                        "optional": true
                                                    }
                                                },
                                                "description": "Automatically request Copilot code review for new pull requests if the author has access to Copilot code review and their premium requests quota has not reached the limit.",
                                                "description_kind": "plain"
                                            },
                                            "max_items": 1
                                        },
                                        "file_extension_restriction": {
                                            "nesting_mode": "list",
                                            "block": {
                                                "attributes": {
                                                    "restricted_file_extensions": {
                                                        "type": [
                                                            "set",
                                                            "string"
                                                        ],
                                                        "description": "A list of file extensions.",
                                                        "description_kind": "plain",
                                                        "required": true
                                                    }
                                                },
                                                "description": "Prevent pushes based on file extensions.",
                                                "description_kind": "plain"
                                            },
                                            "max_items": 1
                                        },
                                        "file_path_restriction": {
                                            "nesting_mode": "list",
                                            "block": {
                                                "attributes": {
                                                    "restricted_file_paths": {
                                                        "type": [
                                                            "list",
                                                            "string"
                                                        ],
                                                        "description": "The file paths that are restricted from being pushed to the commit graph.",
                                                        "description_kind": "plain",
                                                        "required": true
                                                    }
                                                },
                                                "description": "Prevent commits that include changes in specified file paths from being pushed to the commit graph.",
                                                "description_kind": "plain"
                                            },
                                            "max_items": 1
                                        },
                                        "max_file_path_length": {
                                            "nesting_mode": "list",
                                            "block": {
                                                "attributes": {
                                                    "max_file_path_length": {
                                                        "type": "number",
                                                        "description": "The maximum allowed length of a file path.",
                                                        "description_kind": "plain",
                                                        "required": true
                                                    }
                                                },
                                                "description": "Prevent pushes based on file path length.",
                                                "description_kind": "plain"
                                            },
                                            "max_items": 1
                                        },
                                        "max_file_size": {
                                            "nesting_mode": "list",
                                            "block": {
                                                "attributes": {
                                                    "max_file_size": {
                                                        "type": "number",
                                                        "description": "The maximum allowed size of a file in megabytes (MB). Valid range is 1-100 MB.",
                                                        "description_kind": "plain",
                                                        "required": true
                                                    }
                                                },
                                                "description": "Prevent pushes based on file size.",
                                                "description_kind": "plain"
                                            },
                                            "max_items": 1
                                        },
                                        "merge_queue": {
                                            "nesting_mode": "list",
                                            "block": {
                                                "attributes": {
                                                    "check_response_timeout_minutes": {
                                                        "type": "number",
                                                        "description": "Maximum time for a required status check to report a conclusion. After this much time has elapsed, checks that have not reported a conclusion will be assumed to have failed. Defaults to `60`.",
                                                        "description_kind": "plain",
                                                        "optional": true
                                                    },
                                                    "grouping_strategy": {
                                                        "type": "string",
                                                        "description": "When set to ALLGREEN, the merge commit created by merge queue for each PR in the group must pass all required checks to merge. When set to HEADGREEN, only the commit at the head of the merge group, i.e. the commit containing changes from all of the PRs in the group, must pass its required checks to merge. Can be one of: ALLGREEN, HEADGREEN. Defaults to `ALLGREEN`.",
                                                        "description_kind": "plain",
                                                        "optional": true
                                                    },
                                                    "max_entries_to_build": {
                                                        "type": "number",
                                                        "description": "Limit the number of queued pull requests requesting checks and workflow runs at the same time. Defaults to `5`.",
                                                        "description_kind": "plain",
                                                        "optional": true
                                                    },
                                                    "max_entries_to_merge": {
                                                        "type": "number",
                                                        "description": "The maximum number of PRs that will be merged together in a group. Defaults to `5`.",
                                                        "description_kind": "plain",
                                                        "optional": true
                                                    },
                                                    "merge_method": {
                                                        "type": "string",
                                                        "description": "Method to use when merging changes from queued pull requests. Can be one of: MERGE, SQUASH, REBASE. Defaults to `MERGE`.",
                                                        "description_kind": "plain",
                                                        "optional": true
                                                    },
                                                    "min_entries_to_merge": {
                                                        "type": "number",
                                                        "description": "The minimum number of PRs that will be merged together in a group. Defaults to `1`.",
                                                        "description_kind": "plain",
                                                        "optional": true
                                                    },
                                                    "min_entries_to_merge_wait_minutes": {
                                                        "type": "number",
                                                        "description": "The time merge queue should wait after the first PR is added to the queue for the minimum group size to be met. After this time has elapsed, the minimum group size will be ignored and a smaller group will be merged. Defaults to `5`.",
                                                        "description_kind": "plain",
                                                        "optional": true
                                                    }
                                                },
                                                "description": "Merges must be performed via a merge queue.",
                                                "description_kind": "plain"
                                            },
                                            "max_items": 1
                                        },
                                        "pull_request": {
                                            "nesting_mode": "list",
                                            "block": {
                                                "attributes": {
                                                    "allowed_merge_methods": {
                                                        "type": [
                                                            "list",
                                                            "string"
                                                        ],
                                                        "description": "Array of allowed merge methods. Allowed values include `merge`, `squash`, and `rebase`. At least one option must be enabled.",
                                                        "description_kind": "plain",
                                                        "optional": true,
                                                        "computed": true
                                                    },
                                                    "dismiss_stale_reviews_on_push": {
                                                        "type": "bool",
                                                        "description": "New, reviewable commits pushed will dismiss previous pull request review approvals. Defaults to `false`.",
                                                        "description_kind": "plain",
                                                        "optional": true
                                                    },
                                                    "require_code_owner_review": {
                                                        "type": "bool",
                                                        "description": "Require an approving review in pull requests that modify files that have a designated code owner. Defaults to `false`.",
                                                        "description_kind": "plain",
                                                        "optional": true
                                                    },
                                                    "require_last_push_approval": {
                                                        "type": "bool",
                                                        "description": "Whether the most recent reviewable push must be approved by someone other than the person who pushed it. Defaults to `false`.",
                                                        "description_kind": "plain",
                                                        "optional": true
                                                    },
                                                    "required_approving_review_count": {
                                                        "type": "number",
                                                        "description": "The number of approving reviews that are required before a pull request can be merged. Defaults to `0`.",
                                                        "description_kind": "plain",
                                                        "optional": true
                                                    },
                                                    "required_review_thread_resolution": {
                                                        "type": "bool",
                                                        "description": "All conversations on code must be resolved before a pull request can be merged. Defaults to `false`.",
                                                        "description_kind": "plain",
                                                        "optional": true
                                                    }
                                                },
                                                "block_types": {
                                                    "required_reviewers": {
                                                        "nesting_mode": "list",
                                                        "block": {
                                                            "attributes": {
                                                                "file_patterns": {
                                                                    "type": [
                                                                        "list",
                                                                        "string"
                                                                    ],
                                                                    "description": "File patterns (fnmatch syntax) that this reviewer must approve.",
                                                                    "description_kind": "plain",
                                                                    "required": true
                                                                },
                                                                "minimum_approvals": {
                                                                    "type": "number",
                                                                    "description": "Minimum number of approvals required from this reviewer. Set to 0 to make approval optional.",
                                                                    "description_kind": "plain",
                                                                    "required": true
                                                                }
                                                            },
                                                            "block_types": {
                                                                "reviewer": {
                                                                    "nesting_mode": "list",
                                                                    "block": {
                                                                        "attributes": {
                                                                            "id": {
                                                                                "type": "number",
                                                                                "description": "The ID of the reviewer that must review.",
                                                                                "description_kind": "plain",
                                                                                "required": true
                                                                            },
                                                                            "type": {
                                                                                "type": "string",
                                                                                "description": "The type of reviewer. Currently only `Team` is supported.",
                                                                                "description_kind": "plain",
                                                                                "required": true
                                                                            }
                                                                        },
                                                                        "description": "The reviewer that must review matching files.",
                                                                        "description_kind": "plain"
                                                                    },
                                                                    "min_items": 1,
                                                                    "max_items": 1
                                                                }
                                                            },
                                                            "description": "Require specific reviewers to approve pull requests targeting matching branches. Note: This feature is in beta and subject to change.",
                                                            "description_kind": "plain"
                                                        }
                                                    }
                                                },
                                                "description": "Require all commits be made to a non-target branch and submitted via a pull request before they can be merged.",
                                                "description_kind": "plain"
                                            },
                                            "max_items": 1
                                        },
                                        "required_code_scanning": {
                                            "nesting_mode": "list",
                                            "block": {
                                                "block_types": {
                                                    "required_code_scanning_tool": {
                                                        "nesting_mode": "set",
                                                        "block": {
                                                            "attributes": {
                                                                "alerts_threshold": {
                                                                    "type": "string",
                                                                    "description": "The severity level at which code scanning results that raise alerts block a reference update. Can be one of: `none`, `errors`, `errors_and_warnings`, `all`.",
                                                                    "description_kind": "plain",
                                                                    "required": true
                                                                },
                                                                "security_alerts_threshold": {
                                                                    "type": "string",
                                                                    "description": "The severity level at which code scanning results that raise security alerts block a reference update. Can be one of: `none`, `critical`, `high_or_higher`, `medium_or_higher`, `all`.",
                                                                    "description_kind": "plain",
                                                                    "required": true
                                                                },
                                                                "tool": {
                                                                    "type": "string",
                                                                    "description": "The name of a code scanning tool",
                                                                    "description_kind": "plain",
                                                                    "required": true
                                                                }
                                                            },
                                                            "description": "Tools that must provide code scanning results for this rule to pass.",
                                                            "description_kind": "plain"
                                                        },
                                                        "min_items": 1
                                                    }
                                                },
                                                "description": "Choose which tools must provide code scanning results before the reference is updated. When configured, code scanning must be enabled and have results for both the commit and the reference being updated.",
                                                "description_kind": "plain"
                                            },
                                            "max_items": 1
                                        },
                                        "required_deployments": {
                                            "nesting_mode": "list",
                                            "block": {
                                                "attributes": {
                                                    "required_deployment_environments": {
                                                        "type": [
                                                            "list",
                                                            "string"
                                                        ],
                                                        "description": "The environments that must be successfully deployed to before branches can be merged.",
                                                        "description_kind": "plain",
                                                        "required": true
                                                    }
                                                },
                                                "description": "Choose which environments must be successfully deployed to before branches can be merged into a branch that matches this rule.",
                                                "description_kind": "plain"
                                            },
                                            "max_items": 1
                                        },
                                        "required_status_checks": {
                                            "nesting_mode": "list",
                                            "block": {
                                                "attributes": {
                                                    "do_not_enforce_on_create": {
                                                        "type": "bool",
                                                        "description": "Allow repositories and branches to be created if a check would otherwise prohibit it.",
                                                        "description_kind": "plain",
                                                        "optional": true
                                                    },
                                                    "strict_required_status_checks_policy": {
                                                        "type": "bool",
                                                        "description": "Whether pull requests targeting a matching branch must be tested with the latest code. This setting will not take effect unless at least one status check is enabled. Defaults to `false`.",
                                                        "description_kind": "plain",
                                                        "optional": true
                                                    }
                                                },
                                                "block_types": {
                                                    "required_check": {
                                                        "nesting_mode": "set",
                                                        "block": {
                                                            "attributes": {
                                                                "context": {
                                                                    "type": "string",
                                                                    "description": "The status check context name that must be present on the commit.",
                                                                    "description_kind": "plain",
                                                                    "required": true
                                                                },
                                                                "integration_id": {
                                                                    "type": "number",
                                                                    "description": "The optional integration ID that this status check must originate from.",
                                                                    "description_kind": "plain",
                                                                    "optional": true
                                                                }
                                                            },
                                                            "description": "Status checks that are required. Several can be defined.",
                                                            "description_kind": "plain"
                                                        },
                                                        "min_items": 1
                                                    }
                                                },
                                                "description": "Choose which status checks must pass before branches can be merged into a branch that matches this rule. When enabled, commits must first be pushed to another branch, then merged or pushed directly to a branch that matches this rule after status checks have passed.",
                                                "description_kind": "plain"
                                            },
                                            "max_items": 1
                                        },
                                        "tag_name_pattern": {
                                            "nesting_mode": "list",
                                            "block": {
                                                "attributes": {
                                                    "name": {
                                                        "type": "string",
                                                        "description": "How this rule will appear to users.",
                                                        "description_kind": "plain",
                                                        "optional": true
                                                    },
                                                    "negate": {
                                                        "type": "bool",
                                                        "description": "If true, the rule will fail if the pattern matches.",
                                                        "description_kind": "plain",
                                                        "optional": true
                                                    },
                                                    "operator": {
                                                        "type": "string",
                                                        "description": "The operator to use for matching. Can be one of: `starts_with`, `ends_with`, `contains`, `regex`.",
                                                        "description_kind": "plain",
                                                        "required": true
                                                    },
                                                    "pattern": {
                                                        "type": "string",
                                                        "description": "The pattern to match with.",
                                                        "description_kind": "plain",
                                                        "required": true
                                                    }
                                                },
                                                "description": "Parameters to be used for the tag_name_pattern rule. This rule only applies to repositories within an enterprise, it cannot be applied to repositories owned by individuals or regular organizations. Conflicts with `branch_name_pattern` as it only applies to rulesets with target `tag`.",
                                                "description_kind": "plain"
                                            },
                                            "max_items": 1
                                        }
                                    },
                                    "description": "Rules within the ruleset.",
                                    "description_kind": "plain"
                                },
                                "min_items": 1,
                                "max_items": 1
                            }
                        },
                        "description_kind": "plain"
                    }
                },
                "github_repository_topics": {
                    "version": 0,
                    "block": {
                        "attributes": {
                            "id": {
                                "type": "string",
                                "description_kind": "plain",
                                "optional": true,
                                "computed": true
                            },
                            "repository": {
                                "type": "string",
                                "description": "The name of the repository. The name is not case sensitive.",
                                "description_kind": "plain",
                                "required": true
                            },
                            "topics": {
                                "type": [
                                    "set",
                                    "string"
                                ],
                                "description": "An array of topics to add to the repository. Pass one or more topics to replace the set of existing topics. Send an empty array ([]) to clear all topics from the repository. Note: Topic names cannot contain uppercase letters.",
                                "description_kind": "plain",
                                "required": true
                            }
                        },
                        "description_kind": "plain"
                    }
                },
                "github_repository_vulnerability_alerts": {
                    "version": 0,
                    "block": {
                        "attributes": {
                            "enabled": {
                                "type": "bool",
                                "description": "Whether vulnerability alerts are enabled for the repository.",
                                "description_kind": "plain",
                                "optional": true
                            },
                            "id": {
                                "type": "string",
                                "description_kind": "plain",
                                "optional": true,
                                "computed": true
                            },
                            "repository": {
                                "type": "string",
                                "description": "The repository name to configure vulnerability alerts for.",
                                "description_kind": "plain",
                                "required": true
                            },
                            "repository_id": {
                                "type": "number",
                                "description": "The ID of the repository to configure vulnerability alerts for.",
                                "description_kind": "plain",
                                "computed": true
                            }
                        },
                        "description_kind": "plain"
                    }
                },
                "github_repository_webhook": {
                    "version": 1,
                    "block": {
                        "attributes": {
                            "active": {
                                "type": "bool",
                                "description": "Indicate if the webhook should receive events. Defaults to 'true'.",
                                "description_kind": "plain",
                                "optional": true
                            },
                            "etag": {
                                "type": "string",
                                "description_kind": "plain",
                                "optional": true,
                                "computed": true
                            },
                            "events": {
                                "type": [
                                    "set",
                                    "string"
                                ],
                                "description": "A list of events which should trigger the webhook",
                                "description_kind": "plain",
                                "required": true
                            },
                            "id": {
                                "type": "string",
                                "description_kind": "plain",
                                "optional": true,
                                "computed": true
                            },
                            "repository": {
                                "type": "string",
                                "description": "The repository name of the webhook, not including the organization, which will be inferred.",
                                "description_kind": "plain",
                                "required": true
                            },
                            "url": {
                                "type": "string",
                                "description": "Configuration block for the webhook",
                                "description_kind": "plain",
                                "computed": true
                            }
                        },
                        "block_types": {
                            "configuration": {
                                "nesting_mode": "list",
                                "block": {
                                    "attributes": {
                                        "content_type": {
                                            "type": "string",
                                            "description": "The content type for the payload. Valid values are either 'form' or 'json'.",
                                            "description_kind": "plain",
                                            "optional": true
                                        },
                                        "insecure_ssl": {
                                            "type": "bool",
                                            "description": "Insecure SSL boolean toggle. Defaults to 'false'.",
                                            "description_kind": "plain",
                                            "optional": true
                                        },
                                        "secret": {
                                            "type": "string",
                                            "description": "The shared secret for the webhook",
                                            "description_kind": "plain",
                                            "optional": true,
                                            "sensitive": true
                                        },
                                        "url": {
                                            "type": "string",
                                            "description": "The URL of the webhook.",
                                            "description_kind": "plain",
                                            "required": true,
                                            "sensitive": true
                                        }
                                    },
                                    "description": "Configuration for the webhook.",
                                    "description_kind": "plain"
                                },
                                "max_items": 1
                            }
                        },
                        "description_kind": "plain"
                    }
                },
                "github_team": {
                    "version": 0,
                    "block": {
                        "attributes": {
                            "create_default_maintainer": {
                                "type": "bool",
                                "description": "Adds a default maintainer to the team. Adds the creating user to the team when 'true'.",
                                "description_kind": "plain",
                                "deprecated": true,
                                "optional": true
                            },
                            "description": {
                                "type": "string",
                                "description": "A description of the team.",
                                "description_kind": "plain",
                                "optional": true
                            },
                            "etag": {
                                "type": "string",
                                "description_kind": "plain",
                                "computed": true
                            },
                            "id": {
                                "type": "string",
                                "description_kind": "plain",
                                "optional": true,
                                "computed": true
                            },
                            "ldap_dn": {
                                "type": "string",
                                "description": "The LDAP Distinguished Name of the group where membership will be synchronized. Only available in GitHub Enterprise Server.",
                                "description_kind": "plain",
                                "optional": true
                            },
                            "members_count": {
                                "type": "number",
                                "description_kind": "plain",
                                "computed": true
                            },
                            "name": {
                                "type": "string",
                                "description": "The name of the team.",
                                "description_kind": "plain",
                                "required": true
                            },
                            "node_id": {
                                "type": "string",
                                "description": "The Node ID of the created team.",
                                "description_kind": "plain",
                                "computed": true
                            },
                            "notification_setting": {
                                "type": "string",
                                "description": "The notification setting for the team. Must be one of 'notifications_enabled' or 'notifications_disabled'.",
                                "description_kind": "plain",
                                "optional": true
                            },
                            "parent_team_id": {
                                "type": "string",
                                "description": "The ID or slug of the parent team, if this is a nested team.",
                                "description_kind": "plain",
                                "optional": true
                            },
                            "parent_team_read_id": {
                                "type": "string",
                                "description": "The id of the parent team read in Github.",
                                "description_kind": "plain",
                                "optional": true,
                                "computed": true
                            },
                            "parent_team_read_slug": {
                                "type": "string",
                                "description": "The id of the parent team read in Github.",
                                "description_kind": "plain",
                                "optional": true,
                                "computed": true
                            },
                            "privacy": {
                                "type": "string",
                                "description": "The level of privacy for the team. Must be one of 'secret' or 'closed'.",
                                "description_kind": "plain",
                                "optional": true
                            },
                            "slug": {
                                "type": "string",
                                "description": "The slug of the created team.",
                                "description_kind": "plain",
                                "computed": true
                            }
                        },
                        "description_kind": "plain"
                    }
                },
                "github_team_members": {
                    "version": 0,
                    "block": {
                        "attributes": {
                            "id": {
                                "type": "string",
                                "description_kind": "plain",
                                "optional": true,
                                "computed": true
                            },
                            "team_id": {
                                "type": "string",
                                "description": "The GitHub team id or slug",
                                "description_kind": "plain",
                                "required": true
                            }
                        },
                        "block_types": {
                            "members": {
                                "nesting_mode": "set",
                                "block": {
                                    "attributes": {
                                        "role": {
                                            "type": "string",
                                            "description": "The role of the user within the team. Must be one of 'member' or 'maintainer'.",
                                            "description_kind": "plain",
                                            "optional": true
                                        },
                                        "username": {
                                            "type": "string",
                                            "description": "The user to add to the team.",
                                            "description_kind": "plain",
                                            "required": true
                                        }
                                    },
                                    "description": "List of team members.",
                                    "description_kind": "plain"
                                },
                                "min_items": 1
                            }
                        },
                        "description_kind": "plain"
                    }
                },
                "github_team_membership": {
                    "version": 0,
                    "block": {
                        "attributes": {
                            "etag": {
                                "type": "string",
                                "description_kind": "plain",
                                "computed": true
                            },
                            "id": {
                                "type": "string",
                                "description_kind": "plain",
                                "optional": true,
                                "computed": true
                            },
                            "role": {
                                "type": "string",
                                "description": "The role of the user within the team. Must be one of 'member' or 'maintainer'.",
                                "description_kind": "plain",
                                "optional": true
                            },
                            "team_id": {
                                "type": "string",
                                "description": "The GitHub team id or the GitHub team slug.",
                                "description_kind": "plain",
                                "required": true
                            },
                            "username": {
                                "type": "string",
                                "description": "The user to add to the team.",
                                "description_kind": "plain",
                                "required": true
                            }
                        },
                        "description_kind": "plain"
                    }
                },
                "github_team_repository": {
                    "version": 0,
                    "block": {
                        "attributes": {
                            "etag": {
                                "type": "string",
                                "description_kind": "plain",
                                "computed": true
                            },
                            "id": {
                                "type": "string",
                                "description_kind": "plain",
                                "optional": true,
                                "computed": true
                            },
                            "permission": {
                                "type": "string",
                                "description": "The permissions of team members regarding the repository. Must be one of 'pull', 'triage', 'push', 'maintain', 'admin' or the name of an existing custom repository role within the organisation.",
                                "description_kind": "plain",
                                "optional": true
                            },
                            "repository": {
                                "type": "string",
                                "description": "The repository to add to the team.",
                                "description_kind": "plain",
                                "required": true
                            },
                            "team_id": {
                                "type": "string",
                                "description": "ID or slug of team",
                                "description_kind": "plain",
                                "required": true
                            }
                        },
                        "description_kind": "plain"
                    }
                },
                "github_team_settings": {
                    "version": 0,
                    "block": {
                        "attributes": {
                            "id": {
                                "type": "string",
                                "description_kind": "plain",
                                "optional": true,
                                "computed": true
                            },
                            "notify": {
                                "type": "bool",
                                "description": "Whether to notify the entire team when at least one member is also assigned to the pull request.",
                                "description_kind": "plain",
                                "optional": true
                            },
                            "team_id": {
                                "type": "string",
                                "description": "The GitHub team id or the GitHub team slug.",
                                "description_kind": "plain",
                                "required": true
                            },
                            "team_slug": {
                                "type": "string",
                                "description": "The slug of the Team within the Organization.",
                                "description_kind": "plain",
                                "computed": true
                            },
                            "team_uid": {
                                "type": "string",
                                "description": "The unique ID of the Team on GitHub. Corresponds to the ID of the 'github_team_settings' resource.",
                                "description_kind": "plain",
                                "computed": true
                            }
                        },
                        "block_types": {
                            "review_request_delegation": {
                                "nesting_mode": "list",
                                "block": {
                                    "attributes": {
                                        "algorithm": {
                                            "type": "string",
                                            "description": "The algorithm to use when assigning pull requests to team members. Supported values are ROUND_ROBIN and LOAD_BALANCE.",
                                            "description_kind": "plain",
                                            "optional": true
                                        },
                                        "member_count": {
                                            "type": "number",
                                            "description": "The number of team members to assign to a pull request.",
                                            "description_kind": "plain",
                                            "optional": true
                                        },
                                        "notify": {
                                            "type": "bool",
                                            "description": "whether to notify the entire team when at least one member is also assigned to the pull request.",
                                            "description_kind": "plain",
                                            "deprecated": true,
                                            "optional": true
                                        }
                                    },
                                    "description": "The settings for delegating code reviews to individuals on behalf of the team. If this block is present, even without any fields, then review request delegation will be enabled for the team.",
                                    "description_kind": "plain"
                                },
                                "max_items": 1
                            }
                        },
                        "description_kind": "plain"
                    }
                },
                "github_team_sync_group_mapping": {
                    "version": 0,
                    "block": {
                        "attributes": {
                            "etag": {
                                "type": "string",
                                "description_kind": "plain",
                                "computed": true
                            },
                            "id": {
                                "type": "string",
                                "description_kind": "plain",
                                "optional": true,
                                "computed": true
                            },
                            "team_slug": {
                                "type": "string",
                                "description": "Slug of the team.",
                                "description_kind": "plain",
                                "required": true
                            }
                        },
                        "block_types": {
                            "group": {
                                "nesting_mode": "set",
                                "block": {
                                    "attributes": {
                                        "group_description": {
                                            "type": "string",
                                            "description": "The description of the IdP group.",
                                            "description_kind": "plain",
                                            "required": true
                                        },
                                        "group_id": {
                                            "type": "string",
                                            "description": "The ID of the IdP group.",
                                            "description_kind": "plain",
                                            "required": true
                                        },
                                        "group_name": {
                                            "type": "string",
                                            "description": "The name of the IdP group.",
                                            "description_kind": "plain",
                                            "required": true
                                        }
                                    },
                                    "description": "An Array of GitHub Identity Provider Groups (or empty []).",
                                    "description_kind": "plain"
                                }
                            }
                        },
                        "description_kind": "plain"
                    }
                },
                "github_user_gpg_key": {
                    "version": 0,
                    "block": {
                        "attributes": {
                            "armored_public_key": {
                                "type": "string",
                                "description": "Your public GPG key, generated in ASCII-armored format.",
                                "description_kind": "plain",
                                "required": true
                            },
                            "etag": {
                                "type": "string",
                                "description_kind": "plain",
                                "computed": true
                            },
                            "id": {
                                "type": "string",
                                "description_kind": "plain",
                                "optional": true,
                                "computed": true
                            },
                            "key_id": {
                                "type": "string",
                                "description": "The key ID of the GPG key.",
                                "description_kind": "plain",
                                "computed": true
                            }
                        },
                        "description_kind": "plain"
                    }
                },
                "github_user_invitation_accepter": {
                    "version": 0,
                    "block": {
                        "attributes": {
                            "allow_empty_id": {
                                "type": "bool",
                                "description": "Allow the ID to be unset. This will result in the resource being skipped when the ID is not set instead of returning an error.",
                                "description_kind": "plain",
                                "optional": true
                            },
                            "id": {
                                "type": "string",
                                "description_kind": "plain",
                                "optional": true,
                                "computed": true
                            },
                            "invitation_id": {
                                "type": "string",
                                "description": "ID of the invitation to accept. Must be set when 'allow_empty_id' is 'false'.",
                                "description_kind": "plain",
                                "optional": true
                            }
                        },
                        "description_kind": "plain"
                    }
                },
                "github_user_ssh_key": {
                    "version": 0,
                    "block": {
                        "attributes": {
                            "etag": {
                                "type": "string",
                                "description_kind": "plain",
                                "computed": true
                            },
                            "id": {
                                "type": "string",
                                "description_kind": "plain",
                                "optional": true,
                                "computed": true
                            },
                            "key": {
                                "type": "string",
                                "description": "The public SSH key to add to your GitHub account.",
                                "description_kind": "plain",
                                "required": true
                            },
                            "title": {
                                "type": "string",
                                "description": "A descriptive name for the new key.",
                                "description_kind": "plain",
                                "required": true
                            },
                            "url": {
                                "type": "string",
                                "description": "The URL of the SSH key.",
                                "description_kind": "plain",
                                "computed": true
                            }
                        },
                        "description_kind": "plain"
                    }
                },
                "github_workflow_repository_permissions": {
                    "version": 0,
                    "block": {
                        "attributes": {
                            "can_approve_pull_request_reviews": {
                                "type": "bool",
                                "description": "Whether GitHub Actions can approve pull requests. Enabling this can be a security risk.",
                                "description_kind": "plain",
                                "optional": true
                            },
                            "default_workflow_permissions": {
                                "type": "string",
                                "description": "The default workflow permissions granted to the GITHUB_TOKEN when running workflows.",
                                "description_kind": "plain",
                                "optional": true
                            },
                            "id": {
                                "type": "string",
                                "description_kind": "plain",
                                "optional": true,
                                "computed": true
                            },
                            "repository": {
                                "type": "string",
                                "description": "The GitHub repository.",
                                "description_kind": "plain",
                                "required": true
                            }
                        },
                        "description_kind": "plain"
                    }
                }
            },
            "data_source_schemas": {
                "github_actions_environment_public_key": {
                    "version": 0,
                    "block": {
                        "attributes": {
                            "environment": {
                                "type": "string",
                                "description_kind": "plain",
                                "required": true
                            },
                            "id": {
                                "type": "string",
                                "description_kind": "plain",
                                "optional": true,
                                "computed": true
                            },
                            "key": {
                                "type": "string",
                                "description_kind": "plain",
                                "computed": true
                            },
                            "key_id": {
                                "type": "string",
                                "description_kind": "plain",
                                "computed": true
                            },
                            "repository": {
                                "type": "string",
                                "description_kind": "plain",
                                "required": true
                            }
                        },
                        "description_kind": "plain"
                    }
                },
                "github_actions_environment_secrets": {
                    "version": 0,
                    "block": {
                        "attributes": {
                            "environment": {
                                "type": "string",
                                "description_kind": "plain",
                                "required": true
                            },
                            "full_name": {
                                "type": "string",
                                "description_kind": "plain",
                                "optional": true,
                                "computed": true
                            },
                            "id": {
                                "type": "string",
                                "description_kind": "plain",
                                "optional": true,
                                "computed": true
                            },
                            "name": {
                                "type": "string",
                                "description_kind": "plain",
                                "optional": true,
                                "computed": true
                            },
                            "secrets": {
                                "type": [
                                    "list",
                                    [
                                        "object",
                                        {
                                            "created_at": "string",
                                            "name": "string",
                                            "updated_at": "string"
                                        }
                                    ]
                                ],
                                "description_kind": "plain",
                                "computed": true
                            }
                        },
                        "description_kind": "plain"
                    }
                },
                "github_actions_environment_variables": {
                    "version": 0,
                    "block": {
                        "attributes": {
                            "environment": {
                                "type": "string",
                                "description_kind": "plain",
                                "required": true
                            },
                            "full_name": {
                                "type": "string",
                                "description_kind": "plain",
                                "optional": true,
                                "computed": true
                            },
                            "id": {
                                "type": "string",
                                "description_kind": "plain",
                                "optional": true,
                                "computed": true
                            },
                            "name": {
                                "type": "string",
                                "description_kind": "plain",
                                "optional": true,
                                "computed": true
                            },
                            "variables": {
                                "type": [
                                    "list",
                                    [
                                        "object",
                                        {
                                            "created_at": "string",
                                            "name": "string",
                                            "updated_at": "string",
                                            "value": "string"
                                        }
                                    ]
                                ],
                                "description_kind": "plain",
                                "computed": true
                            }
                        },
                        "description_kind": "plain"
                    }
                },
                "github_actions_organization_oidc_subject_claim_customization_template": {
                    "version": 0,
                    "block": {
                        "attributes": {
                            "id": {
                                "type": "string",
                                "description_kind": "plain",
                                "optional": true,
                                "computed": true
                            },
                            "include_claim_keys": {
                                "type": [
                                    "list",
                                    "string"
                                ],
                                "description_kind": "plain",
                                "computed": true
                            }
                        },
                        "description_kind": "plain"
                    }
                },
                "github_actions_organization_public_key": {
                    "version": 0,
                    "block": {
                        "attributes": {
                            "id": {
                                "type": "string",
                                "description_kind": "plain",
                                "optional": true,
                                "computed": true
                            },
                            "key": {
                                "type": "string",
                                "description_kind": "plain",
                                "computed": true
                            },
                            "key_id": {
                                "type": "string",
                                "description_kind": "plain",
                                "computed": true
                            }
                        },
                        "description_kind": "plain"
                    }
                },
                "github_actions_organization_registration_token": {
                    "version": 0,
                    "block": {
                        "attributes": {
                            "expires_at": {
                                "type": "number",
                                "description_kind": "plain",
                                "computed": true
                            },
                            "id": {
                                "type": "string",
                                "description_kind": "plain",
                                "optional": true,
                                "computed": true
                            },
                            "token": {
                                "type": "string",
                                "description_kind": "plain",
                                "computed": true
                            }
                        },
                        "description_kind": "plain"
                    }
                },
                "github_actions_organization_secrets": {
                    "version": 0,
                    "block": {
                        "attributes": {
                            "id": {
                                "type": "string",
                                "description_kind": "plain",
                                "optional": true,
                                "computed": true
                            },
                            "secrets": {
                                "type": [
                                    "list",
                                    [
                                        "object",
                                        {
                                            "created_at": "string",
                                            "name": "string",
                                            "updated_at": "string",
                                            "visibility": "string"
                                        }
                                    ]
                                ],
                                "description_kind": "plain",
                                "computed": true
                            }
                        },
                        "description_kind": "plain"
                    }
                },
                "github_actions_organization_variables": {
                    "version": 0,
                    "block": {
                        "attributes": {
                            "id": {
                                "type": "string",
                                "description_kind": "plain",
                                "optional": true,
                                "computed": true
                            },
                            "variables": {
                                "type": [
                                    "list",
                                    [
                                        "object",
                                        {
                                            "created_at": "string",
                                            "name": "string",
                                            "updated_at": "string",
                                            "value": "string",
                                            "visibility": "string"
                                        }
                                    ]
                                ],
                                "description_kind": "plain",
                                "computed": true
                            }
                        },
                        "description_kind": "plain"
                    }
                },
                "github_actions_public_key": {
                    "version": 0,
                    "block": {
                        "attributes": {
                            "id": {
                                "type": "string",
                                "description_kind": "plain",
                                "optional": true,
                                "computed": true
                            },
                            "key": {
                                "type": "string",
                                "description_kind": "plain",
                                "computed": true
                            },
                            "key_id": {
                                "type": "string",
                                "description_kind": "plain",
                                "computed": true
                            },
                            "repository": {
                                "type": "string",
                                "description_kind": "plain",
                                "required": true
                            }
                        },
                        "description_kind": "plain"
                    }
                },
                "github_actions_registration_token": {
                    "version": 0,
                    "block": {
                        "attributes": {
                            "expires_at": {
                                "type": "number",
                                "description_kind": "plain",
                                "computed": true
                            },
                            "id": {
                                "type": "string",
                                "description_kind": "plain",
                                "optional": true,
                                "computed": true
                            },
                            "repository": {
                                "type": "string",
                                "description_kind": "plain",
                                "required": true
                            },
                            "token": {
                                "type": "string",
                                "description_kind": "plain",
                                "computed": true
                            }
                        },
                        "description_kind": "plain"
                    }
                },
                "github_actions_repository_oidc_subject_claim_customization_template": {
                    "version": 0,
                    "block": {
                        "attributes": {
                            "id": {
                                "type": "string",
                                "description_kind": "plain",
                                "optional": true,
                                "computed": true
                            },
                            "include_claim_keys": {
                                "type": [
                                    "list",
                                    "string"
                                ],
                                "description_kind": "plain",
                                "computed": true
                            },
                            "name": {
                                "type": "string",
                                "description_kind": "plain",
                                "required": true
                            },
                            "use_default": {
                                "type": "bool",
                                "description_kind": "plain",
                                "computed": true
                            }
                        },
                        "description_kind": "plain"
                    }
                },
                "github_actions_secrets": {
                    "version": 0,
                    "block": {
                        "attributes": {
                            "full_name": {
                                "type": "string",
                                "description_kind": "plain",
                                "optional": true,
                                "computed": true
                            },
                            "id": {
                                "type": "string",
                                "description_kind": "plain",
                                "optional": true,
                                "computed": true
                            },
                            "name": {
                                "type": "string",
                                "description_kind": "plain",
                                "optional": true,
                                "computed": true
                            },
                            "secrets": {
                                "type": [
                                    "list",
                                    [
                                        "object",
                                        {
                                            "created_at": "string",
                                            "name": "string",
                                            "updated_at": "string"
                                        }
                                    ]
                                ],
                                "description_kind": "plain",
                                "computed": true
                            }
                        },
                        "description_kind": "plain"
                    }
                },
                "github_actions_variables": {
                    "version": 0,
                    "block": {
                        "attributes": {
                            "full_name": {
                                "type": "string",
                                "description_kind": "plain",
                                "optional": true,
                                "computed": true
                            },
                            "id": {
                                "type": "string",
                                "description_kind": "plain",
                                "optional": true,
                                "computed": true
                            },
                            "name": {
                                "type": "string",
                                "description_kind": "plain",
                                "optional": true,
                                "computed": true
                            },
                            "variables": {
                                "type": [
                                    "list",
                                    [
                                        "object",
                                        {
                                            "created_at": "string",
                                            "name": "string",
                                            "updated_at": "string",
                                            "value": "string"
                                        }
                                    ]
                                ],
                                "description_kind": "plain",
                                "computed": true
                            }
                        },
                        "description_kind": "plain"
                    }
                },
                "github_app": {
                    "version": 0,
                    "block": {
                        "attributes": {
                            "description": {
                                "type": "string",
                                "description_kind": "plain",
                                "computed": true
                            },
                            "id": {
                                "type": "string",
                                "description_kind": "plain",
                                "optional": true,
                                "computed": true
                            },
                            "name": {
                                "type": "string",
                                "description_kind": "plain",
                                "computed": true
                            },
                            "node_id": {
                                "type": "string",
                                "description_kind": "plain",
                                "computed": true
                            },
                            "slug": {
                                "type": "string",
                                "description_kind": "plain",
                                "required": true
                            }
                        },
                        "description_kind": "plain"
                    }
                },
                "github_app_token": {
                    "version": 0,
                    "block": {
                        "attributes": {
                            "app_id": {
                                "type": "string",
                                "description": "The GitHub App ID.",
                                "description_kind": "plain",
                                "required": true
                            },
                            "id": {
                                "type": "string",
                                "description_kind": "plain",
                                "optional": true,
                                "computed": true
                            },
                            "installation_id": {
                                "type": "string",
                                "description": "The GitHub App installation instance ID.",
                                "description_kind": "plain",
                                "required": true
                            },
                            "pem_file": {
                                "type": "string",
                                "description": "The GitHub App PEM file contents.",
                                "description_kind": "plain",
                                "required": true
                            },
                            "token": {
                                "type": "string",
                                "description": "The generated token from the credentials.",
                                "description_kind": "plain",
                                "computed": true,
                                "sensitive": true
                            }
                        },
                        "description_kind": "plain"
                    }
                },
                "github_branch": {
                    "version": 0,
                    "block": {
                        "attributes": {
                            "branch": {
                                "type": "string",
                                "description_kind": "plain",
                                "required": true
                            },
                            "etag": {
                                "type": "string",
                                "description_kind": "plain",
                                "computed": true
                            },
                            "id": {
                                "type": "string",
                                "description_kind": "plain",
                                "optional": true,
                                "computed": true
                            },
                            "ref": {
                                "type": "string",
                                "description_kind": "plain",
                                "computed": true
                            },
                            "repository": {
                                "type": "string",
                                "description_kind": "plain",
                                "required": true
                            },
                            "sha": {
                                "type": "string",
                                "description_kind": "plain",
                                "computed": true
                            }
                        },
                        "description_kind": "plain"
                    }
                },
                "github_branch_protection_rules": {
                    "version": 0,
                    "block": {
                        "attributes": {
                            "id": {
                                "type": "string",
                                "description_kind": "plain",
                                "optional": true,
                                "computed": true
                            },
                            "repository": {
                                "type": "string",
                                "description_kind": "plain",
                                "required": true
                            },
                            "rules": {
                                "type": [
                                    "list",
                                    [
                                        "object",
                                        {
                                            "pattern": "string"
                                        }
                                    ]
                                ],
                                "description_kind": "plain",
                                "computed": true
                            }
                        },
                        "description_kind": "plain"
                    }
                },
                "github_codespaces_organization_public_key": {
                    "version": 0,
                    "block": {
                        "attributes": {
                            "id": {
                                "type": "string",
                                "description_kind": "plain",
                                "optional": true,
                                "computed": true
                            },
                            "key": {
                                "type": "string",
                                "description_kind": "plain",
                                "computed": true
                            },
                            "key_id": {
                                "type": "string",
                                "description_kind": "plain",
                                "computed": true
                            }
                        },
                        "description_kind": "plain"
                    }
                },
                "github_codespaces_organization_secrets": {
                    "version": 0,
                    "block": {
                        "attributes": {
                            "id": {
                                "type": "string",
                                "description_kind": "plain",
                                "optional": true,
                                "computed": true
                            },
                            "secrets": {
                                "type": [
                                    "list",
                                    [
                                        "object",
                                        {
                                            "created_at": "string",
                                            "name": "string",
                                            "updated_at": "string",
                                            "visibility": "string"
                                        }
                                    ]
                                ],
                                "description_kind": "plain",
                                "computed": true
                            }
                        },
                        "description_kind": "plain"
                    }
                },
                "github_codespaces_public_key": {
                    "version": 0,
                    "block": {
                        "attributes": {
                            "id": {
                                "type": "string",
                                "description_kind": "plain",
                                "optional": true,
                                "computed": true
                            },
                            "key": {
                                "type": "string",
                                "description_kind": "plain",
                                "computed": true
                            },
                            "key_id": {
                                "type": "string",
                                "description_kind": "plain",
                                "computed": true
                            },
                            "repository": {
                                "type": "string",
                                "description_kind": "plain",
                                "required": true
                            }
                        },
                        "description_kind": "plain"
                    }
                },
                "github_codespaces_secrets": {
                    "version": 0,
                    "block": {
                        "attributes": {
                            "full_name": {
                                "type": "string",
                                "description": "Full name of the repository (in `org/name` format).",
                                "description_kind": "plain",
                                "optional": true,
                                "computed": true
                            },
                            "id": {
                                "type": "string",
                                "description_kind": "plain",
                                "optional": true,
                                "computed": true
                            },
                            "name": {
                                "type": "string",
                                "description": "The name of the repository.",
                                "description_kind": "plain",
                                "optional": true,
                                "computed": true
                            },
                            "secrets": {
                                "type": [
                                    "list",
                                    [
                                        "object",
                                        {
                                            "created_at": "string",
                                            "name": "string",
                                            "updated_at": "string"
                                        }
                                    ]
                                ],
                                "description_kind": "plain",
                                "computed": true
                            }
                        },
                        "description_kind": "plain"
                    }
                },
                "github_codespaces_user_public_key": {
                    "version": 0,
                    "block": {
                        "attributes": {
                            "id": {
                                "type": "string",
                                "description_kind": "plain",
                                "optional": true,
                                "computed": true
                            },
                            "key": {
                                "type": "string",
                                "description_kind": "plain",
                                "computed": true
                            },
                            "key_id": {
                                "type": "string",
                                "description_kind": "plain",
                                "computed": true
                            }
                        },
                        "description_kind": "plain"
                    }
                },
                "github_codespaces_user_secrets": {
                    "version": 0,
                    "block": {
                        "attributes": {
                            "id": {
                                "type": "string",
                                "description_kind": "plain",
                                "optional": true,
                                "computed": true
                            },
                            "secrets": {
                                "type": [
                                    "list",
                                    [
                                        "object",
                                        {
                                            "created_at": "string",
                                            "name": "string",
                                            "updated_at": "string",
                                            "visibility": "string"
                                        }
                                    ]
                                ],
                                "description_kind": "plain",
                                "computed": true
                            }
                        },
                        "description_kind": "plain"
                    }
                },
                "github_collaborators": {
                    "version": 0,
                    "block": {
                        "attributes": {
                            "affiliation": {
                                "type": "string",
                                "description_kind": "plain",
                                "optional": true
                            },
                            "collaborator": {
                                "type": [
                                    "list",
                                    [
                                        "object",
                                        {
                                            "events_url": "string",
                                            "followers_url": "string",
                                            "following_url": "string",
                                            "gists_url": "string",
                                            "html_url": "string",
                                            "id": "number",
                                            "login": "string",
                                            "organizations_url": "string",
                                            "permission": "string",
                                            "received_events_url": "string",
                                            "repos_url": "string",
                                            "site_admin": "bool",
                                            "starred_url": "string",
                                            "subscriptions_url": "string",
                                            "type": "string",
                                            "url": "string"
                                        }
                                    ]
                                ],
                                "description_kind": "plain",
                                "computed": true
                            },
                            "id": {
                                "type": "string",
                                "description_kind": "plain",
                                "optional": true,
                                "computed": true
                            },
                            "owner": {
                                "type": "string",
                                "description_kind": "plain",
                                "required": true
                            },
                            "permission": {
                                "type": "string",
                                "description_kind": "plain",
                                "optional": true
                            },
                            "repository": {
                                "type": "string",
                                "description_kind": "plain",
                                "required": true
                            }
                        },
                        "description_kind": "plain"
                    }
                },
                "github_dependabot_organization_public_key": {
                    "version": 0,
                    "block": {
                        "attributes": {
                            "id": {
                                "type": "string",
                                "description_kind": "plain",
                                "optional": true,
                                "computed": true
                            },
                            "key": {
                                "type": "string",
                                "description_kind": "plain",
                                "computed": true
                            },
                            "key_id": {
                                "type": "string",
                                "description_kind": "plain",
                                "computed": true
                            }
                        },
                        "description_kind": "plain"
                    }
                },
                "github_dependabot_organization_secrets": {
                    "version": 0,
                    "block": {
                        "attributes": {
                            "id": {
                                "type": "string",
                                "description_kind": "plain",
                                "optional": true,
                                "computed": true
                            },
                            "secrets": {
                                "type": [
                                    "list",
                                    [
                                        "object",
                                        {
                                            "created_at": "string",
                                            "name": "string",
                                            "updated_at": "string",
                                            "visibility": "string"
                                        }
                                    ]
                                ],
                                "description_kind": "plain",
                                "computed": true
                            }
                        },
                        "description_kind": "plain"
                    }
                },
                "github_dependabot_public_key": {
                    "version": 0,
                    "block": {
                        "attributes": {
                            "id": {
                                "type": "string",
                                "description_kind": "plain",
                                "optional": true,
                                "computed": true
                            },
                            "key": {
                                "type": "string",
                                "description_kind": "plain",
                                "computed": true
                            },
                            "key_id": {
                                "type": "string",
                                "description_kind": "plain",
                                "computed": true
                            },
                            "repository": {
                                "type": "string",
                                "description_kind": "plain",
                                "required": true
                            }
                        },
                        "description_kind": "plain"
                    }
                },
                "github_dependabot_secrets": {
                    "version": 0,
                    "block": {
                        "attributes": {
                            "full_name": {
                                "type": "string",
                                "description_kind": "plain",
                                "optional": true,
                                "computed": true
                            },
                            "id": {
                                "type": "string",
                                "description_kind": "plain",
                                "optional": true,
                                "computed": true
                            },
                            "name": {
                                "type": "string",
                                "description_kind": "plain",
                                "optional": true,
                                "computed": true
                            },
                            "secrets": {
                                "type": [
                                    "list",
                                    [
                                        "object",
                                        {
                                            "created_at": "string",
                                            "name": "string",
                                            "updated_at": "string"
                                        }
                                    ]
                                ],
                                "description_kind": "plain",
                                "computed": true
                            }
                        },
                        "description_kind": "plain"
                    }
                },
                "github_enterprise": {
                    "version": 0,
                    "block": {
                        "attributes": {
                            "created_at": {
                                "type": "string",
                                "description_kind": "plain",
                                "computed": true
                            },
                            "database_id": {
                                "type": "number",
                                "description_kind": "plain",
                                "computed": true
                            },
                            "description": {
                                "type": "string",
                                "description_kind": "plain",
                                "computed": true
                            },
                            "id": {
                                "type": "string",
                                "description_kind": "plain",
                                "optional": true,
                                "computed": true
                            },
                            "name": {
                                "type": "string",
                                "description_kind": "plain",
                                "computed": true
                            },
                            "slug": {
                                "type": "string",
                                "description_kind": "plain",
                                "required": true
                            },
                            "url": {
                                "type": "string",
                                "description_kind": "plain",
                                "computed": true
                            }
                        },
                        "description_kind": "plain"
                    }
                },
                "github_external_groups": {
                    "version": 0,
                    "block": {
                        "attributes": {
                            "external_groups": {
                                "type": [
                                    "list",
                                    [
                                        "object",
                                        {
                                            "group_id": "number",
                                            "group_name": "string",
                                            "updated_at": "string"
                                        }
                                    ]
                                ],
                                "description_kind": "plain",
                                "computed": true
                            },
                            "id": {
                                "type": "string",
                                "description_kind": "plain",
                                "optional": true,
                                "computed": true
                            }
                        },
                        "description_kind": "plain"
                    }
                },
                "github_ip_ranges": {
                    "version": 0,
                    "block": {
                        "attributes": {
                            "actions": {
                                "type": [
                                    "list",
                                    "string"
                                ],
                                "description": "An array of IP addresses in CIDR format specifying the addresses that GitHub Actions will originate from.",
                                "description_kind": "plain",
                                "computed": true
                            },
                            "actions_ipv4": {
                                "type": [
                                    "list",
                                    "string"
                                ],
                                "description": "An array of IPv4 addresses in CIDR format specifying the addresses that GitHub Actions will originate from.",
                                "description_kind": "plain",
                                "computed": true
                            },
                            "actions_ipv6": {
                                "type": [
                                    "list",
                                    "string"
                                ],
                                "description": "An array of IPv6 addresses in CIDR format specifying the addresses that GitHub Actions will originate from.",
                                "description_kind": "plain",
                                "computed": true
                            },
                            "actions_macos": {
                                "type": [
                                    "list",
                                    "string"
                                ],
                                "description": "An array of IP addresses in CIDR format specifying the addresses that GitHub Actions macOS runners will originate from.",
                                "description_kind": "plain",
                                "computed": true
                            },
                            "actions_macos_ipv4": {
                                "type": [
                                    "list",
                                    "string"
                                ],
                                "description": "An array of IPv4 addresses in CIDR format specifying the addresses that GitHub Actions macOS runners will originate from.",
                                "description_kind": "plain",
                                "computed": true
                            },
                            "actions_macos_ipv6": {
                                "type": [
                                    "list",
                                    "string"
                                ],
                                "description": "An array of IPv6 addresses in CIDR format specifying the addresses that GitHub Actions macOS runners will originate from.",
                                "description_kind": "plain",
                                "computed": true
                            },
                            "api": {
                                "type": [
                                    "list",
                                    "string"
                                ],
                                "description_kind": "plain",
                                "computed": true
                            },
                            "api_ipv4": {
                                "type": [
                                    "list",
                                    "string"
                                ],
                                "description_kind": "plain",
                                "computed": true
                            },
                            "api_ipv6": {
                                "type": [
                                    "list",
                                    "string"
                                ],
                                "description_kind": "plain",
                                "computed": true
                            },
                            "dependabot": {
                                "type": [
                                    "list",
                                    "string"
                                ],
                                "description_kind": "plain",
                                "deprecated": true,
                                "computed": true
                            },
                            "dependabot_ipv4": {
                                "type": [
                                    "list",
                                    "string"
                                ],
                                "description_kind": "plain",
                                "deprecated": true,
                                "computed": true
                            },
                            "dependabot_ipv6": {
                                "type": [
                                    "list",
                                    "string"
                                ],
                                "description_kind": "plain",
                                "deprecated": true,
                                "computed": true
                            },
                            "git": {
                                "type": [
                                    "list",
                                    "string"
                                ],
                                "description_kind": "plain",
                                "computed": true
                            },
                            "git_ipv4": {
                                "type": [
                                    "list",
                                    "string"
                                ],
                                "description_kind": "plain",
                                "computed": true
                            },
                            "git_ipv6": {
                                "type": [
                                    "list",
                                    "string"
                                ],
                                "description_kind": "plain",
                                "computed": true
                            },
                            "github_enterprise_importer": {
                                "type": [
                                    "list",
                                    "string"
                                ],
                                "description": "An array of IP addresses in CIDR format specifying the addresses that GitHub Enterprise Importer will originate from.",
                                "description_kind": "plain",
                                "computed": true
                            },
                            "github_enterprise_importer_ipv4": {
                                "type": [
                                    "list",
                                    "string"
                                ],
                                "description": "An array of IPv4 addresses in CIDR format specifying the addresses that GitHub Enterprise Importer will originate from.",
                                "description_kind": "plain",
                                "computed": true
                            },
                            "github_enterprise_importer_ipv6": {
                                "type": [
                                    "list",
                                    "string"
                                ],
                                "description": "An array of IPv6 addresses in CIDR format specifying the addresses that GitHub Enterprise Importer will originate from.",
                                "description_kind": "plain",
                                "computed": true
                            },
                            "hooks": {
                                "type": [
                                    "list",
                                    "string"
                                ],
                                "description_kind": "plain",
                                "computed": true
                            },
                            "hooks_ipv4": {
                                "type": [
                                    "list",
                                    "string"
                                ],
                                "description_kind": "plain",
                                "computed": true
                            },
                            "hooks_ipv6": {
                                "type": [
                                    "list",
                                    "string"
                                ],
                                "description_kind": "plain",
                                "computed": true
                            },
                            "id": {
                                "type": "string",
                                "description_kind": "plain",
                                "optional": true,
                                "computed": true
                            },
                            "importer": {
                                "type": [
                                    "list",
                                    "string"
                                ],
                                "description_kind": "plain",
                                "computed": true
                            },
                            "importer_ipv4": {
                                "type": [
                                    "list",
                                    "string"
                                ],
                                "description_kind": "plain",
                                "computed": true
                            },
                            "importer_ipv6": {
                                "type": [
                                    "list",
                                    "string"
                                ],
                                "description_kind": "plain",
                                "computed": true
                            },
                            "packages": {
                                "type": [
                                    "list",
                                    "string"
                                ],
                                "description_kind": "plain",
                                "computed": true
                            },
                            "packages_ipv4": {
                                "type": [
                                    "list",
                                    "string"
                                ],
                                "description_kind": "plain",
                                "computed": true
                            },
                            "packages_ipv6": {
                                "type": [
                                    "list",
                                    "string"
                                ],
                                "description_kind": "plain",
                                "computed": true
                            },
                            "pages": {
                                "type": [
                                    "list",
                                    "string"
                                ],
                                "description_kind": "plain",
                                "computed": true
                            },
                            "pages_ipv4": {
                                "type": [
                                    "list",
                                    "string"
                                ],
                                "description_kind": "plain",
                                "computed": true
                            },
                            "pages_ipv6": {
                                "type": [
                                    "list",
                                    "string"
                                ],
                                "description_kind": "plain",
                                "computed": true
                            },
                            "web": {
                                "type": [
                                    "list",
                                    "string"
                                ],
                                "description_kind": "plain",
                                "computed": true
                            },
                            "web_ipv4": {
                                "type": [
                                    "list",
                                    "string"
                                ],
                                "description_kind": "plain",
                                "computed": true
                            },
                            "web_ipv6": {
                                "type": [
                                    "list",
                                    "string"
                                ],
                                "description_kind": "plain",
                                "computed": true
                            }
                        },
                        "description": "Get the GitHub IP ranges used by various GitHub services.",
                        "description_kind": "plain"
                    }
                },
                "github_issue_labels": {
                    "version": 0,
                    "block": {
                        "attributes": {
                            "id": {
                                "type": "string",
                                "description_kind": "plain",
                                "optional": true,
                                "computed": true
                            },
                            "labels": {
                                "type": [
                                    "list",
                                    [
                                        "object",
                                        {
                                            "color": "string",
                                            "description": "string",
                                            "name": "string",
                                            "url": "string"
                                        }
                                    ]
                                ],
                                "description_kind": "plain",
                                "computed": true
                            },
                            "repository": {
                                "type": "string",
                                "description_kind": "plain",
                                "required": true
                            }
                        },
                        "description_kind": "plain"
                    }
                },
                "github_membership": {
                    "version": 0,
                    "block": {
                        "attributes": {
                            "etag": {
                                "type": "string",
                                "description_kind": "plain",
                                "computed": true
                            },
                            "id": {
                                "type": "string",
                                "description_kind": "plain",
                                "optional": true,
                                "computed": true
                            },
                            "organization": {
                                "type": "string",
                                "description_kind": "plain",
                                "optional": true
                            },
                            "role": {
                                "type": "string",
                                "description_kind": "plain",
                                "computed": true
                            },
                            "state": {
                                "type": "string",
                                "description_kind": "plain",
                                "computed": true
                            },
                            "username": {
                                "type": "string",
                                "description_kind": "plain",
                                "required": true
                            }
                        },
                        "description_kind": "plain"
                    }
                },
                "github_organization": {
                    "version": 0,
                    "block": {
                        "attributes": {
                            "advanced_security_enabled_for_new_repositories": {
                                "type": "bool",
                                "description_kind": "plain",
                                "computed": true
                            },
                            "default_repository_permission": {
                                "type": "string",
                                "description_kind": "plain",
                                "computed": true
                            },
                            "dependabot_alerts_enabled_for_new_repositories": {
                                "type": "bool",
                                "description_kind": "plain",
                                "computed": true
                            },
                            "dependabot_security_updates_enabled_for_new_repositories": {
                                "type": "bool",
                                "description_kind": "plain",
                                "computed": true
                            },
                            "dependency_graph_enabled_for_new_repositories": {
                                "type": "bool",
                                "description_kind": "plain",
                                "computed": true
                            },
                            "description": {
                                "type": "string",
                                "description_kind": "plain",
                                "computed": true
                            },
                            "id": {
                                "type": "string",
                                "description_kind": "plain",
                                "optional": true,
                                "computed": true
                            },
                            "ignore_archived_repos": {
                                "type": "bool",
                                "description_kind": "plain",
                                "optional": true
                            },
                            "login": {
                                "type": "string",
                                "description_kind": "plain",
                                "computed": true
                            },
                            "members": {
                                "type": [
                                    "list",
                                    "string"
                                ],
                                "description_kind": "plain",
                                "deprecated": true,
                                "computed": true
                            },
                            "members_allowed_repository_creation_type": {
                                "type": "string",
                                "description_kind": "plain",
                                "computed": true
                            },
                            "members_can_create_internal_repositories": {
                                "type": "bool",
                                "description_kind": "plain",
                                "computed": true
                            },
                            "members_can_create_pages": {
                                "type": "bool",
                                "description_kind": "plain",
                                "computed": true
                            },
                            "members_can_create_private_pages": {
                                "type": "bool",
                                "description_kind": "plain",
                                "computed": true
                            },
                            "members_can_create_private_repositories": {
                                "type": "bool",
                                "description_kind": "plain",
                                "computed": true
                            },
                            "members_can_create_public_pages": {
                                "type": "bool",
                                "description_kind": "plain",
                                "computed": true
                            },
                            "members_can_create_public_repositories": {
                                "type": "bool",
                                "description_kind": "plain",
                                "computed": true
                            },
                            "members_can_create_repositories": {
                                "type": "bool",
                                "description_kind": "plain",
                                "computed": true
                            },
                            "members_can_fork_private_repositories": {
                                "type": "bool",
                                "description_kind": "plain",
                                "computed": true
                            },
                            "name": {
                                "type": "string",
                                "description_kind": "plain",
                                "required": true
                            },
                            "node_id": {
                                "type": "string",
                                "description_kind": "plain",
                                "computed": true
                            },
                            "orgname": {
                                "type": "string",
                                "description_kind": "plain",
                                "computed": true
                            },
                            "plan": {
                                "type": "string",
                                "description_kind": "plain",
                                "computed": true
                            },
                            "repositories": {
                                "type": [
                                    "list",
                                    "string"
                                ],
                                "description_kind": "plain",
                                "computed": true
                            },
                            "secret_scanning_enabled_for_new_repositories": {
                                "type": "bool",
                                "description_kind": "plain",
                                "computed": true
                            },
                            "secret_scanning_push_protection_enabled_for_new_repositories": {
                                "type": "bool",
                                "description_kind": "plain",
                                "computed": true
                            },
                            "summary_only": {
                                "type": "bool",
                                "description_kind": "plain",
                                "optional": true
                            },
                            "two_factor_requirement_enabled": {
                                "type": "bool",
                                "description_kind": "plain",
                                "computed": true
                            },
                            "users": {
                                "type": [
                                    "list",
                                    [
                                        "map",
                                        "string"
                                    ]
                                ],
                                "description_kind": "plain",
                                "computed": true
                            },
                            "web_commit_signoff_required": {
                                "type": "bool",
                                "description_kind": "plain",
                                "computed": true
                            }
                        },
                        "description_kind": "plain"
                    }
                },
                "github_organization_app_installations": {
                    "version": 0,
                    "block": {
                        "attributes": {
                            "id": {
                                "type": "string",
                                "description_kind": "plain",
                                "optional": true,
                                "computed": true
                            },
                            "installations": {
                                "type": [
                                    "list",
                                    [
                                        "object",
                                        {
                                            "app_id": "number",
                                            "app_slug": "string",
                                            "client_id": "string",
                                            "created_at": "string",
                                            "events": [
                                                "list",
                                                "string"
                                            ],
                                            "id": "number",
                                            "permissions": [
                                                "map",
                                                "string"
                                            ],
                                            "repository_selection": "string",
                                            "single_file_paths": [
                                                "list",
                                                "string"
                                            ],
                                            "suspended": "bool",
                                            "target_id": "number",
                                            "target_type": "string",
                                            "updated_at": "string"
                                        }
                                    ]
                                ],
                                "description": "List of GitHub App installations in the organization.",
                                "description_kind": "plain",
                                "computed": true
                            }
                        },
                        "description": "Use this data source to retrieve all GitHub App installations of the organization.",
                        "description_kind": "plain"
                    }
                },
                "github_organization_custom_properties": {
                    "version": 0,
                    "block": {
                        "attributes": {
                            "allowed_values": {
                                "type": [
                                    "list",
                                    "string"
                                ],
                                "description_kind": "plain",
                                "optional": true,
                                "computed": true
                            },
                            "default_value": {
                                "type": "string",
                                "description_kind": "plain",
                                "optional": true,
                                "computed": true
                            },
                            "description": {
                                "type": "string",
                                "description_kind": "plain",
                                "optional": true,
                                "computed": true
                            },
                            "id": {
                                "type": "string",
                                "description_kind": "plain",
                                "optional": true,
                                "computed": true
                            },
                            "property_name": {
                                "type": "string",
                                "description_kind": "plain",
                                "required": true
                            },
                            "required": {
                                "type": "bool",
                                "description_kind": "plain",
                                "optional": true
                            },
                            "value_type": {
                                "type": "string",
                                "description_kind": "plain",
                                "optional": true
                            },
                            "values_editable_by": {
                                "type": "string",
                                "description_kind": "plain",
                                "optional": true,
                                "computed": true
                            }
                        },
                        "description_kind": "plain"
                    }
                },
                "github_organization_custom_role": {
                    "version": 0,
                    "block": {
                        "attributes": {
                            "base_role": {
                                "type": "string",
                                "description_kind": "plain",
                                "computed": true
                            },
                            "description": {
                                "type": "string",
                                "description_kind": "plain",
                                "computed": true
                            },
                            "id": {
                                "type": "string",
                                "description_kind": "plain",
                                "optional": true,
                                "computed": true
                            },
                            "name": {
                                "type": "string",
                                "description_kind": "plain",
                                "required": true
                            },
                            "permissions": {
                                "type": [
                                    "set",
                                    "string"
                                ],
                                "description_kind": "plain",
                                "computed": true
                            }
                        },
                        "description_kind": "plain",
                        "deprecated": true
                    }
                },
                "github_organization_external_identities": {
                    "version": 0,
                    "block": {
                        "attributes": {
                            "id": {
                                "type": "string",
                                "description_kind": "plain",
                                "optional": true,
                                "computed": true
                            },
                            "identities": {
                                "type": [
                                    "list",
                                    [
                                        "object",
                                        {
                                            "login": "string",
                                            "saml_identity": [
                                                "map",
                                                "string"
                                            ],
                                            "scim_identity": [
                                                "map",
                                                "string"
                                            ]
                                        }
                                    ]
                                ],
                                "description_kind": "plain",
                                "computed": true
                            }
                        },
                        "description_kind": "plain"
                    }
                },
                "github_organization_ip_allow_list": {
                    "version": 0,
                    "block": {
                        "attributes": {
                            "id": {
                                "type": "string",
                                "description_kind": "plain",
                                "optional": true,
                                "computed": true
                            },
                            "ip_allow_list": {
                                "type": [
                                    "list",
                                    [
                                        "object",
                                        {
                                            "allow_list_value": "string",
                                            "created_at": "string",
                                            "id": "string",
                                            "is_active": "bool",
                                            "name": "string",
                                            "updated_at": "string"
                                        }
                                    ]
                                ],
                                "description_kind": "plain",
                                "computed": true
                            }
                        },
                        "description_kind": "plain"
                    }
                },
                "github_organization_repository_role": {
                    "version": 0,
                    "block": {
                        "attributes": {
                            "base_role": {
                                "type": "string",
                                "description": "The system role from which this role inherits permissions.",
                                "description_kind": "plain",
                                "computed": true
                            },
                            "description": {
                                "type": "string",
                                "description": "The description of the organization repository role.",
                                "description_kind": "plain",
                                "computed": true
                            },
                            "id": {
                                "type": "string",
                                "description_kind": "plain",
                                "optional": true,
                                "computed": true
                            },
                            "name": {
                                "type": "string",
                                "description": "The name of the organization repository role.",
                                "description_kind": "plain",
                                "computed": true
                            },
                            "permissions": {
                                "type": [
                                    "set",
                                    "string"
                                ],
                                "description": "The permissions included in this role.",
                                "description_kind": "plain",
                                "computed": true
                            },
                            "role_id": {
                                "type": "number",
                                "description": "The ID of the organization repository role.",
                                "description_kind": "plain",
                                "required": true
                            }
                        },
                        "description": "Lookup a custom organization repository role.",
                        "description_kind": "plain"
                    }
                },
                "github_organization_repository_roles": {
                    "version": 0,
                    "block": {
                        "attributes": {
                            "id": {
                                "type": "string",
                                "description_kind": "plain",
                                "optional": true,
                                "computed": true
                            },
                            "roles": {
                                "type": [
                                    "list",
                                    [
                                        "object",
                                        {
                                            "base_role": "string",
                                            "description": "string",
                                            "name": "string",
                                            "permissions": [
                                                "set",
                                                "string"
                                            ],
                                            "role_id": "number"
                                        }
                                    ]
                                ],
                                "description": "Available organization repository roles.",
                                "description_kind": "plain",
                                "computed": true
                            }
                        },
                        "description": "Lookup all custom repository roles in an organization.",
                        "description_kind": "plain"
                    }
                },
                "github_organization_role": {
                    "version": 0,
                    "block": {
                        "attributes": {
                            "base_role": {
                                "type": "string",
                                "description": "The system role from which this role inherits permissions.",
                                "description_kind": "plain",
                                "computed": true
                            },
                            "description": {
                                "type": "string",
                                "description": "The description of the organization role.",
                                "description_kind": "plain",
                                "computed": true
                            },
                            "id": {
                                "type": "string",
                                "description_kind": "plain",
                                "optional": true,
                                "computed": true
                            },
                            "name": {
                                "type": "string",
                                "description": "The name of the organization role.",
                                "description_kind": "plain",
                                "computed": true
                            },
                            "permissions": {
                                "type": [
                                    "set",
                                    "string"
                                ],
                                "description": "A list of permissions included in this role.",
                                "description_kind": "plain",
                                "computed": true
                            },
                            "role_id": {
                                "type": "number",
                                "description": "The ID of the organization role.",
                                "description_kind": "plain",
                                "required": true
                            },
                            "source": {
                                "type": "string",
                                "description": "The source of this role; one of `Predefined`, `Organization`, or `Enterprise`.",
                                "description_kind": "plain",
                                "computed": true
                            }
                        },
                        "description": "Lookup a custom organization role.",
                        "description_kind": "plain"
                    }
                },
                "github_organization_role_teams": {
                    "version": 0,
                    "block": {
                        "attributes": {
                            "id": {
                                "type": "string",
                                "description_kind": "plain",
                                "optional": true,
                                "computed": true
                            },
                            "role_id": {
                                "type": "number",
                                "description": "The unique identifier of the organization role.",
                                "description_kind": "plain",
                                "required": true
                            },
                            "teams": {
                                "type": [
                                    "list",
                                    [
                                        "object",
                                        {
                                            "name": "string",
                                            "permission": "string",
                                            "slug": "string",
                                            "team_id": "number"
                                        }
                                    ]
                                ],
                                "description": "Teams assigned to the organization role.",
                                "description_kind": "plain",
                                "computed": true
                            }
                        },
                        "description": "Lookup all teams assigned to a custom organization role.",
                        "description_kind": "plain"
                    }
                },
                "github_organization_role_users": {
                    "version": 0,
                    "block": {
                        "attributes": {
                            "id": {
                                "type": "string",
                                "description_kind": "plain",
                                "optional": true,
                                "computed": true
                            },
                            "role_id": {
                                "type": "number",
                                "description": "The ID of the organization role.",
                                "description_kind": "plain",
                                "required": true
                            },
                            "users": {
                                "type": [
                                    "list",
                                    [
                                        "object",
                                        {
                                            "login": "string",
                                            "user_id": "number"
                                        }
                                    ]
                                ],
                                "description": "Users assigned to the organization role.",
                                "description_kind": "plain",
                                "computed": true
                            }
                        },
                        "description": "Lookup all users assigned to a custom organization role.",
                        "description_kind": "plain"
                    }
                },
                "github_organization_roles": {
                    "version": 0,
                    "block": {
                        "attributes": {
                            "id": {
                                "type": "string",
                                "description_kind": "plain",
                                "optional": true,
                                "computed": true
                            },
                            "roles": {
                                "type": [
                                    "list",
                                    [
                                        "object",
                                        {
                                            "base_role": "string",
                                            "description": "string",
                                            "name": "string",
                                            "permissions": [
                                                "set",
                                                "string"
                                            ],
                                            "role_id": "number",
                                            "source": "string"
                                        }
                                    ]
                                ],
                                "description": "Available organization roles.",
                                "description_kind": "plain",
                                "computed": true
                            }
                        },
                        "description": "Lookup all custom roles in an organization.",
                        "description_kind": "plain"
                    }
                },
                "github_organization_security_managers": {
                    "version": 0,
                    "block": {
                        "attributes": {
                            "id": {
                                "type": "string",
                                "description_kind": "plain",
                                "optional": true,
                                "computed": true
                            },
                            "teams": {
                                "type": [
                                    "list",
                                    [
                                        "object",
                                        {
                                            "id": "number",
                                            "name": "string",
                                            "permission": "string",
                                            "slug": "string"
                                        }
                                    ]
                                ],
                                "description_kind": "plain",
                                "computed": true
                            }
                        },
                        "description_kind": "plain",
                        "deprecated": true
                    }
                },
                "github_organization_team_sync_groups": {
                    "version": 0,
                    "block": {
                        "attributes": {
                            "groups": {
                                "type": [
                                    "list",
                                    [
                                        "object",
                                        {
                                            "group_description": "string",
                                            "group_id": "string",
                                            "group_name": "string"
                                        }
                                    ]
                                ],
                                "description_kind": "plain",
                                "computed": true
                            },
                            "id": {
                                "type": "string",
                                "description_kind": "plain",
                                "optional": true,
                                "computed": true
                            }
                        },
                        "description_kind": "plain"
                    }
                },
                "github_organization_teams": {
                    "version": 0,
                    "block": {
                        "attributes": {
                            "id": {
                                "type": "string",
                                "description_kind": "plain",
                                "optional": true,
                                "computed": true
                            },
                            "results_per_page": {
                                "type": "number",
                                "description_kind": "plain",
                                "optional": true
                            },
                            "root_teams_only": {
                                "type": "bool",
                                "description_kind": "plain",
                                "optional": true
                            },
                            "summary_only": {
                                "type": "bool",
                                "description_kind": "plain",
                                "optional": true
                            },
                            "teams": {
                                "type": [
                                    "list",
                                    [
                                        "object",
                                        {
                                            "description": "string",
                                            "id": "number",
                                            "members": [
                                                "list",
                                                "string"
                                            ],
                                            "name": "string",
                                            "node_id": "string",
                                            "parent": [
                                                "map",
                                                "string"
                                            ],
                                            "parent_team_id": "string",
                                            "parent_team_slug": "string",
                                            "privacy": "string",
                                            "repositories": [
                                                "list",
                                                "string"
                                            ],
                                            "slug": "string"
                                        }
                                    ]
                                ],
                                "description_kind": "plain",
                                "computed": true
                            }
                        },
                        "description_kind": "plain"
                    }
                },
                "github_organization_webhooks": {
                    "version": 0,
                    "block": {
                        "attributes": {
                            "id": {
                                "type": "string",
                                "description_kind": "plain",
                                "optional": true,
                                "computed": true
                            },
                            "webhooks": {
                                "type": [
                                    "list",
                                    [
                                        "object",
                                        {
                                            "active": "bool",
                                            "id": "number",
                                            "name": "string",
                                            "type": "string",
                                            "url": "string"
                                        }
                                    ]
                                ],
                                "description_kind": "plain",
                                "computed": true
                            }
                        },
                        "description_kind": "plain"
                    }
                },
                "github_ref": {
                    "version": 0,
                    "block": {
                        "attributes": {
                            "etag": {
                                "type": "string",
                                "description_kind": "plain",
                                "computed": true
                            },
                            "id": {
                                "type": "string",
                                "description_kind": "plain",
                                "optional": true,
                                "computed": true
                            },
                            "owner": {
                                "type": "string",
                                "description_kind": "plain",
                                "optional": true
                            },
                            "ref": {
                                "type": "string",
                                "description_kind": "plain",
                                "required": true
                            },
                            "repository": {
                                "type": "string",
                                "description_kind": "plain",
                                "required": true
                            },
                            "sha": {
                                "type": "string",
                                "description_kind": "plain",
                                "computed": true
                            }
                        },
                        "description_kind": "plain"
                    }
                },
                "github_release": {
                    "version": 0,
                    "block": {
                        "attributes": {
                            "asserts_url": {
                                "type": "string",
                                "description_kind": "plain",
                                "deprecated": true,
                                "computed": true
                            },
                            "assets": {
                                "type": [
                                    "list",
                                    [
                                        "object",
                                        {
                                            "browser_download_url": "string",
                                            "content_type": "string",
                                            "created_at": "string",
                                            "id": "number",
                                            "label": "string",
                                            "name": "string",
                                            "node_id": "string",
                                            "size": "number",
                                            "updated_at": "string",
                                            "url": "string"
                                        }
                                    ]
                                ],
                                "description_kind": "plain",
                                "computed": true
                            },
                            "assets_url": {
                                "type": "string",
                                "description_kind": "plain",
                                "computed": true
                            },
                            "body": {
                                "type": "string",
                                "description_kind": "plain",
                                "computed": true
                            },
                            "created_at": {
                                "type": "string",
                                "description_kind": "plain",
                                "computed": true
                            },
                            "draft": {
                                "type": "bool",
                                "description_kind": "plain",
                                "computed": true
                            },
                            "html_url": {
                                "type": "string",
                                "description_kind": "plain",
                                "computed": true
                            },
                            "id": {
                                "type": "string",
                                "description_kind": "plain",
                                "optional": true,
                                "computed": true
                            },
                            "name": {
                                "type": "string",
                                "description_kind": "plain",
                                "computed": true
                            },
                            "owner": {
                                "type": "string",
                                "description": "Owner of the repository.",
                                "description_kind": "plain",
                                "required": true
                            },
                            "prerelease": {
                                "type": "bool",
                                "description_kind": "plain",
                                "computed": true
                            },
                            "published_at": {
                                "type": "string",
                                "description_kind": "plain",
                                "computed": true
                            },
                            "release_id": {
                                "type": "number",
                                "description": "ID of the release to retrieve. Must be specified when `retrieve_by` = `id`.",
                                "description_kind": "plain",
                                "optional": true
                            },
                            "release_tag": {
                                "type": "string",
                                "description": "ID of the release to retrieve. Must be specified when `retrieve_by` = `tag`.",
                                "description_kind": "plain",
                                "optional": true
                            },
                            "repository": {
                                "type": "string",
                                "description": "Name of the repository to retrieve the release from.",
                                "description_kind": "plain",
                                "required": true
                            },
                            "retrieve_by": {
                                "type": "string",
                                "description": "Describes how to fetch the release. Valid values are `id`, `tag`, `latest`.",
                                "description_kind": "plain",
                                "required": true
                            },
                            "tarball_url": {
                                "type": "string",
                                "description_kind": "plain",
                                "computed": true
                            },
                            "target_commitish": {
                                "type": "string",
                                "description_kind": "plain",
                                "computed": true
                            },
                            "upload_url": {
                                "type": "string",
                                "description_kind": "plain",
                                "computed": true
                            },
                            "url": {
                                "type": "string",
                                "description_kind": "plain",
                                "computed": true
                            },
                            "zipball_url": {
                                "type": "string",
                                "description_kind": "plain",
                                "computed": true
                            }
                        },
                        "description": "Use this data source to retrieve information about a GitHub release in a specific repository.",
                        "description_kind": "plain"
                    }
                },
                "github_release_asset": {
                    "version": 0,
                    "block": {
                        "attributes": {
                            "asset_id": {
                                "type": "number",
                                "description": "ID of the release asset to retrieve",
                                "description_kind": "plain",
                                "required": true
                            },
                            "browser_download_url": {
                                "type": "string",
                                "description": "Browser URL from which the release asset can be downloaded",
                                "description_kind": "plain",
                                "computed": true
                            },
                            "content_type": {
                                "type": "string",
                                "description": "MIME type of the asset",
                                "description_kind": "plain",
                                "computed": true
                            },
                            "created_at": {
                                "type": "string",
                                "description": "Date the asset was created",
                                "description_kind": "plain",
                                "computed": true
                            },
                            "download_file_contents": {
                                "type": "bool",
                                "description": "Whether to download the asset file content into the `file_contents` attribute",
                                "description_kind": "plain",
                                "optional": true
                            },
                            "file_contents": {
                                "type": "string",
                                "description": "The base64-encoded release asset file contents (requires `download_file_contents` to be `true`)",
                                "description_kind": "plain",
                                "computed": true
                            },
                            "id": {
                                "type": "string",
                                "description_kind": "plain",
                                "optional": true,
                                "computed": true
                            },
                            "label": {
                                "type": "string",
                                "description": "Label for the asset",
                                "description_kind": "plain",
                                "computed": true
                            },
                            "name": {
                                "type": "string",
                                "description": "File name of the asset",
                                "description_kind": "plain",
                                "computed": true
                            },
                            "node_id": {
                                "type": "string",
                                "description": "Node ID of the asset",
                                "description_kind": "plain",
                                "computed": true
                            },
                            "owner": {
                                "type": "string",
                                "description": "Owner of the repository",
                                "description_kind": "plain",
                                "required": true
                            },
                            "repository": {
                                "type": "string",
                                "description": "Name of the repository to retrieve the release asset from",
                                "description_kind": "plain",
                                "required": true
                            },
                            "size": {
                                "type": "number",
                                "description": "Asset size in bytes",
                                "description_kind": "plain",
                                "computed": true
                            },
                            "updated_at": {
                                "type": "string",
                                "description": "Date the asset was updated",
                                "description_kind": "plain",
                                "computed": true
                            },
                            "url": {
                                "type": "string",
                                "description": "URL of the asset",
                                "description_kind": "plain",
                                "computed": true
                            }
                        },
                        "description": "Retrieve information about a GitHub release asset.",
                        "description_kind": "plain"
                    }
                },
                "github_repositories": {
                    "version": 0,
                    "block": {
                        "attributes": {
                            "full_names": {
                                "type": [
                                    "list",
                                    "string"
                                ],
                                "description_kind": "plain",
                                "computed": true
                            },
                            "id": {
                                "type": "string",
                                "description_kind": "plain",
                                "optional": true,
                                "computed": true
                            },
                            "include_repo_id": {
                                "type": "bool",
                                "description_kind": "plain",
                                "optional": true
                            },
                            "names": {
                                "type": [
                                    "list",
                                    "string"
                                ],
                                "description_kind": "plain",
                                "computed": true
                            },
                            "query": {
                                "type": "string",
                                "description_kind": "plain",
                                "required": true
                            },
                            "repo_ids": {
                                "type": [
                                    "list",
                                    "number"
                                ],
                                "description_kind": "plain",
                                "computed": true
                            },
                            "results_per_page": {
                                "type": "number",
                                "description_kind": "plain",
                                "optional": true
                            },
                            "sort": {
                                "type": "string",
                                "description_kind": "plain",
                                "optional": true
                            }
                        },
                        "description_kind": "plain"
                    }
                },
                "github_repository": {
                    "version": 0,
                    "block": {
                        "attributes": {
                            "allow_auto_merge": {
                                "type": "bool",
                                "description_kind": "plain",
                                "computed": true
                            },
                            "allow_forking": {
                                "type": "bool",
                                "description_kind": "plain",
                                "computed": true
                            },
                            "allow_merge_commit": {
                                "type": "bool",
                                "description_kind": "plain",
                                "computed": true
                            },
                            "allow_rebase_merge": {
                                "type": "bool",
                                "description_kind": "plain",
                                "computed": true
                            },
                            "allow_squash_merge": {
                                "type": "bool",
                                "description_kind": "plain",
                                "computed": true
                            },
                            "allow_update_branch": {
                                "type": "bool",
                                "description_kind": "plain",
                                "computed": true
                            },
                            "archived": {
                                "type": "bool",
                                "description_kind": "plain",
                                "computed": true
                            },
                            "default_branch": {
                                "type": "string",
                                "description_kind": "plain",
                                "computed": true
                            },
                            "delete_branch_on_merge": {
                                "type": "bool",
                                "description_kind": "plain",
                                "computed": true
                            },
                            "description": {
                                "type": "string",
                                "description_kind": "plain",
                                "optional": true
                            },
                            "fork": {
                                "type": "bool",
                                "description_kind": "plain",
                                "computed": true
                            },
                            "full_name": {
                                "type": "string",
                                "description_kind": "plain",
                                "optional": true,
                                "computed": true
                            },
                            "git_clone_url": {
                                "type": "string",
                                "description_kind": "plain",
                                "computed": true
                            },
                            "has_discussions": {
                                "type": "bool",
                                "description_kind": "plain",
                                "computed": true
                            },
                            "has_downloads": {
                                "type": "bool",
                                "description_kind": "plain",
                                "deprecated": true,
                                "computed": true
                            },
                            "has_issues": {
                                "type": "bool",
                                "description_kind": "plain",
                                "computed": true
                            },
                            "has_projects": {
                                "type": "bool",
                                "description_kind": "plain",
                                "computed": true
                            },
                            "has_wiki": {
                                "type": "bool",
                                "description_kind": "plain",
                                "computed": true
                            },
                            "homepage_url": {
                                "type": "string",
                                "description_kind": "plain",
                                "optional": true
                            },
                            "html_url": {
                                "type": "string",
                                "description_kind": "plain",
                                "computed": true
                            },
                            "http_clone_url": {
                                "type": "string",
                                "description_kind": "plain",
                                "computed": true
                            },
                            "id": {
                                "type": "string",
                                "description_kind": "plain",
                                "optional": true,
                                "computed": true
                            },
                            "is_template": {
                                "type": "bool",
                                "description_kind": "plain",
                                "computed": true
                            },
                            "merge_commit_message": {
                                "type": "string",
                                "description_kind": "plain",
                                "computed": true
                            },
                            "merge_commit_title": {
                                "type": "string",
                                "description_kind": "plain",
                                "computed": true
                            },
                            "name": {
                                "type": "string",
                                "description_kind": "plain",
                                "optional": true,
                                "computed": true
                            },
                            "node_id": {
                                "type": "string",
                                "description_kind": "plain",
                                "computed": true
                            },
                            "pages": {
                                "type": [
                                    "list",
                                    [
                                        "object",
                                        {
                                            "build_type": "string",
                                            "cname": "string",
                                            "custom_404": "bool",
                                            "html_url": "string",
                                            "source": [
                                                "list",
                                                [
                                                    "object",
                                                    {
                                                        "branch": "string",
                                                        "path": "string"
                                                    }
                                                ]
                                            ],
                                            "status": "string",
                                            "url": "string"
                                        }
                                    ]
                                ],
                                "description_kind": "plain",
                                "deprecated": true,
                                "computed": true
                            },
                            "primary_language": {
                                "type": "string",
                                "description_kind": "plain",
                                "computed": true
                            },
                            "private": {
                                "type": "bool",
                                "description_kind": "plain",
                                "computed": true
                            },
                            "repo_id": {
                                "type": "number",
                                "description_kind": "plain",
                                "computed": true
                            },
                            "repository_license": {
                                "type": [
                                    "list",
                                    [
                                        "object",
                                        {
                                            "content": "string",
                                            "download_url": "string",
                                            "encoding": "string",
                                            "git_url": "string",
                                            "html_url": "string",
                                            "license": [
                                                "list",
                                                [
                                                    "object",
                                                    {
                                                        "body": "string",
                                                        "conditions": [
                                                            "set",
                                                            "string"
                                                        ],
                                                        "description": "string",
                                                        "featured": "bool",
                                                        "html_url": "string",
                                                        "implementation": "string",
                                                        "key": "string",
                                                        "limitations": [
                                                            "set",
                                                            "string"
                                                        ],
                                                        "name": "string",
                                                        "permissions": [
                                                            "set",
                                                            "string"
                                                        ],
                                                        "spdx_id": "string",
                                                        "url": "string"
                                                    }
                                                ]
                                            ],
                                            "name": "string",
                                            "path": "string",
                                            "sha": "string",
                                            "size": "number",
                                            "type": "string",
                                            "url": "string"
                                        }
                                    ]
                                ],
                                "description_kind": "plain",
                                "computed": true
                            },
                            "squash_merge_commit_message": {
                                "type": "string",
                                "description_kind": "plain",
                                "computed": true
                            },
                            "squash_merge_commit_title": {
                                "type": "string",
                                "description_kind": "plain",
                                "computed": true
                            },
                            "ssh_clone_url": {
                                "type": "string",
                                "description_kind": "plain",
                                "computed": true
                            },
                            "svn_url": {
                                "type": "string",
                                "description_kind": "plain",
                                "computed": true
                            },
                            "template": {
                                "type": [
                                    "list",
                                    [
                                        "object",
                                        {
                                            "owner": "string",
                                            "repository": "string"
                                        }
                                    ]
                                ],
                                "description_kind": "plain",
                                "computed": true
                            },
                            "topics": {
                                "type": [
                                    "list",
                                    "string"
                                ],
                                "description_kind": "plain",
                                "computed": true
                            },
                            "visibility": {
                                "type": "string",
                                "description_kind": "plain",
                                "computed": true
                            }
                        },
                        "description_kind": "plain"
                    }
                },
                "github_repository_autolink_references": {
                    "version": 0,
                    "block": {
                        "attributes": {
                            "autolink_references": {
                                "type": [
                                    "list",
                                    [
                                        "object",
                                        {
                                            "is_alphanumeric": "bool",
                                            "key_prefix": "string",
                                            "target_url_template": "string"
                                        }
                                    ]
                                ],
                                "description_kind": "plain",
                                "computed": true
                            },
                            "id": {
                                "type": "string",
                                "description_kind": "plain",
                                "optional": true,
                                "computed": true
                            },
                            "repository": {
                                "type": "string",
                                "description_kind": "plain",
                                "required": true
                            }
                        },
                        "description_kind": "plain"
                    }
                },
                "github_repository_branches": {
                    "version": 0,
                    "block": {
                        "attributes": {
                            "branches": {
                                "type": [
                                    "list",
                                    [
                                        "object",
                                        {
                                            "name": "string",
                                            "protected": "bool"
                                        }
                                    ]
                                ],
                                "description_kind": "plain",
                                "computed": true
                            },
                            "id": {
                                "type": "string",
                                "description_kind": "plain",
                                "optional": true,
                                "computed": true
                            },
                            "only_non_protected_branches": {
                                "type": "bool",
                                "description_kind": "plain",
                                "optional": true
                            },
                            "only_protected_branches": {
                                "type": "bool",
                                "description_kind": "plain",
                                "optional": true
                            },
                            "repository": {
                                "type": "string",
                                "description_kind": "plain",
                                "required": true
                            }
                        },
                        "description_kind": "plain"
                    }
                },
                "github_repository_custom_properties": {
                    "version": 0,
                    "block": {
                        "attributes": {
                            "id": {
                                "type": "string",
                                "description_kind": "plain",
                                "optional": true,
                                "computed": true
                            },
                            "property": {
                                "type": [
                                    "set",
                                    [
                                        "object",
                                        {
                                            "property_name": "string",
                                            "property_value": [
                                                "set",
                                                "string"
                                            ]
                                        }
                                    ]
                                ],
                                "description": "List of custom properties",
                                "description_kind": "plain",
                                "computed": true
                            },
                            "repository": {
                                "type": "string",
                                "description": "Name of the repository which the custom properties should be on.",
                                "description_kind": "plain",
                                "required": true
                            }
                        },
                        "description_kind": "plain"
                    }
                },
                "github_repository_deploy_keys": {
                    "version": 0,
                    "block": {
                        "attributes": {
                            "id": {
                                "type": "string",
                                "description_kind": "plain",
                                "optional": true,
                                "computed": true
                            },
                            "keys": {
                                "type": [
                                    "list",
                                    [
                                        "object",
                                        {
                                            "id": "number",
                                            "key": "string",
                                            "title": "string",
                                            "verified": "bool"
                                        }
                                    ]
                                ],
                                "description_kind": "plain",
                                "computed": true
                            },
                            "repository": {
                                "type": "string",
                                "description_kind": "plain",
                                "required": true
                            }
                        },
                        "description_kind": "plain"
                    }
                },
                "github_repository_deployment_branch_policies": {
                    "version": 0,
                    "block": {
                        "attributes": {
                            "deployment_branch_policies": {
                                "type": [
                                    "list",
                                    [
                                        "object",
                                        {
                                            "id": "string",
                                            "name": "string"
                                        }
                                    ]
                                ],
                                "description_kind": "plain",
                                "computed": true
                            },
                            "environment_name": {
                                "type": "string",
                                "description": "The target environment name.",
                                "description_kind": "plain",
                                "required": true
                            },
                            "id": {
                                "type": "string",
                                "description_kind": "plain",
                                "optional": true,
                                "computed": true
                            },
                            "repository": {
                                "type": "string",
                                "description": "The GitHub repository name.",
                                "description_kind": "plain",
                                "required": true
                            }
                        },
                        "description_kind": "plain",
                        "deprecated": true
                    }
                },
                "github_repository_environment_deployment_policies": {
                    "version": 0,
                    "block": {
                        "attributes": {
                            "environment": {
                                "type": "string",
                                "description": "The name of the environment.",
                                "description_kind": "plain",
                                "required": true
                            },
                            "id": {
                                "type": "string",
                                "description_kind": "plain",
                                "optional": true,
                                "computed": true
                            },
                            "policies": {
                                "type": [
                                    "list",
                                    [
                                        "object",
                                        {
                                            "pattern": "string",
                                            "type": "string"
                                        }
                                    ]
                                ],
                                "description_kind": "plain",
                                "computed": true
                            },
                            "repository": {
                                "type": "string",
                                "description": "The name of the GitHub repository.",
                                "description_kind": "plain",
                                "required": true
                            }
                        },
                        "description_kind": "plain"
                    }
                },
                "github_repository_environments": {
                    "version": 0,
                    "block": {
                        "attributes": {
                            "environments": {
                                "type": [
                                    "list",
                                    [
                                        "object",
                                        {
                                            "name": "string",
                                            "node_id": "string"
                                        }
                                    ]
                                ],
                                "description_kind": "plain",
                                "computed": true
                            },
                            "id": {
                                "type": "string",
                                "description_kind": "plain",
                                "optional": true,
                                "computed": true
                            },
                            "repository": {
                                "type": "string",
                                "description_kind": "plain",
                                "required": true
                            }
                        },
                        "description_kind": "plain"
                    }
                },
                "github_repository_file": {
                    "version": 0,
                    "block": {
                        "attributes": {
                            "branch": {
                                "type": "string",
                                "description": "The branch name, defaults to the repository's default branch",
                                "description_kind": "plain",
                                "optional": true
                            },
                            "commit_author": {
                                "type": "string",
                                "description": "The commit author name, defaults to the authenticated user's name",
                                "description_kind": "plain",
                                "computed": true
                            },
                            "commit_email": {
                                "type": "string",
                                "description": "The commit author email address, defaults to the authenticated user's email address",
                                "description_kind": "plain",
                                "computed": true
                            },
                            "commit_message": {
                                "type": "string",
                                "description": "The commit message when creating or updating the file",
                                "description_kind": "plain",
                                "computed": true
                            },
                            "commit_sha": {
                                "type": "string",
                                "description": "The SHA of the commit that modified the file",
                                "description_kind": "plain",
                                "computed": true
                            },
                            "content": {
                                "type": "string",
                                "description": "The file's content",
                                "description_kind": "plain",
                                "computed": true
                            },
                            "file": {
                                "type": "string",
                                "description": "The file path to manage",
                                "description_kind": "plain",
                                "required": true
                            },
                            "id": {
                                "type": "string",
                                "description_kind": "plain",
                                "optional": true,
                                "computed": true
                            },
                            "ref": {
                                "type": "string",
                                "description": "The name of the commit/branch/tag",
                                "description_kind": "plain",
                                "computed": true
                            },
                            "repository": {
                                "type": "string",
                                "description": "The repository name",
                                "description_kind": "plain",
                                "required": true
                            },
                            "sha": {
                                "type": "string",
                                "description": "The blob SHA of the file",
                                "description_kind": "plain",
                                "computed": true
                            }
                        },
                        "description_kind": "plain"
                    }
                },
                "github_repository_milestone": {
                    "version": 0,
                    "block": {
                        "attributes": {
                            "description": {
                                "type": "string",
                                "description_kind": "plain",
                                "computed": true
                            },
                            "due_date": {
                                "type": "string",
                                "description_kind": "plain",
                                "computed": true
                            },
                            "id": {
                                "type": "string",
                                "description_kind": "plain",
                                "optional": true,
                                "computed": true
                            },
                            "number": {
                                "type": "number",
                                "description_kind": "plain",
                                "required": true
                            },
                            "owner": {
                                "type": "string",
                                "description_kind": "plain",
                                "required": true
                            },
                            "repository": {
                                "type": "string",
                                "description_kind": "plain",
                                "required": true
                            },
                            "state": {
                                "type": "string",
                                "description_kind": "plain",
                                "computed": true
                            },
                            "title": {
                                "type": "string",
                                "description_kind": "plain",
                                "computed": true
                            }
                        },
                        "description_kind": "plain"
                    }
                },
                "github_repository_pages": {
                    "version": 0,
                    "block": {
                        "attributes": {
                            "api_url": {
                                "type": "string",
                                "description": "The API URL of the GitHub Pages resource.",
                                "description_kind": "plain",
                                "computed": true
                            },
                            "build_status": {
                                "type": "string",
                                "description": "The GitHub Pages site's build status e.g. 'building' or 'built'.",
                                "description_kind": "plain",
                                "computed": true
                            },
                            "build_type": {
                                "type": "string",
                                "description": "The type of GitHub Pages site. Can be 'legacy' or 'workflow'.",
                                "description_kind": "plain",
                                "computed": true
                            },
                            "cname": {
                                "type": "string",
                                "description": "The custom domain for the repository.",
                                "description_kind": "plain",
                                "computed": true
                            },
                            "custom_404": {
                                "type": "bool",
                                "description": "Whether the rendered GitHub Pages site has a custom 404 page.",
                                "description_kind": "plain",
                                "computed": true
                            },
                            "html_url": {
                                "type": "string",
                                "description": "The absolute URL (with scheme) to the rendered GitHub Pages site.",
                                "description_kind": "plain",
                                "computed": true
                            },
                            "https_enforced": {
                                "type": "bool",
                                "description": "Whether the rendered GitHub Pages site will only be served over HTTPS.",
                                "description_kind": "plain",
                                "computed": true
                            },
                            "id": {
                                "type": "string",
                                "description_kind": "plain",
                                "optional": true,
                                "computed": true
                            },
                            "public": {
                                "type": "bool",
                                "description": "Whether the GitHub Pages site is publicly visible. If set to `true`, the site is accessible to anyone on the internet. If set to `false`, the site will only be accessible to users who have at least `read` access to the repository that published the site.",
                                "description_kind": "plain",
                                "computed": true
                            },
                            "repository": {
                                "type": "string",
                                "description": "The repository name to get GitHub Pages information for.",
                                "description_kind": "plain",
                                "required": true
                            },
                            "source": {
                                "type": [
                                    "list",
                                    [
                                        "object",
                                        {
                                            "branch": "string",
                                            "path": "string"
                                        }
                                    ]
                                ],
                                "description": "The source branch and directory for the rendered Pages site.",
                                "description_kind": "plain",
                                "computed": true
                            }
                        },
                        "description": "Use this data source to retrieve GitHub Pages configuration for a repository.",
                        "description_kind": "plain"
                    }
                },
                "github_repository_pull_request": {
                    "version": 0,
                    "block": {
                        "attributes": {
                            "base_ref": {
                                "type": "string",
                                "description_kind": "plain",
                                "computed": true
                            },
                            "base_repository": {
                                "type": "string",
                                "description_kind": "plain",
                                "required": true
                            },
                            "base_sha": {
                                "type": "string",
                                "description_kind": "plain",
                                "computed": true
                            },
                            "body": {
                                "type": "string",
                                "description_kind": "plain",
                                "computed": true
                            },
                            "draft": {
                                "type": "bool",
                                "description_kind": "plain",
                                "computed": true
                            },
                            "head_owner": {
                                "type": "string",
                                "description_kind": "plain",
                                "computed": true
                            },
                            "head_ref": {
                                "type": "string",
                                "description_kind": "plain",
                                "computed": true
                            },
                            "head_repository": {
                                "type": "string",
                                "description_kind": "plain",
                                "computed": true
                            },
                            "head_sha": {
                                "type": "string",
                                "description_kind": "plain",
                                "computed": true
                            },
                            "id": {
                                "type": "string",
                                "description_kind": "plain",
                                "optional": true,
                                "computed": true
                            },
                            "labels": {
                                "type": [
                                    "list",
                                    "string"
                                ],
                                "description": "List of names of labels on the PR",
                                "description_kind": "plain",
                                "computed": true
                            },
                            "maintainer_can_modify": {
                                "type": "bool",
                                "description_kind": "plain",
                                "computed": true
                            },
                            "number": {
                                "type": "number",
                                "description_kind": "plain",
                                "required": true
                            },
                            "opened_at": {
                                "type": "number",
                                "description_kind": "plain",
                                "computed": true
                            },
                            "opened_by": {
                                "type": "string",
                                "description": "Username of the PR creator",
                                "description_kind": "plain",
                                "computed": true
                            },
                            "owner": {
                                "type": "string",
                                "description_kind": "plain",
                                "optional": true
                            },
                            "state": {
                                "type": "string",
                                "description_kind": "plain",
                                "computed": true
                            },
                            "title": {
                                "type": "string",
                                "description_kind": "plain",
                                "computed": true
                            },
                            "updated_at": {
                                "type": "number",
                                "description_kind": "plain",
                                "computed": true
                            }
                        },
                        "description_kind": "plain"
                    }
                },
                "github_repository_pull_requests": {
                    "version": 0,
                    "block": {
                        "attributes": {
                            "base_ref": {
                                "type": "string",
                                "description_kind": "plain",
                                "optional": true
                            },
                            "base_repository": {
                                "type": "string",
                                "description_kind": "plain",
                                "required": true
                            },
                            "head_ref": {
                                "type": "string",
                                "description_kind": "plain",
                                "optional": true
                            },
                            "id": {
                                "type": "string",
                                "description_kind": "plain",
                                "optional": true,
                                "computed": true
                            },
                            "owner": {
                                "type": "string",
                                "description_kind": "plain",
                                "optional": true
                            },
                            "results": {
                                "type": [
                                    "list",
                                    [
                                        "object",
                                        {
                                            "base_ref": "string",
                                            "base_sha": "string",
                                            "body": "string",
                                            "draft": "bool",
                                            "head_owner": "string",
                                            "head_ref": "string",
                                            "head_repository": "string",
                                            "head_sha": "string",
                                            "labels": [
                                                "list",
                                                "string"
                                            ],
                                            "maintainer_can_modify": "bool",
                                            "number": "number",
                                            "opened_at": "number",
                                            "opened_by": "string",
                                            "state": "string",
                                            "title": "string",
                                            "updated_at": "number"
                                        }
                                    ]
                                ],
                                "description_kind": "plain",
                                "computed": true
                            },
                            "sort_by": {
                                "type": "string",
                                "description_kind": "plain",
                                "optional": true
                            },
                            "sort_direction": {
                                "type": "string",
                                "description_kind": "plain",
                                "optional": true
                            },
                            "state": {
                                "type": "string",
                                "description_kind": "plain",
                                "optional": true
                            }
                        },
                        "description_kind": "plain"
                    }
                },
                "github_repository_teams": {
                    "version": 0,
                    "block": {
                        "attributes": {
                            "full_name": {
                                "type": "string",
                                "description_kind": "plain",
                                "optional": true,
                                "computed": true
                            },
                            "id": {
                                "type": "string",
                                "description_kind": "plain",
                                "optional": true,
                                "computed": true
                            },
                            "name": {
                                "type": "string",
                                "description_kind": "plain",
                                "optional": true,
                                "computed": true
                            },
                            "teams": {
                                "type": [
                                    "list",
                                    [
                                        "object",
                                        {
                                            "name": "string",
                                            "permission": "string",
                                            "slug": "string"
                                        }
                                    ]
                                ],
                                "description_kind": "plain",
                                "computed": true
                            }
                        },
                        "description_kind": "plain"
                    }
                },
                "github_repository_webhooks": {
                    "version": 0,
                    "block": {
                        "attributes": {
                            "id": {
                                "type": "string",
                                "description_kind": "plain",
                                "optional": true,
                                "computed": true
                            },
                            "repository": {
                                "type": "string",
                                "description_kind": "plain",
                                "required": true
                            },
                            "webhooks": {
                                "type": [
                                    "list",
                                    [
                                        "object",
                                        {
                                            "active": "bool",
                                            "id": "number",
                                            "name": "string",
                                            "type": "string",
                                            "url": "string"
                                        }
                                    ]
                                ],
                                "description_kind": "plain",
                                "computed": true
                            }
                        },
                        "description_kind": "plain"
                    }
                },
                "github_rest_api": {
                    "version": 0,
                    "block": {
                        "attributes": {
                            "body": {
                                "type": "string",
                                "description_kind": "plain",
                                "computed": true
                            },
                            "code": {
                                "type": "number",
                                "description_kind": "plain",
                                "computed": true
                            },
                            "endpoint": {
                                "type": "string",
                                "description_kind": "plain",
                                "required": true
                            },
                            "headers": {
                                "type": "string",
                                "description_kind": "plain",
                                "computed": true
                            },
                            "id": {
                                "type": "string",
                                "description_kind": "plain",
                                "optional": true,
                                "computed": true
                            },
                            "status": {
                                "type": "string",
                                "description_kind": "plain",
                                "computed": true
                            }
                        },
                        "description_kind": "plain"
                    }
                },
                "github_ssh_keys": {
                    "version": 0,
                    "block": {
                        "attributes": {
                            "id": {
                                "type": "string",
                                "description_kind": "plain",
                                "optional": true,
                                "computed": true
                            },
                            "keys": {
                                "type": [
                                    "list",
                                    "string"
                                ],
                                "description_kind": "plain",
                                "computed": true
                            }
                        },
                        "description_kind": "plain"
                    }
                },
                "github_team": {
                    "version": 0,
                    "block": {
                        "attributes": {
                            "description": {
                                "type": "string",
                                "description_kind": "plain",
                                "computed": true
                            },
                            "id": {
                                "type": "string",
                                "description_kind": "plain",
                                "optional": true,
                                "computed": true
                            },
                            "members": {
                                "type": [
                                    "list",
                                    "string"
                                ],
                                "description_kind": "plain",
                                "computed": true
                            },
                            "membership_type": {
                                "type": "string",
                                "description_kind": "plain",
                                "optional": true
                            },
                            "name": {
                                "type": "string",
                                "description_kind": "plain",
                                "computed": true
                            },
                            "node_id": {
                                "type": "string",
                                "description_kind": "plain",
                                "computed": true
                            },
                            "notification_setting": {
                                "type": "string",
                                "description_kind": "plain",
                                "computed": true
                            },
                            "permission": {
                                "type": "string",
                                "description_kind": "plain",
                                "deprecated": true,
                                "computed": true
                            },
                            "privacy": {
                                "type": "string",
                                "description_kind": "plain",
                                "computed": true
                            },
                            "repositories": {
                                "type": [
                                    "list",
                                    "string"
                                ],
                                "description_kind": "plain",
                                "deprecated": true,
                                "computed": true
                            },
                            "repositories_detailed": {
                                "type": [
                                    "list",
                                    [
                                        "object",
                                        {
                                            "repo_id": "number",
                                            "repo_name": "string",
                                            "role_name": "string"
                                        }
                                    ]
                                ],
                                "description_kind": "plain",
                                "computed": true
                            },
                            "results_per_page": {
                                "type": "number",
                                "description_kind": "plain",
                                "deprecated": true,
                                "optional": true
                            },
                            "slug": {
                                "type": "string",
                                "description_kind": "plain",
                                "required": true
                            },
                            "summary_only": {
                                "type": "bool",
                                "description_kind": "plain",
                                "optional": true
                            }
                        },
                        "description_kind": "plain"
                    }
                },
                "github_tree": {
                    "version": 0,
                    "block": {
                        "attributes": {
                            "entries": {
                                "type": [
                                    "list",
                                    [
                                        "object",
                                        {
                                            "mode": "string",
                                            "path": "string",
                                            "sha": "string",
                                            "size": "number",
                                            "type": "string"
                                        }
                                    ]
                                ],
                                "description_kind": "plain",
                                "computed": true
                            },
                            "id": {
                                "type": "string",
                                "description_kind": "plain",
                                "optional": true,
                                "computed": true
                            },
                            "recursive": {
                                "type": "bool",
                                "description_kind": "plain",
                                "optional": true
                            },
                            "repository": {
                                "type": "string",
                                "description_kind": "plain",
                                "required": true
                            },
                            "tree_sha": {
                                "type": "string",
                                "description_kind": "plain",
                                "required": true
                            }
                        },
                        "description_kind": "plain"
                    }
                },
                "github_user": {
                    "version": 0,
                    "block": {
                        "attributes": {
                            "avatar_url": {
                                "type": "string",
                                "description_kind": "plain",
                                "computed": true
                            },
                            "bio": {
                                "type": "string",
                                "description_kind": "plain",
                                "computed": true
                            },
                            "blog": {
                                "type": "string",
                                "description_kind": "plain",
                                "computed": true
                            },
                            "company": {
                                "type": "string",
                                "description_kind": "plain",
                                "computed": true
                            },
                            "created_at": {
                                "type": "string",
                                "description_kind": "plain",
                                "computed": true
                            },
                            "email": {
                                "type": "string",
                                "description_kind": "plain",
                                "computed": true
                            },
                            "followers": {
                                "type": "number",
                                "description_kind": "plain",
                                "computed": true
                            },
                            "following": {
                                "type": "number",
                                "description_kind": "plain",
                                "computed": true
                            },
                            "gpg_keys": {
                                "type": [
                                    "list",
                                    "string"
                                ],
                                "description_kind": "plain",
                                "computed": true
                            },
                            "gravatar_id": {
                                "type": "string",
                                "description_kind": "plain",
                                "computed": true
                            },
                            "id": {
                                "type": "string",
                                "description_kind": "plain",
                                "optional": true,
                                "computed": true
                            },
                            "location": {
                                "type": "string",
                                "description_kind": "plain",
                                "computed": true
                            },
                            "login": {
                                "type": "string",
                                "description_kind": "plain",
                                "computed": true
                            },
                            "name": {
                                "type": "string",
                                "description_kind": "plain",
                                "computed": true
                            },
                            "node_id": {
                                "type": "string",
                                "description_kind": "plain",
                                "computed": true
                            },
                            "public_gists": {
                                "type": "number",
                                "description_kind": "plain",
                                "computed": true
                            },
                            "public_repos": {
                                "type": "number",
                                "description_kind": "plain",
                                "computed": true
                            },
                            "site_admin": {
                                "type": "bool",
                                "description_kind": "plain",
                                "computed": true
                            },
                            "ssh_keys": {
                                "type": [
                                    "list",
                                    "string"
                                ],
                                "description_kind": "plain",
                                "computed": true
                            },
                            "suspended_at": {
                                "type": "string",
                                "description_kind": "plain",
                                "computed": true
                            },
                            "updated_at": {
                                "type": "string",
                                "description_kind": "plain",
                                "computed": true
                            },
                            "username": {
                                "type": "string",
                                "description_kind": "plain",
                                "required": true
                            }
                        },
                        "description_kind": "plain"
                    }
                },
                "github_user_external_identity": {
                    "version": 0,
                    "block": {
                        "attributes": {
                            "id": {
                                "type": "string",
                                "description_kind": "plain",
                                "optional": true,
                                "computed": true
                            },
                            "login": {
                                "type": "string",
                                "description_kind": "plain",
                                "computed": true
                            },
                            "saml_identity": {
                                "type": [
                                    "map",
                                    "string"
                                ],
                                "description_kind": "plain",
                                "computed": true
                            },
                            "scim_identity": {
                                "type": [
                                    "map",
                                    "string"
                                ],
                                "description_kind": "plain",
                                "computed": true
                            },
                            "username": {
                                "type": "string",
                                "description_kind": "plain",
                                "required": true
                            }
                        },
                        "description_kind": "plain"
                    }
                },
                "github_users": {
                    "version": 0,
                    "block": {
                        "attributes": {
                            "emails": {
                                "type": [
                                    "list",
                                    "string"
                                ],
                                "description_kind": "plain",
                                "computed": true
                            },
                            "id": {
                                "type": "string",
                                "description_kind": "plain",
                                "optional": true,
                                "computed": true
                            },
                            "logins": {
                                "type": [
                                    "list",
                                    "string"
                                ],
                                "description_kind": "plain",
                                "computed": true
                            },
                            "node_ids": {
                                "type": [
                                    "list",
                                    "string"
                                ],
                                "description_kind": "plain",
                                "computed": true
                            },
                            "unknown_logins": {
                                "type": [
                                    "list",
                                    "string"
                                ],
                                "description_kind": "plain",
                                "computed": true
                            },
                            "usernames": {
                                "type": [
                                    "list",
                                    "string"
                                ],
                                "description_kind": "plain",
                                "required": true
                            }
                        },
                        "description_kind": "plain"
                    }
                }
            }
        },
        "terraform.io/builtin/terraform": {
            "provider": {
                "version": 0,
                "block": {
                    "description_kind": "plain"
                }
            },
            "resource_schemas": {
                "terraform_data": {
                    "version": 0,
                    "block": {
                        "attributes": {
                            "id": {
                                "type": "string",
                                "description_kind": "plain",
                                "computed": true
                            },
                            "input": {
                                "type": "dynamic",
                                "description_kind": "plain",
                                "optional": true
                            },
                            "output": {
                                "type": "dynamic",
                                "description_kind": "plain",
                                "computed": true
                            },
                            "triggers_replace": {
                                "type": "dynamic",
                                "description_kind": "plain",
                                "optional": true
                            }
                        },
                        "description_kind": "plain"
                    }
                }
            },
            "data_source_schemas": {
                "terraform_remote_state": {
                    "version": 0,
                    "block": {
                        "attributes": {
                            "backend": {
                                "type": "string",
                                "description": "The remote backend to use, e.g. `remote` or `http`.",
                                "description_kind": "markdown",
                                "required": true
                            },
                            "config": {
                                "type": "dynamic",
                                "description": "The configuration of the remote backend. Although this is optional, most backends require some configuration.\n\nThe object can use any arguments that would be valid in the equivalent `terraform { backend \"\u003cTYPE\u003e\" { ... } }` block.",
                                "description_kind": "markdown",
                                "optional": true
                            },
                            "defaults": {
                                "type": "dynamic",
                                "description": "Default values for outputs, in case the state file is empty or lacks a required output.",
                                "description_kind": "markdown",
                                "optional": true
                            },
                            "outputs": {
                                "type": "dynamic",
                                "description": "An object containing every root-level output in the remote state.",
                                "description_kind": "markdown",
                                "computed": true
                            },
                            "workspace": {
                                "type": "string",
                                "description": "The Terraform workspace to use, if the backend supports workspaces.",
                                "description_kind": "markdown",
                                "optional": true
                            }
                        },
                        "description_kind": "plain"
                    }
                }
            },
            "functions": {
                "decode_tfvars": {
                    "description": "A rarely-needed function which takes a string containing the content of a `.tfvars` file and returns an object describing the raw variable values it defines.",
                    "summary": "Parse a string containing syntax like that used in a `.tfvars` file",
                    "return_type": "dynamic",
                    "parameters": [
                        {
                            "name": "src",
                            "type": "string"
                        }
                    ]
                },
                "encode_expr": {
                    "description": "A rarely-needed function which takes any value and produces a string containing Terraform language expression syntax approximating that value.",
                    "summary": "Produce a string representation of an arbitrary value using Terraform expression syntax",
                    "return_type": "string",
                    "parameters": [
                        {
                            "name": "value",
                            "type": "dynamic"
                        }
                    ]
                },
                "encode_tfvars": {
                    "description": "A rarely-needed function which takes an object value and produces a string containing a description of that object using the same syntax as Terraform CLI would expect in a `.tfvars`.",
                    "summary": "Produce a string representation of an object using the same syntax as for `.tfvars` files",
                    "return_type": "string",
                    "parameters": [
                        {
                            "name": "value",
                            "type": "dynamic"
                        }
                    ]
                }
            },
            "resource_identity_schemas": {
                "terraform_data": {
                    "version": 0,
                    "attributes": {
                        "id": {
                            "type": "string",
                            "description": "The unique identifier for the data store.",
                            "required_for_import": true
                        }
                    }
                }
            }
        }
    }
}